{
  "version": 4,
  "terraform_version": "1.5.7",
  "serial": 161,
  "lineage": "22701c66-f728-742f-9295-f6ec4ffef59c",
  "outputs": {
    "alarms_dashboard_name": {
      "value": "Huntaze-Alarms-Overview",
      "type": "string"
    },
    "alarms_dashboard_url": {
      "value": "https://console.aws.amazon.com/cloudwatch/home?region=us-east-1#dashboards:name=Huntaze-Alarms-Overview",
      "type": "string"
    },
    "budget_name": {
      "value": "huntaze-monthly",
      "type": "string"
    },
    "cloudtrail_arn": {
      "value": "arn:aws:cloudtrail:us-east-1:317805897534:trail/huntaze-production-trail",
      "type": "string"
    },
    "cloudtrail_kms_key_id": {
      "value": "e13e392c-51a1-4366-86e8-bda938f1e91a",
      "type": "string"
    },
    "cloudtrail_name": {
      "value": "huntaze-production-trail",
      "type": "string"
    },
    "cloudtrail_s3_bucket": {
      "value": "huntaze-cloudtrail-logs-317805897534",
      "type": "string"
    },
    "cloudwatch_dashboard_name": {
      "value": "Huntaze-ECS-Container-Insights",
      "type": "string"
    },
    "cloudwatch_dashboard_url": {
      "value": "https://console.aws.amazon.com/cloudwatch/home?region=us-east-1#dashboards:name=Huntaze-ECS-Container-Insights",
      "type": "string"
    },
    "composite_alarms": {
      "value": [
        "ecs-huntaze-api-service-unhealthy",
        "rds-huntaze-postgres-unhealthy"
      ],
      "type": [
        "tuple",
        [
          "string",
          "string"
        ]
      ]
    },
    "config_bucket_name": {
      "value": "huntaze-aws-config-317805897534",
      "type": "string"
    },
    "config_recorder_name": {
      "value": "huntaze-config-recorder",
      "type": "string"
    },
    "container_insights_enabled_clusters": {
      "value": [
        "ai-team",
        "huntaze-cluster",
        "huntaze-of-fargate"
      ],
      "type": [
        "tuple",
        [
          "string",
          "string",
          "string"
        ]
      ]
    },
    "critical_alarms": {
      "value": [
        "ecs-huntaze-api-no-running-tasks",
        "ecs-onlyfans-scraper-no-running-tasks",
        "sqs-workflows-fifo-dlq-depth-high",
        "sqs-rate-limiter-dlq-depth-high"
      ],
      "type": [
        "tuple",
        [
          "string",
          "string",
          "string",
          "string"
        ]
      ]
    },
    "deployment_summary": {
      "value": {
        "budgets": {
          "monthly": "huntaze-monthly"
        },
        "dynamodb_tables": {
          "ai_costs": "huntaze-ai-costs-production",
          "cost_alerts": "huntaze-cost-alerts-production"
        },
        "sns_topics": {
          "cost_alerts": "huntaze-cost-alerts"
        },
        "sqs_queues": {
          "hybrid_workflows": "huntaze-hybrid-workflows.fifo",
          "rate_limiter": "huntaze-rate-limiter-queue"
        }
      },
      "type": [
        "object",
        {
          "budgets": [
            "object",
            {
              "monthly": "string"
            }
          ],
          "dynamodb_tables": [
            "object",
            {
              "ai_costs": "string",
              "cost_alerts": "string"
            }
          ],
          "sns_topics": [
            "object",
            {
              "cost_alerts": "string"
            }
          ],
          "sqs_queues": [
            "object",
            {
              "hybrid_workflows": "string",
              "rate_limiter": "string"
            }
          ]
        }
      ]
    },
    "dynamodb_ai_costs_table_arn": {
      "value": "arn:aws:dynamodb:us-east-1:317805897534:table/huntaze-ai-costs-production",
      "type": "string"
    },
    "dynamodb_ai_costs_table_name": {
      "value": "huntaze-ai-costs-production",
      "type": "string"
    },
    "dynamodb_cost_alerts_table_arn": {
      "value": "arn:aws:dynamodb:us-east-1:317805897534:table/huntaze-cost-alerts-production",
      "type": "string"
    },
    "dynamodb_cost_alerts_table_name": {
      "value": "huntaze-cost-alerts-production",
      "type": "string"
    },
    "ecs_auto_scaling_targets": {
      "value": [],
      "type": [
        "tuple",
        []
      ]
    },
    "ecs_scaling_policies_cpu": {
      "value": {},
      "type": [
        "object",
        {}
      ]
    },
    "ecs_scaling_policies_memory": {
      "value": {},
      "type": [
        "object",
        {}
      ]
    },
    "estimated_monthly_savings": {
      "value": "$47/month (NAT Gateway data transfer)",
      "type": "string"
    },
    "estimated_s3_savings": {
      "value": "20-40% on infrequently accessed data",
      "type": "string"
    },
    "guardduty_findings_sns_topic_arn": {
      "value": "arn:aws:sns:us-east-1:317805897534:huntaze-guardduty-findings",
      "type": "string"
    },
    "intelligent_tiering_buckets": {
      "value": [
        "huntaze-of-traces-317805897534-us-east-1",
        "huntaze-playwright-artifacts-317805897534-us-east-1",
        "huntaze-synthetics-artifacts-317805897534"
      ],
      "type": [
        "list",
        "string"
      ]
    },
    "log_groups_created": {
      "value": [
        "/ecs/huntaze/api",
        "/ecs/huntaze/onlyfans-scraper",
        "/ecs/huntaze/playwright",
        "/ecs/ai-team/orchestrator",
        "/aws/lambda/huntaze-rate-limiter"
      ],
      "type": [
        "tuple",
        [
          "string",
          "string",
          "string",
          "string",
          "string"
        ]
      ]
    },
    "ops_alerts_sns_topic_arn": {
      "value": "arn:aws:sns:us-east-1:317805897534:huntaze-ops-alerts",
      "type": "string"
    },
    "rate_limiter_configuration": {
      "value": {
        "batch_size": 5,
        "bucket_capacity": "10",
        "max_concurrency": 2,
        "tokens_per_window": "10",
        "window_seconds": "60"
      },
      "type": [
        "object",
        {
          "batch_size": "number",
          "bucket_capacity": "string",
          "max_concurrency": "number",
          "tokens_per_window": "string",
          "window_seconds": "string"
        }
      ]
    },
    "rate_limiter_dashboard_name": {
      "value": "Huntaze-Rate-Limiter",
      "type": "string"
    },
    "rate_limiter_dashboard_url": {
      "value": "https://console.aws.amazon.com/cloudwatch/home?region=us-east-1#dashboards:name=Huntaze-Rate-Limiter",
      "type": "string"
    },
    "rate_limiter_lambda_name": {
      "value": "huntaze-rate-limiter",
      "type": "string"
    },
    "rds_credentials_secret_arn": {
      "value": "arn:aws:secretsmanager:us-east-1:317805897534:secret:huntaze/rds/postgres/master-credentials-2JSSNc",
      "type": "string",
      "sensitive": true
    },
    "rds_encryption_kms_key_arn": {
      "value": "arn:aws:kms:us-east-1:317805897534:key/260cfe04-4e98-4167-8feb-6ac7826d5fad",
      "type": "string"
    },
    "rds_encryption_kms_key_id": {
      "value": "260cfe04-4e98-4167-8feb-6ac7826d5fad",
      "type": "string"
    },
    "rds_enhanced_monitoring_role_arn": {
      "value": "arn:aws:iam::317805897534:role/huntaze-rds-enhanced-monitoring-role",
      "type": "string"
    },
    "rds_parameter_group_name": {
      "value": "huntaze-postgres-tls-enforced",
      "type": "string"
    },
    "rds_performance_alarms": {
      "value": [
        "rds-huntaze-postgres-production-db-load-high",
        "rds-huntaze-postgres-production-lock-waits-high",
        "rds-huntaze-postgres-read-latency-high",
        "rds-huntaze-postgres-write-latency-high"
      ],
      "type": [
        "tuple",
        [
          "string",
          "string",
          "string",
          "string"
        ]
      ]
    },
    "rds_performance_dashboard_name": {
      "value": "Huntaze-RDS-Performance",
      "type": "string"
    },
    "rds_performance_insights_enabled": {
      "value": true,
      "type": "bool"
    },
    "rds_security_group_id": {
      "value": "sg-01a71b1f4b2a1e834",
      "type": "string"
    },
    "s3_account_public_access_block_enabled": {
      "value": "317805897534",
      "type": "string"
    },
    "s3_encryption_kms_key_arn": {
      "value": "arn:aws:kms:us-east-1:317805897534:key/c9280f2e-f579-41b1-b5e9-81ba0d3e67ad",
      "type": "string"
    },
    "s3_encryption_kms_key_id": {
      "value": "c9280f2e-f579-41b1-b5e9-81ba0d3e67ad",
      "type": "string"
    },
    "s3_endpoint_id": {
      "value": "vpce-0a5540c716e3d4a13",
      "type": "string"
    },
    "s3_endpoint_prefix_list_id": {
      "value": "pl-63a5400a",
      "type": "string"
    },
    "s3_vpc_endpoint_id": {
      "value": "vpce-0a5540c716e3d4a13",
      "type": "string"
    },
    "securityhub_findings_sns_topic_arn": {
      "value": "arn:aws:sns:us-east-1:317805897534:huntaze-securityhub-findings",
      "type": "string"
    },
    "sns_cost_alerts_arn": {
      "value": "arn:aws:sns:us-east-1:317805897534:huntaze-cost-alerts",
      "type": "string"
    },
    "sns_cost_alerts_name": {
      "value": "huntaze-cost-alerts",
      "type": "string"
    },
    "sqs_hybrid_workflows_arn": {
      "value": "arn:aws:sqs:us-east-1:317805897534:huntaze-hybrid-workflows.fifo",
      "type": "string"
    },
    "sqs_hybrid_workflows_url": {
      "value": "https://sqs.us-east-1.amazonaws.com/317805897534/huntaze-hybrid-workflows.fifo",
      "type": "string"
    },
    "sqs_rate_limiter_arn": {
      "value": "arn:aws:sqs:us-east-1:317805897534:huntaze-rate-limiter-queue",
      "type": "string"
    },
    "sqs_rate_limiter_url": {
      "value": "https://sqs.us-east-1.amazonaws.com/317805897534/huntaze-rate-limiter-queue",
      "type": "string"
    },
    "storage_lens_config_id": {
      "value": "huntaze-storage-lens",
      "type": "string"
    }
  },
  "resources": [
    {
      "mode": "data",
      "type": "aws_caller_identity",
      "name": "current",
      "provider": "provider[\"registry.terraform.io/hashicorp/aws\"]",
      "instances": [
        {
          "schema_version": 0,
          "attributes": {
            "account_id": "317805897534",
            "arn": "arn:aws:sts::317805897534:assumed-role/AWSReservedSSO_AdministratorAccess_14e08e9c1319b5a2/huntaze",
            "id": "317805897534",
            "user_id": "AROAUT7VVE47A7GJBONF4:huntaze"
          },
          "sensitive_attributes": []
        }
      ]
    },
    {
      "mode": "data",
      "type": "aws_db_instance",
      "name": "postgres",
      "provider": "provider[\"registry.terraform.io/hashicorp/aws\"]",
      "instances": [
        {
          "schema_version": 0,
          "attributes": {
            "address": "huntaze-postgres-production.c2ryoow8c5m4.us-east-1.rds.amazonaws.com",
            "allocated_storage": 20,
            "auto_minor_version_upgrade": true,
            "availability_zone": "us-east-1d",
            "backup_retention_period": 7,
            "ca_cert_identifier": "rds-ca-rsa2048-g1",
            "database_insights_mode": "standard",
            "db_cluster_identifier": "",
            "db_instance_arn": "arn:aws:rds:us-east-1:317805897534:db:huntaze-postgres-production",
            "db_instance_class": "db.t3.micro",
            "db_instance_identifier": "huntaze-postgres-production",
            "db_instance_port": 0,
            "db_name": "",
            "db_parameter_groups": [
              "default.postgres17"
            ],
            "db_subnet_group": "default",
            "enabled_cloudwatch_logs_exports": [
              "postgresql",
              "upgrade"
            ],
            "endpoint": "huntaze-postgres-production.c2ryoow8c5m4.us-east-1.rds.amazonaws.com:5432",
            "engine": "postgres",
            "engine_version": "17.4",
            "hosted_zone_id": "Z2R2ITUGPM61AM",
            "id": "huntaze-postgres-production",
            "iops": 0,
            "kms_key_id": "",
            "license_model": "postgresql-license",
            "master_user_secret": null,
            "master_username": "huntazeadmin",
            "max_allocated_storage": 0,
            "monitoring_interval": 0,
            "monitoring_role_arn": "",
            "multi_az": false,
            "network_type": "IPV4",
            "option_group_memberships": [
              "default:postgres-17"
            ],
            "port": 5432,
            "preferred_backup_window": "03:00-04:00",
            "preferred_maintenance_window": "thu:09:22-thu:09:52",
            "publicly_accessible": true,
            "region": "us-east-1",
            "replicate_source_db": "",
            "resource_id": "db-VBJD65V4AFYHNSLJ3TQXW65DGU",
            "storage_encrypted": false,
            "storage_throughput": 0,
            "storage_type": "gp2",
            "tags": {},
            "timezone": "",
            "vpc_security_groups": [
              "sg-0b7cd6003e324a3bc"
            ]
          },
          "sensitive_attributes": []
        }
      ]
    },
    {
      "mode": "data",
      "type": "aws_db_instance",
      "name": "postgres_production",
      "provider": "provider[\"registry.terraform.io/hashicorp/aws\"]",
      "instances": [
        {
          "schema_version": 0,
          "attributes": {
            "address": "huntaze-postgres-production.c2ryoow8c5m4.us-east-1.rds.amazonaws.com",
            "allocated_storage": 20,
            "auto_minor_version_upgrade": true,
            "availability_zone": "us-east-1d",
            "backup_retention_period": 7,
            "ca_cert_identifier": "rds-ca-rsa2048-g1",
            "database_insights_mode": "standard",
            "db_cluster_identifier": "",
            "db_instance_arn": "arn:aws:rds:us-east-1:317805897534:db:huntaze-postgres-production",
            "db_instance_class": "db.t3.micro",
            "db_instance_identifier": "huntaze-postgres-production",
            "db_instance_port": 0,
            "db_name": "",
            "db_parameter_groups": [
              "default.postgres17"
            ],
            "db_subnet_group": "default",
            "enabled_cloudwatch_logs_exports": [
              "postgresql",
              "upgrade"
            ],
            "endpoint": "huntaze-postgres-production.c2ryoow8c5m4.us-east-1.rds.amazonaws.com:5432",
            "engine": "postgres",
            "engine_version": "17.4",
            "hosted_zone_id": "Z2R2ITUGPM61AM",
            "id": "huntaze-postgres-production",
            "iops": 0,
            "kms_key_id": "",
            "license_model": "postgresql-license",
            "master_user_secret": null,
            "master_username": "huntazeadmin",
            "max_allocated_storage": 0,
            "monitoring_interval": 0,
            "monitoring_role_arn": "",
            "multi_az": false,
            "network_type": "IPV4",
            "option_group_memberships": [
              "default:postgres-17"
            ],
            "port": 5432,
            "preferred_backup_window": "03:00-04:00",
            "preferred_maintenance_window": "thu:09:22-thu:09:52",
            "publicly_accessible": true,
            "region": "us-east-1",
            "replicate_source_db": "",
            "resource_id": "db-VBJD65V4AFYHNSLJ3TQXW65DGU",
            "storage_encrypted": false,
            "storage_throughput": 0,
            "storage_type": "gp2",
            "tags": {},
            "timezone": "",
            "vpc_security_groups": [
              "sg-0b7cd6003e324a3bc"
            ]
          },
          "sensitive_attributes": []
        }
      ]
    },
    {
      "mode": "data",
      "type": "aws_ecs_cluster",
      "name": "ai_team",
      "provider": "provider[\"registry.terraform.io/hashicorp/aws\"]",
      "instances": [
        {
          "schema_version": 0,
          "attributes": {
            "arn": "arn:aws:ecs:us-east-1:317805897534:cluster/ai-team",
            "cluster_name": "ai-team",
            "id": "arn:aws:ecs:us-east-1:317805897534:cluster/ai-team",
            "pending_tasks_count": 0,
            "region": "us-east-1",
            "registered_container_instances_count": 0,
            "running_tasks_count": 0,
            "service_connect_defaults": [],
            "setting": [
              {
                "name": "containerInsights",
                "value": "enhanced"
              }
            ],
            "status": "ACTIVE",
            "tags": {}
          },
          "sensitive_attributes": []
        }
      ]
    },
    {
      "mode": "data",
      "type": "aws_ecs_cluster",
      "name": "huntaze",
      "provider": "provider[\"registry.terraform.io/hashicorp/aws\"]",
      "instances": [
        {
          "schema_version": 0,
          "attributes": {
            "arn": "arn:aws:ecs:us-east-1:317805897534:cluster/huntaze-cluster",
            "cluster_name": "huntaze-cluster",
            "id": "arn:aws:ecs:us-east-1:317805897534:cluster/huntaze-cluster",
            "pending_tasks_count": 0,
            "region": "us-east-1",
            "registered_container_instances_count": 0,
            "running_tasks_count": 0,
            "service_connect_defaults": [],
            "setting": [
              {
                "name": "containerInsights",
                "value": "enhanced"
              }
            ],
            "status": "ACTIVE",
            "tags": {}
          },
          "sensitive_attributes": []
        }
      ]
    },
    {
      "mode": "data",
      "type": "aws_ecs_cluster",
      "name": "huntaze_cluster",
      "provider": "provider[\"registry.terraform.io/hashicorp/aws\"]",
      "instances": [
        {
          "schema_version": 0,
          "attributes": {
            "arn": "arn:aws:ecs:us-east-1:317805897534:cluster/huntaze-cluster",
            "cluster_name": "huntaze-cluster",
            "id": "arn:aws:ecs:us-east-1:317805897534:cluster/huntaze-cluster",
            "pending_tasks_count": 0,
            "region": "us-east-1",
            "registered_container_instances_count": 0,
            "running_tasks_count": 0,
            "service_connect_defaults": [],
            "setting": [
              {
                "name": "containerInsights",
                "value": "enhanced"
              }
            ],
            "status": "ACTIVE",
            "tags": {}
          },
          "sensitive_attributes": []
        }
      ]
    },
    {
      "mode": "data",
      "type": "aws_ecs_cluster",
      "name": "huntaze_of",
      "provider": "provider[\"registry.terraform.io/hashicorp/aws\"]",
      "instances": [
        {
          "schema_version": 0,
          "attributes": {
            "arn": "arn:aws:ecs:us-east-1:317805897534:cluster/huntaze-of-fargate",
            "cluster_name": "huntaze-of-fargate",
            "id": "arn:aws:ecs:us-east-1:317805897534:cluster/huntaze-of-fargate",
            "pending_tasks_count": 0,
            "region": "us-east-1",
            "registered_container_instances_count": 0,
            "running_tasks_count": 0,
            "service_connect_defaults": [],
            "setting": [
              {
                "name": "containerInsights",
                "value": "enhanced"
              }
            ],
            "status": "ACTIVE",
            "tags": {}
          },
          "sensitive_attributes": []
        }
      ]
    },
    {
      "mode": "data",
      "type": "aws_ecs_cluster",
      "name": "huntaze_of_fargate",
      "provider": "provider[\"registry.terraform.io/hashicorp/aws\"]",
      "instances": [
        {
          "schema_version": 0,
          "attributes": {
            "arn": "arn:aws:ecs:us-east-1:317805897534:cluster/huntaze-of-fargate",
            "cluster_name": "huntaze-of-fargate",
            "id": "arn:aws:ecs:us-east-1:317805897534:cluster/huntaze-of-fargate",
            "pending_tasks_count": 0,
            "region": "us-east-1",
            "registered_container_instances_count": 0,
            "running_tasks_count": 0,
            "service_connect_defaults": [],
            "setting": [
              {
                "name": "containerInsights",
                "value": "enhanced"
              }
            ],
            "status": "ACTIVE",
            "tags": {}
          },
          "sensitive_attributes": []
        }
      ]
    },
    {
      "mode": "data",
      "type": "aws_iam_policy_document",
      "name": "lambda_assume_role",
      "provider": "provider[\"registry.terraform.io/hashicorp/aws\"]",
      "instances": [
        {
          "schema_version": 0,
          "attributes": {
            "id": "2690255455",
            "json": "{\n  \"Version\": \"2012-10-17\",\n  \"Statement\": [\n    {\n      \"Effect\": \"Allow\",\n      \"Action\": \"sts:AssumeRole\",\n      \"Principal\": {\n        \"Service\": \"lambda.amazonaws.com\"\n      }\n    }\n  ]\n}",
            "minified_json": "{\"Version\":\"2012-10-17\",\"Statement\":[{\"Effect\":\"Allow\",\"Action\":\"sts:AssumeRole\",\"Principal\":{\"Service\":\"lambda.amazonaws.com\"}}]}",
            "override_json": null,
            "override_policy_documents": null,
            "policy_id": null,
            "source_json": null,
            "source_policy_documents": null,
            "statement": [
              {
                "actions": [
                  "sts:AssumeRole"
                ],
                "condition": [],
                "effect": "Allow",
                "not_actions": [],
                "not_principals": [],
                "not_resources": [],
                "principals": [
                  {
                    "identifiers": [
                      "lambda.amazonaws.com"
                    ],
                    "type": "Service"
                  }
                ],
                "resources": [],
                "sid": ""
              }
            ],
            "version": "2012-10-17"
          },
          "sensitive_attributes": []
        }
      ]
    },
    {
      "mode": "data",
      "type": "aws_iam_policy_document",
      "name": "rate_limiter_lambda_policy",
      "provider": "provider[\"registry.terraform.io/hashicorp/aws\"]",
      "instances": [
        {
          "schema_version": 0,
          "attributes": {
            "id": "1714457034",
            "json": "{\n  \"Version\": \"2012-10-17\",\n  \"Statement\": [\n    {\n      \"Sid\": \"AllowCloudWatchLogs\",\n      \"Effect\": \"Allow\",\n      \"Action\": [\n        \"logs:PutLogEvents\",\n        \"logs:CreateLogStream\",\n        \"logs:CreateLogGroup\"\n      ],\n      \"Resource\": \"arn:aws:logs:us-east-1:317805897534:log-group:/aws/lambda/huntaze-rate-limiter:*\"\n    },\n    {\n      \"Sid\": \"AllowSQSOperations\",\n      \"Effect\": \"Allow\",\n      \"Action\": [\n        \"sqs:ReceiveMessage\",\n        \"sqs:GetQueueAttributes\",\n        \"sqs:DeleteMessage\",\n        \"sqs:ChangeMessageVisibility\"\n      ],\n      \"Resource\": \"arn:aws:sqs:us-east-1:317805897534:huntaze-rate-limiter-queue\"\n    },\n    {\n      \"Sid\": \"AllowVPCOperations\",\n      \"Effect\": \"Allow\",\n      \"Action\": [\n        \"ec2:UnassignPrivateIpAddresses\",\n        \"ec2:DescribeNetworkInterfaces\",\n        \"ec2:DeleteNetworkInterface\",\n        \"ec2:CreateNetworkInterface\",\n        \"ec2:AssignPrivateIpAddresses\"\n      ],\n      \"Resource\": \"*\"\n    }\n  ]\n}",
            "minified_json": "{\"Version\":\"2012-10-17\",\"Statement\":[{\"Sid\":\"AllowCloudWatchLogs\",\"Effect\":\"Allow\",\"Action\":[\"logs:PutLogEvents\",\"logs:CreateLogStream\",\"logs:CreateLogGroup\"],\"Resource\":\"arn:aws:logs:us-east-1:317805897534:log-group:/aws/lambda/huntaze-rate-limiter:*\"},{\"Sid\":\"AllowSQSOperations\",\"Effect\":\"Allow\",\"Action\":[\"sqs:ReceiveMessage\",\"sqs:GetQueueAttributes\",\"sqs:DeleteMessage\",\"sqs:ChangeMessageVisibility\"],\"Resource\":\"arn:aws:sqs:us-east-1:317805897534:huntaze-rate-limiter-queue\"},{\"Sid\":\"AllowVPCOperations\",\"Effect\":\"Allow\",\"Action\":[\"ec2:UnassignPrivateIpAddresses\",\"ec2:DescribeNetworkInterfaces\",\"ec2:DeleteNetworkInterface\",\"ec2:CreateNetworkInterface\",\"ec2:AssignPrivateIpAddresses\"],\"Resource\":\"*\"}]}",
            "override_json": null,
            "override_policy_documents": null,
            "policy_id": null,
            "source_json": null,
            "source_policy_documents": null,
            "statement": [
              {
                "actions": [
                  "logs:CreateLogGroup",
                  "logs:CreateLogStream",
                  "logs:PutLogEvents"
                ],
                "condition": [],
                "effect": "Allow",
                "not_actions": [],
                "not_principals": [],
                "not_resources": [],
                "principals": [],
                "resources": [
                  "arn:aws:logs:us-east-1:317805897534:log-group:/aws/lambda/huntaze-rate-limiter:*"
                ],
                "sid": "AllowCloudWatchLogs"
              },
              {
                "actions": [
                  "sqs:ChangeMessageVisibility",
                  "sqs:DeleteMessage",
                  "sqs:GetQueueAttributes",
                  "sqs:ReceiveMessage"
                ],
                "condition": [],
                "effect": "Allow",
                "not_actions": [],
                "not_principals": [],
                "not_resources": [],
                "principals": [],
                "resources": [
                  "arn:aws:sqs:us-east-1:317805897534:huntaze-rate-limiter-queue"
                ],
                "sid": "AllowSQSOperations"
              },
              {
                "actions": [
                  "ec2:AssignPrivateIpAddresses",
                  "ec2:CreateNetworkInterface",
                  "ec2:DeleteNetworkInterface",
                  "ec2:DescribeNetworkInterfaces",
                  "ec2:UnassignPrivateIpAddresses"
                ],
                "condition": [],
                "effect": "Allow",
                "not_actions": [],
                "not_principals": [],
                "not_resources": [],
                "principals": [],
                "resources": [
                  "*"
                ],
                "sid": "AllowVPCOperations"
              }
            ],
            "version": "2012-10-17"
          },
          "sensitive_attributes": []
        }
      ]
    },
    {
      "mode": "data",
      "type": "aws_route_tables",
      "name": "private",
      "provider": "provider[\"registry.terraform.io/hashicorp/aws\"]",
      "instances": [
        {
          "schema_version": 0,
          "attributes": {
            "filter": [
              {
                "name": "tag:Name",
                "values": [
                  "*private*"
                ]
              }
            ],
            "id": "us-east-1",
            "ids": [],
            "region": "us-east-1",
            "tags": null,
            "timeouts": null,
            "vpc_id": "vpc-033be7e71ec9548d2"
          },
          "sensitive_attributes": []
        }
      ]
    },
    {
      "mode": "data",
      "type": "aws_s3_bucket",
      "name": "huntaze_buckets",
      "provider": "provider[\"registry.terraform.io/hashicorp/aws\"]",
      "instances": [
        {
          "index_key": "huntaze-of-traces-317805897534-us-east-1",
          "schema_version": 0,
          "attributes": {
            "arn": "arn:aws:s3:::huntaze-of-traces-317805897534-us-east-1",
            "bucket": "huntaze-of-traces-317805897534-us-east-1",
            "bucket_domain_name": "huntaze-of-traces-317805897534-us-east-1.s3.amazonaws.com",
            "bucket_region": "us-east-1",
            "bucket_regional_domain_name": "huntaze-of-traces-317805897534-us-east-1.s3.us-east-1.amazonaws.com",
            "hosted_zone_id": "Z3AQBSTGFYJSTF",
            "id": "huntaze-of-traces-317805897534-us-east-1",
            "region": "us-east-1",
            "website_domain": null,
            "website_endpoint": null
          },
          "sensitive_attributes": []
        },
        {
          "index_key": "huntaze-playwright-artifacts-317805897534-us-east-1",
          "schema_version": 0,
          "attributes": {
            "arn": "arn:aws:s3:::huntaze-playwright-artifacts-317805897534-us-east-1",
            "bucket": "huntaze-playwright-artifacts-317805897534-us-east-1",
            "bucket_domain_name": "huntaze-playwright-artifacts-317805897534-us-east-1.s3.amazonaws.com",
            "bucket_region": "us-east-1",
            "bucket_regional_domain_name": "huntaze-playwright-artifacts-317805897534-us-east-1.s3.us-east-1.amazonaws.com",
            "hosted_zone_id": "Z3AQBSTGFYJSTF",
            "id": "huntaze-playwright-artifacts-317805897534-us-east-1",
            "region": "us-east-1",
            "website_domain": null,
            "website_endpoint": null
          },
          "sensitive_attributes": []
        },
        {
          "index_key": "huntaze-synthetics-artifacts-317805897534",
          "schema_version": 0,
          "attributes": {
            "arn": "arn:aws:s3:::huntaze-synthetics-artifacts-317805897534",
            "bucket": "huntaze-synthetics-artifacts-317805897534",
            "bucket_domain_name": "huntaze-synthetics-artifacts-317805897534.s3.amazonaws.com",
            "bucket_region": "us-east-1",
            "bucket_regional_domain_name": "huntaze-synthetics-artifacts-317805897534.s3.us-east-1.amazonaws.com",
            "hosted_zone_id": "Z3AQBSTGFYJSTF",
            "id": "huntaze-synthetics-artifacts-317805897534",
            "region": "us-east-1",
            "website_domain": null,
            "website_endpoint": null
          },
          "sensitive_attributes": []
        }
      ]
    },
    {
      "mode": "data",
      "type": "aws_sqs_queue",
      "name": "hybrid_workflows_dlq_fifo",
      "provider": "provider[\"registry.terraform.io/hashicorp/aws\"]",
      "instances": [
        {
          "schema_version": 0,
          "attributes": {
            "arn": "arn:aws:sqs:us-east-1:317805897534:huntaze-hybrid-workflows-dlq.fifo",
            "id": "https://sqs.us-east-1.amazonaws.com/317805897534/huntaze-hybrid-workflows-dlq.fifo",
            "name": "huntaze-hybrid-workflows-dlq.fifo",
            "region": "us-east-1",
            "tags": {
              "Environment": "production",
              "ManagedBy": "terraform",
              "Name": "huntaze-hybrid-workflows-dlq",
              "Purpose": "DLQ for hybrid orchestrator workflows"
            },
            "url": "https://sqs.us-east-1.amazonaws.com/317805897534/huntaze-hybrid-workflows-dlq.fifo"
          },
          "sensitive_attributes": []
        }
      ]
    },
    {
      "mode": "data",
      "type": "aws_sqs_queue",
      "name": "hybrid_workflows_fifo",
      "provider": "provider[\"registry.terraform.io/hashicorp/aws\"]",
      "instances": [
        {
          "schema_version": 0,
          "attributes": {
            "arn": "arn:aws:sqs:us-east-1:317805897534:huntaze-hybrid-workflows.fifo",
            "id": "https://sqs.us-east-1.amazonaws.com/317805897534/huntaze-hybrid-workflows.fifo",
            "name": "huntaze-hybrid-workflows.fifo",
            "region": "us-east-1",
            "tags": {
              "Environment": "production",
              "ManagedBy": "terraform",
              "Name": "huntaze-hybrid-workflows",
              "Purpose": "Multi-agent workflow orchestration"
            },
            "url": "https://sqs.us-east-1.amazonaws.com/317805897534/huntaze-hybrid-workflows.fifo"
          },
          "sensitive_attributes": []
        }
      ]
    },
    {
      "mode": "data",
      "type": "aws_sqs_queue",
      "name": "rate_limiter_queue",
      "provider": "provider[\"registry.terraform.io/hashicorp/aws\"]",
      "instances": [
        {
          "schema_version": 0,
          "attributes": {
            "arn": "arn:aws:sqs:us-east-1:317805897534:huntaze-rate-limiter-queue",
            "id": "https://sqs.us-east-1.amazonaws.com/317805897534/huntaze-rate-limiter-queue",
            "name": "huntaze-rate-limiter-queue",
            "region": "us-east-1",
            "tags": {
              "Environment": "production",
              "ManagedBy": "terraform",
              "Name": "huntaze-rate-limiter",
              "Purpose": "OnlyFans 10 msg/min rate limiting"
            },
            "url": "https://sqs.us-east-1.amazonaws.com/317805897534/huntaze-rate-limiter-queue"
          },
          "sensitive_attributes": []
        }
      ]
    },
    {
      "mode": "data",
      "type": "aws_vpc",
      "name": "main",
      "provider": "provider[\"registry.terraform.io/hashicorp/aws\"]",
      "instances": [
        {
          "schema_version": 0,
          "attributes": {
            "arn": "arn:aws:ec2:us-east-1:317805897534:vpc/vpc-033be7e71ec9548d2",
            "cidr_block": "172.31.0.0/16",
            "cidr_block_associations": [
              {
                "association_id": "vpc-cidr-assoc-0ab7602fa952f40ce",
                "cidr_block": "172.31.0.0/16",
                "state": "associated"
              }
            ],
            "default": true,
            "dhcp_options_id": "dopt-04de3132c3dea1116",
            "enable_dns_hostnames": true,
            "enable_dns_support": true,
            "enable_network_address_usage_metrics": false,
            "filter": null,
            "id": "vpc-033be7e71ec9548d2",
            "instance_tenancy": "default",
            "ipv6_association_id": "",
            "ipv6_cidr_block": "",
            "main_route_table_id": "rtb-0803f8d14ffc179f5",
            "owner_id": "317805897534",
            "region": "us-east-1",
            "state": null,
            "tags": {},
            "timeouts": null
          },
          "sensitive_attributes": []
        }
      ]
    },
    {
      "mode": "managed",
      "type": "aws_budgets_budget",
      "name": "monthly",
      "provider": "provider[\"registry.terraform.io/hashicorp/aws\"]",
      "instances": [
        {
          "schema_version": 0,
          "attributes": {
            "account_id": "317805897534",
            "arn": "arn:aws:budgets::317805897534:budget/huntaze-monthly",
            "auto_adjust_data": [],
            "billing_view_arn": "",
            "budget_type": "COST",
            "cost_filter": [],
            "cost_types": [
              {
                "include_credit": true,
                "include_discount": true,
                "include_other_subscription": true,
                "include_recurring": true,
                "include_refund": true,
                "include_subscription": true,
                "include_support": true,
                "include_tax": true,
                "include_upfront": true,
                "use_amortized": false,
                "use_blended": false
              }
            ],
            "id": "317805897534:huntaze-monthly",
            "limit_amount": "500.0",
            "limit_unit": "USD",
            "name": "huntaze-monthly",
            "name_prefix": "",
            "notification": [
              {
                "comparison_operator": "GREATER_THAN",
                "notification_type": "ACTUAL",
                "subscriber_email_addresses": [],
                "subscriber_sns_topic_arns": [
                  "arn:aws:sns:us-east-1:317805897534:huntaze-cost-alerts"
                ],
                "threshold": 100,
                "threshold_type": "PERCENTAGE"
              },
              {
                "comparison_operator": "GREATER_THAN",
                "notification_type": "FORECASTED",
                "subscriber_email_addresses": [],
                "subscriber_sns_topic_arns": [
                  "arn:aws:sns:us-east-1:317805897534:huntaze-cost-alerts"
                ],
                "threshold": 80,
                "threshold_type": "PERCENTAGE"
              }
            ],
            "planned_limit": [],
            "tags": {},
            "tags_all": {},
            "time_period_end": "2087-06-15_00:00",
            "time_period_start": "2025-10-01_00:00",
            "time_unit": "MONTHLY"
          },
          "sensitive_attributes": [],
          "private": "bnVsbA==",
          "dependencies": [
            "aws_sns_topic.cost_alerts",
            "aws_sns_topic_policy.cost_alerts_policy",
            "data.aws_caller_identity.current"
          ]
        }
      ]
    },
    {
      "mode": "managed",
      "type": "aws_cloudtrail",
      "name": "main",
      "provider": "provider[\"registry.terraform.io/hashicorp/aws\"]",
      "instances": [
        {
          "schema_version": 1,
          "attributes": {
            "advanced_event_selector": [
              {
                "field_selector": [
                  {
                    "ends_with": [],
                    "equals": [
                      "Management"
                    ],
                    "field": "eventCategory",
                    "not_ends_with": [],
                    "not_equals": [],
                    "not_starts_with": [],
                    "starts_with": []
                  }
                ],
                "name": "Log all management events"
              },
              {
                "field_selector": [
                  {
                    "ends_with": [],
                    "equals": [
                      "AWS::S3::Object"
                    ],
                    "field": "resources.type",
                    "not_ends_with": [],
                    "not_equals": [],
                    "not_starts_with": [],
                    "starts_with": []
                  },
                  {
                    "ends_with": [],
                    "equals": [
                      "Data"
                    ],
                    "field": "eventCategory",
                    "not_ends_with": [],
                    "not_equals": [],
                    "not_starts_with": [],
                    "starts_with": []
                  },
                  {
                    "ends_with": [],
                    "equals": [
                      "false"
                    ],
                    "field": "readOnly",
                    "not_ends_with": [],
                    "not_equals": [],
                    "not_starts_with": [],
                    "starts_with": []
                  }
                ],
                "name": "Log S3 write events"
              }
            ],
            "arn": "arn:aws:cloudtrail:us-east-1:317805897534:trail/huntaze-production-trail",
            "cloud_watch_logs_group_arn": "arn:aws:logs:us-east-1:317805897534:log-group:/aws/cloudtrail/huntaze-production:*",
            "cloud_watch_logs_role_arn": "arn:aws:iam::317805897534:role/huntaze-cloudtrail-cloudwatch-role",
            "enable_log_file_validation": true,
            "enable_logging": true,
            "event_selector": [],
            "home_region": "us-east-1",
            "id": "arn:aws:cloudtrail:us-east-1:317805897534:trail/huntaze-production-trail",
            "include_global_service_events": true,
            "insight_selector": [],
            "is_multi_region_trail": true,
            "is_organization_trail": false,
            "kms_key_id": "arn:aws:kms:us-east-1:317805897534:key/e13e392c-51a1-4366-86e8-bda938f1e91a",
            "name": "huntaze-production-trail",
            "region": "us-east-1",
            "s3_bucket_name": "huntaze-cloudtrail-logs-317805897534",
            "s3_key_prefix": "",
            "sns_topic_arn": "",
            "sns_topic_name": "",
            "tags": {
              "Environment": "production",
              "ManagedBy": "terraform",
              "Name": "huntaze-production-trail",
              "Purpose": "Multi-region audit logging"
            },
            "tags_all": {
              "Environment": "production",
              "ManagedBy": "terraform",
              "Name": "huntaze-production-trail",
              "Purpose": "Multi-region audit logging"
            }
          },
          "sensitive_attributes": [],
          "private": "eyJzY2hlbWFfdmVyc2lvbiI6IjEifQ==",
          "dependencies": [
            "aws_cloudwatch_log_group.cloudtrail",
            "aws_iam_role.cloudtrail_cloudwatch",
            "aws_iam_role_policy.cloudtrail_cloudwatch",
            "aws_kms_key.cloudtrail_encryption",
            "aws_s3_bucket.cloudtrail_logs",
            "aws_s3_bucket_policy.cloudtrail_logs"
          ]
        }
      ]
    },
    {
      "mode": "managed",
      "type": "aws_cloudwatch_composite_alarm",
      "name": "ecs_api_service_unhealthy",
      "provider": "provider[\"registry.terraform.io/hashicorp/aws\"]",
      "instances": [
        {
          "schema_version": 0,
          "attributes": {
            "actions_enabled": true,
            "actions_suppressor": [],
            "alarm_actions": [
              "arn:aws:sns:us-east-1:317805897534:huntaze-ops-alerts"
            ],
            "alarm_description": "Composite alarm: huntaze-api service is unhealthy (multiple metrics breached)",
            "alarm_name": "ecs-huntaze-api-service-unhealthy",
            "alarm_rule": "ALARM(ecs-huntaze-api-no-running-tasks) OR (ALARM(ecs-huntaze-api-cpu-high) AND ALARM(ecs-huntaze-api-memory-high))",
            "arn": "arn:aws:cloudwatch:us-east-1:317805897534:alarm:ecs-huntaze-api-service-unhealthy",
            "id": "ecs-huntaze-api-service-unhealthy",
            "insufficient_data_actions": [],
            "ok_actions": [
              "arn:aws:sns:us-east-1:317805897534:huntaze-ops-alerts"
            ],
            "region": "us-east-1",
            "tags": {
              "Environment": "production",
              "ManagedBy": "terraform",
              "Name": "ecs-api-composite-alarm",
              "Severity": "critical"
            },
            "tags_all": {
              "Environment": "production",
              "ManagedBy": "terraform",
              "Name": "ecs-api-composite-alarm",
              "Severity": "critical"
            }
          },
          "sensitive_attributes": [],
          "private": "bnVsbA==",
          "dependencies": [
            "aws_cloudwatch_metric_alarm.ecs_service_cpu_high_api",
            "aws_cloudwatch_metric_alarm.ecs_service_memory_high_api",
            "aws_cloudwatch_metric_alarm.ecs_service_task_count_low_api",
            "aws_kms_key.sns_encryption",
            "aws_sns_topic.ops_alerts"
          ]
        }
      ]
    },
    {
      "mode": "managed",
      "type": "aws_cloudwatch_composite_alarm",
      "name": "rds_database_unhealthy",
      "provider": "provider[\"registry.terraform.io/hashicorp/aws\"]",
      "instances": [
        {
          "schema_version": 0,
          "attributes": {
            "actions_enabled": true,
            "actions_suppressor": [],
            "alarm_actions": [
              "arn:aws:sns:us-east-1:317805897534:huntaze-ops-alerts"
            ],
            "alarm_description": "Composite alarm: RDS database is unhealthy (multiple metrics breached)",
            "alarm_name": "rds-huntaze-postgres-unhealthy",
            "alarm_rule": "ALARM(huntaze-rds-cpu-high) OR ALARM(huntaze-rds-memory-low) OR ALARM(huntaze-rds-connections-high) OR ALARM(huntaze-rds-storage-low)",
            "arn": "arn:aws:cloudwatch:us-east-1:317805897534:alarm:rds-huntaze-postgres-unhealthy",
            "id": "rds-huntaze-postgres-unhealthy",
            "insufficient_data_actions": [],
            "ok_actions": [
              "arn:aws:sns:us-east-1:317805897534:huntaze-ops-alerts"
            ],
            "region": "us-east-1",
            "tags": {
              "Environment": "production",
              "ManagedBy": "terraform",
              "Name": "rds-composite-alarm",
              "Severity": "critical"
            },
            "tags_all": {
              "Environment": "production",
              "ManagedBy": "terraform",
              "Name": "rds-composite-alarm",
              "Severity": "critical"
            }
          },
          "sensitive_attributes": [],
          "private": "bnVsbA==",
          "dependencies": [
            "aws_cloudwatch_metric_alarm.rds_connections_high",
            "aws_cloudwatch_metric_alarm.rds_cpu_high",
            "aws_cloudwatch_metric_alarm.rds_memory_low",
            "aws_cloudwatch_metric_alarm.rds_storage_low",
            "aws_kms_key.sns_encryption",
            "aws_sns_topic.cost_alerts",
            "aws_sns_topic.ops_alerts"
          ]
        }
      ]
    },
    {
      "mode": "managed",
      "type": "aws_cloudwatch_dashboard",
      "name": "alarms_overview",
      "provider": "provider[\"registry.terraform.io/hashicorp/aws\"]",
      "instances": [
        {
          "schema_version": 0,
          "attributes": {
            "dashboard_arn": "arn:aws:cloudwatch::317805897534:dashboard/Huntaze-Alarms-Overview",
            "dashboard_body": "{\"widgets\":[{\"properties\":{\"alarms\":[\"arn:aws:cloudwatch:us-east-1:317805897534:alarm:ecs-huntaze-api-no-running-tasks\",\"arn:aws:cloudwatch:us-east-1:317805897534:alarm:ecs-onlyfans-scraper-no-running-tasks\",\"arn:aws:cloudwatch:us-east-1:317805897534:alarm:sqs-workflows-fifo-dlq-depth-high\",\"arn:aws:cloudwatch:us-east-1:317805897534:alarm:sqs-rate-limiter-dlq-depth-high\"],\"title\":\"Critical Alarms\"},\"type\":\"alarm\"},{\"properties\":{\"alarms\":[\"arn:aws:cloudwatch:us-east-1:317805897534:alarm:ecs-huntaze-api-cpu-high\",\"arn:aws:cloudwatch:us-east-1:317805897534:alarm:ecs-huntaze-api-memory-high\",\"arn:aws:cloudwatch:us-east-1:317805897534:alarm:ecs-onlyfans-scraper-cpu-high\",\"arn:aws:cloudwatch:us-east-1:317805897534:alarm:ecs-onlyfans-scraper-memory-high\"],\"title\":\"ECS Service Alarms\"},\"type\":\"alarm\"},{\"properties\":{\"alarms\":[\"arn:aws:cloudwatch:us-east-1:317805897534:alarm:huntaze-rds-cpu-high\",\"arn:aws:cloudwatch:us-east-1:317805897534:alarm:huntaze-rds-memory-low\",\"arn:aws:cloudwatch:us-east-1:317805897534:alarm:huntaze-rds-connections-high\",\"arn:aws:cloudwatch:us-east-1:317805897534:alarm:rds-huntaze-postgres-read-latency-high\",\"arn:aws:cloudwatch:us-east-1:317805897534:alarm:rds-huntaze-postgres-write-latency-high\"],\"title\":\"RDS Alarms\"},\"type\":\"alarm\"},{\"properties\":{\"alarms\":[\"arn:aws:cloudwatch:us-east-1:317805897534:alarm:sqs-workflows-fifo-age-of-oldest-message-high\",\"arn:aws:cloudwatch:us-east-1:317805897534:alarm:sqs-rate-limiter-age-of-oldest-message-high\",\"arn:aws:cloudwatch:us-east-1:317805897534:alarm:sqs-workflows-fifo-messages-visible-high\",\"arn:aws:cloudwatch:us-east-1:317805897534:alarm:sqs-rate-limiter-messages-visible-high\"],\"title\":\"SQS Alarms\"},\"type\":\"alarm\"}]}",
            "dashboard_name": "Huntaze-Alarms-Overview",
            "id": "Huntaze-Alarms-Overview",
            "region": "us-east-1"
          },
          "sensitive_attributes": [],
          "private": "bnVsbA==",
          "dependencies": [
            "aws_cloudwatch_metric_alarm.ecs_service_cpu_high_api",
            "aws_cloudwatch_metric_alarm.ecs_service_cpu_high_scraper",
            "aws_cloudwatch_metric_alarm.ecs_service_memory_high_api",
            "aws_cloudwatch_metric_alarm.ecs_service_memory_high_scraper",
            "aws_cloudwatch_metric_alarm.ecs_service_task_count_low_api",
            "aws_cloudwatch_metric_alarm.ecs_service_task_count_low_scraper",
            "aws_cloudwatch_metric_alarm.rds_connections_high",
            "aws_cloudwatch_metric_alarm.rds_cpu_high",
            "aws_cloudwatch_metric_alarm.rds_memory_low",
            "aws_cloudwatch_metric_alarm.rds_read_latency_high",
            "aws_cloudwatch_metric_alarm.rds_write_latency_high",
            "aws_cloudwatch_metric_alarm.sqs_age_of_oldest_message_fifo",
            "aws_cloudwatch_metric_alarm.sqs_age_of_oldest_message_standard",
            "aws_cloudwatch_metric_alarm.sqs_dlq_depth_fifo",
            "aws_cloudwatch_metric_alarm.sqs_dlq_depth_standard",
            "aws_cloudwatch_metric_alarm.sqs_messages_visible_fifo",
            "aws_cloudwatch_metric_alarm.sqs_messages_visible_standard",
            "aws_kms_key.sns_encryption",
            "aws_sns_topic.cost_alerts",
            "aws_sns_topic.ops_alerts",
            "aws_sqs_queue.rate_limiter_dlq",
            "data.aws_sqs_queue.hybrid_workflows_dlq_fifo",
            "data.aws_sqs_queue.hybrid_workflows_fifo",
            "data.aws_sqs_queue.rate_limiter_queue"
          ]
        }
      ]
    },
    {
      "mode": "managed",
      "type": "aws_cloudwatch_dashboard",
      "name": "rate_limiter",
      "provider": "provider[\"registry.terraform.io/hashicorp/aws\"]",
      "instances": []
    },
    {
      "mode": "managed",
      "type": "aws_cloudwatch_event_rule",
      "name": "guardduty_findings",
      "provider": "provider[\"registry.terraform.io/hashicorp/aws\"]",
      "instances": [
        {
          "schema_version": 1,
          "attributes": {
            "arn": "arn:aws:events:us-east-1:317805897534:rule/huntaze-guardduty-high-critical-findings",
            "description": "Capture high and critical severity GuardDuty findings",
            "event_bus_name": "default",
            "event_pattern": "{\"detail\":{\"severity\":[{\"numeric\":[\"\u003e=\",7]}]},\"detail-type\":[\"GuardDuty Finding\"],\"source\":[\"aws.guardduty\"]}",
            "force_destroy": false,
            "id": "huntaze-guardduty-high-critical-findings",
            "is_enabled": true,
            "name": "huntaze-guardduty-high-critical-findings",
            "name_prefix": "",
            "region": "us-east-1",
            "role_arn": "",
            "schedule_expression": "",
            "state": "ENABLED",
            "tags": {
              "Environment": "production",
              "ManagedBy": "terraform",
              "Name": "huntaze-guardduty-findings-rule"
            },
            "tags_all": {
              "Environment": "production",
              "ManagedBy": "terraform",
              "Name": "huntaze-guardduty-findings-rule"
            }
          },
          "sensitive_attributes": [],
          "private": "eyJzY2hlbWFfdmVyc2lvbiI6IjEifQ=="
        }
      ]
    },
    {
      "mode": "managed",
      "type": "aws_cloudwatch_event_rule",
      "name": "securityhub_findings",
      "provider": "provider[\"registry.terraform.io/hashicorp/aws\"]",
      "instances": [
        {
          "schema_version": 1,
          "attributes": {
            "arn": "arn:aws:events:us-east-1:317805897534:rule/huntaze-securityhub-failed-findings",
            "description": "Capture failed Security Hub compliance findings",
            "event_bus_name": "default",
            "event_pattern": "{\"detail\":{\"findings\":{\"Compliance\":{\"Status\":[\"FAILED\"]},\"Severity\":{\"Label\":[\"HIGH\",\"CRITICAL\"]}}},\"detail-type\":[\"Security Hub Findings - Imported\"],\"source\":[\"aws.securityhub\"]}",
            "force_destroy": false,
            "id": "huntaze-securityhub-failed-findings",
            "is_enabled": true,
            "name": "huntaze-securityhub-failed-findings",
            "name_prefix": "",
            "region": "us-east-1",
            "role_arn": "",
            "schedule_expression": "",
            "state": "ENABLED",
            "tags": {
              "Environment": "production",
              "ManagedBy": "terraform",
              "Name": "huntaze-securityhub-findings-rule"
            },
            "tags_all": {
              "Environment": "production",
              "ManagedBy": "terraform",
              "Name": "huntaze-securityhub-findings-rule"
            }
          },
          "sensitive_attributes": [],
          "private": "eyJzY2hlbWFfdmVyc2lvbiI6IjEifQ=="
        }
      ]
    },
    {
      "mode": "managed",
      "type": "aws_cloudwatch_event_target",
      "name": "guardduty_sns",
      "provider": "provider[\"registry.terraform.io/hashicorp/aws\"]",
      "instances": [
        {
          "schema_version": 1,
          "attributes": {
            "appsync_target": [],
            "arn": "arn:aws:sns:us-east-1:317805897534:huntaze-guardduty-findings",
            "batch_target": [],
            "dead_letter_config": [],
            "ecs_target": [],
            "event_bus_name": "default",
            "force_destroy": false,
            "http_target": [],
            "id": "huntaze-guardduty-high-critical-findings-SendToSNS",
            "input": "",
            "input_path": "",
            "input_transformer": [],
            "kinesis_target": [],
            "redshift_target": [],
            "region": "us-east-1",
            "retry_policy": [],
            "role_arn": "",
            "rule": "huntaze-guardduty-high-critical-findings",
            "run_command_targets": [],
            "sagemaker_pipeline_target": [],
            "sqs_target": [],
            "target_id": "SendToSNS"
          },
          "sensitive_attributes": [],
          "private": "eyJzY2hlbWFfdmVyc2lvbiI6IjEifQ==",
          "dependencies": [
            "aws_cloudwatch_event_rule.guardduty_findings",
            "aws_kms_key.sns_encryption",
            "aws_sns_topic.guardduty_findings"
          ]
        }
      ]
    },
    {
      "mode": "managed",
      "type": "aws_cloudwatch_event_target",
      "name": "securityhub_sns",
      "provider": "provider[\"registry.terraform.io/hashicorp/aws\"]",
      "instances": [
        {
          "schema_version": 1,
          "attributes": {
            "appsync_target": [],
            "arn": "arn:aws:sns:us-east-1:317805897534:huntaze-securityhub-findings",
            "batch_target": [],
            "dead_letter_config": [],
            "ecs_target": [],
            "event_bus_name": "default",
            "force_destroy": false,
            "http_target": [],
            "id": "huntaze-securityhub-failed-findings-SendToSNS",
            "input": "",
            "input_path": "",
            "input_transformer": [],
            "kinesis_target": [],
            "redshift_target": [],
            "region": "us-east-1",
            "retry_policy": [],
            "role_arn": "",
            "rule": "huntaze-securityhub-failed-findings",
            "run_command_targets": [],
            "sagemaker_pipeline_target": [],
            "sqs_target": [],
            "target_id": "SendToSNS"
          },
          "sensitive_attributes": [],
          "private": "eyJzY2hlbWFfdmVyc2lvbiI6IjEifQ==",
          "dependencies": [
            "aws_cloudwatch_event_rule.securityhub_findings",
            "aws_kms_key.sns_encryption",
            "aws_sns_topic.securityhub_findings"
          ]
        }
      ]
    },
    {
      "mode": "managed",
      "type": "aws_cloudwatch_log_group",
      "name": "cloudtrail",
      "provider": "provider[\"registry.terraform.io/hashicorp/aws\"]",
      "instances": [
        {
          "schema_version": 0,
          "attributes": {
            "arn": "arn:aws:logs:us-east-1:317805897534:log-group:/aws/cloudtrail/huntaze-production",
            "id": "/aws/cloudtrail/huntaze-production",
            "kms_key_id": "",
            "log_group_class": "STANDARD",
            "name": "/aws/cloudtrail/huntaze-production",
            "name_prefix": "",
            "region": "us-east-1",
            "retention_in_days": 90,
            "skip_destroy": false,
            "tags": {
              "Environment": "production",
              "ManagedBy": "terraform",
              "Name": "huntaze-cloudtrail-logs",
              "Purpose": "CloudTrail log aggregation"
            },
            "tags_all": {
              "Environment": "production",
              "ManagedBy": "terraform",
              "Name": "huntaze-cloudtrail-logs",
              "Purpose": "CloudTrail log aggregation"
            }
          },
          "sensitive_attributes": [],
          "private": "bnVsbA=="
        }
      ]
    },
    {
      "mode": "managed",
      "type": "aws_cloudwatch_log_group",
      "name": "ecs_ai_team_orchestrator",
      "provider": "provider[\"registry.terraform.io/hashicorp/aws\"]",
      "instances": [
        {
          "schema_version": 0,
          "attributes": {
            "arn": "arn:aws:logs:us-east-1:317805897534:log-group:/ecs/ai-team/orchestrator",
            "id": "/ecs/ai-team/orchestrator",
            "kms_key_id": "",
            "log_group_class": "STANDARD",
            "name": "/ecs/ai-team/orchestrator",
            "name_prefix": "",
            "region": "us-east-1",
            "retention_in_days": 30,
            "skip_destroy": false,
            "tags": {
              "Environment": "production",
              "LogType": "application",
              "ManagedBy": "terraform",
              "Name": "ai-team-orchestrator-logs",
              "Purpose": "AI orchestrator logs"
            },
            "tags_all": {
              "Environment": "production",
              "LogType": "application",
              "ManagedBy": "terraform",
              "Name": "ai-team-orchestrator-logs",
              "Purpose": "AI orchestrator logs"
            }
          },
          "sensitive_attributes": [],
          "private": "bnVsbA=="
        }
      ]
    },
    {
      "mode": "managed",
      "type": "aws_cloudwatch_log_group",
      "name": "ecs_huntaze_api",
      "provider": "provider[\"registry.terraform.io/hashicorp/aws\"]",
      "instances": [
        {
          "schema_version": 0,
          "attributes": {
            "arn": "arn:aws:logs:us-east-1:317805897534:log-group:/ecs/huntaze/api",
            "id": "/ecs/huntaze/api",
            "kms_key_id": "",
            "log_group_class": "STANDARD",
            "name": "/ecs/huntaze/api",
            "name_prefix": "",
            "region": "us-east-1",
            "retention_in_days": 30,
            "skip_destroy": false,
            "tags": {
              "Environment": "production",
              "LogType": "application",
              "ManagedBy": "terraform",
              "Name": "huntaze-api-logs",
              "Purpose": "ECS application logs"
            },
            "tags_all": {
              "Environment": "production",
              "LogType": "application",
              "ManagedBy": "terraform",
              "Name": "huntaze-api-logs",
              "Purpose": "ECS application logs"
            }
          },
          "sensitive_attributes": [],
          "private": "bnVsbA=="
        }
      ]
    },
    {
      "mode": "managed",
      "type": "aws_cloudwatch_log_group",
      "name": "ecs_huntaze_onlyfans_scraper",
      "provider": "provider[\"registry.terraform.io/hashicorp/aws\"]",
      "instances": [
        {
          "schema_version": 0,
          "attributes": {
            "arn": "arn:aws:logs:us-east-1:317805897534:log-group:/ecs/huntaze/onlyfans-scraper",
            "id": "/ecs/huntaze/onlyfans-scraper",
            "kms_key_id": "",
            "log_group_class": "STANDARD",
            "name": "/ecs/huntaze/onlyfans-scraper",
            "name_prefix": "",
            "region": "us-east-1",
            "retention_in_days": 30,
            "skip_destroy": false,
            "tags": {
              "Environment": "production",
              "LogType": "application",
              "ManagedBy": "terraform",
              "Name": "huntaze-onlyfans-scraper-logs",
              "Purpose": "OnlyFans scraper logs"
            },
            "tags_all": {
              "Environment": "production",
              "LogType": "application",
              "ManagedBy": "terraform",
              "Name": "huntaze-onlyfans-scraper-logs",
              "Purpose": "OnlyFans scraper logs"
            }
          },
          "sensitive_attributes": [],
          "private": "bnVsbA=="
        }
      ]
    },
    {
      "mode": "managed",
      "type": "aws_cloudwatch_log_group",
      "name": "ecs_huntaze_playwright",
      "provider": "provider[\"registry.terraform.io/hashicorp/aws\"]",
      "instances": [
        {
          "schema_version": 0,
          "attributes": {
            "arn": "arn:aws:logs:us-east-1:317805897534:log-group:/ecs/huntaze/playwright",
            "id": "/ecs/huntaze/playwright",
            "kms_key_id": "",
            "log_group_class": "STANDARD",
            "name": "/ecs/huntaze/playwright",
            "name_prefix": "",
            "region": "us-east-1",
            "retention_in_days": 14,
            "skip_destroy": false,
            "tags": {
              "Environment": "production",
              "LogType": "batch",
              "ManagedBy": "terraform",
              "Name": "huntaze-playwright-logs",
              "Purpose": "Playwright batch job logs"
            },
            "tags_all": {
              "Environment": "production",
              "LogType": "batch",
              "ManagedBy": "terraform",
              "Name": "huntaze-playwright-logs",
              "Purpose": "Playwright batch job logs"
            }
          },
          "sensitive_attributes": [],
          "private": "bnVsbA=="
        }
      ]
    },
    {
      "mode": "managed",
      "type": "aws_cloudwatch_log_group",
      "name": "rate_limiter_lambda",
      "provider": "provider[\"registry.terraform.io/hashicorp/aws\"]",
      "instances": [
        {
          "schema_version": 0,
          "attributes": {
            "arn": "arn:aws:logs:us-east-1:317805897534:log-group:/aws/lambda/huntaze-rate-limiter",
            "id": "/aws/lambda/huntaze-rate-limiter",
            "kms_key_id": "",
            "log_group_class": "STANDARD",
            "name": "/aws/lambda/huntaze-rate-limiter",
            "name_prefix": "",
            "region": "us-east-1",
            "retention_in_days": 30,
            "skip_destroy": false,
            "tags": {
              "Environment": "production",
              "ManagedBy": "terraform",
              "Name": "huntaze-rate-limiter-logs",
              "Purpose": "Rate limiter Lambda logs"
            },
            "tags_all": {
              "Environment": "production",
              "ManagedBy": "terraform",
              "Name": "huntaze-rate-limiter-logs",
              "Purpose": "Rate limiter Lambda logs"
            }
          },
          "sensitive_attributes": [],
          "private": "bnVsbA=="
        }
      ]
    },
    {
      "mode": "managed",
      "type": "aws_cloudwatch_log_group",
      "name": "rds_performance_insights",
      "provider": "provider[\"registry.terraform.io/hashicorp/aws\"]",
      "instances": [
        {
          "schema_version": 0,
          "attributes": {
            "arn": "arn:aws:logs:us-east-1:317805897534:log-group:/aws/rds/instance/huntaze-postgres-production/performance-insights",
            "id": "/aws/rds/instance/huntaze-postgres-production/performance-insights",
            "kms_key_id": "",
            "log_group_class": "STANDARD",
            "name": "/aws/rds/instance/huntaze-postgres-production/performance-insights",
            "name_prefix": "",
            "region": "us-east-1",
            "retention_in_days": 7,
            "skip_destroy": false,
            "tags": {
              "Environment": "production",
              "ManagedBy": "terraform",
              "Name": "rds-performance-insights-logs",
              "Purpose": "RDS Performance Insights logs"
            },
            "tags_all": {
              "Environment": "production",
              "ManagedBy": "terraform",
              "Name": "rds-performance-insights-logs",
              "Purpose": "RDS Performance Insights logs"
            }
          },
          "sensitive_attributes": [],
          "private": "bnVsbA=="
        }
      ]
    },
    {
      "mode": "managed",
      "type": "aws_cloudwatch_log_group",
      "name": "rds_upgrade",
      "provider": "provider[\"registry.terraform.io/hashicorp/aws\"]",
      "instances": [
        {
          "schema_version": 0,
          "attributes": {
            "arn": "arn:aws:logs:us-east-1:317805897534:log-group:/aws/rds/instance/huntaze-postgres-production/upgrade",
            "id": "/aws/rds/instance/huntaze-postgres-production/upgrade",
            "kms_key_id": "",
            "log_group_class": "STANDARD",
            "name": "/aws/rds/instance/huntaze-postgres-production/upgrade",
            "name_prefix": "",
            "region": "us-east-1",
            "retention_in_days": 90,
            "skip_destroy": false,
            "tags": {
              "Environment": "production",
              "ManagedBy": "terraform",
              "Name": "huntaze-rds-upgrade-logs",
              "Purpose": "RDS upgrade logs"
            },
            "tags_all": {
              "Environment": "production",
              "ManagedBy": "terraform",
              "Name": "huntaze-rds-upgrade-logs",
              "Purpose": "RDS upgrade logs"
            }
          },
          "sensitive_attributes": [],
          "private": "bnVsbA=="
        }
      ]
    },
    {
      "mode": "managed",
      "type": "aws_cloudwatch_metric_alarm",
      "name": "ecs_cpu_high_ai_team",
      "provider": "provider[\"registry.terraform.io/hashicorp/aws\"]",
      "instances": [
        {
          "schema_version": 1,
          "attributes": {
            "actions_enabled": true,
            "alarm_actions": [
              "arn:aws:sns:us-east-1:317805897534:huntaze-cost-alerts"
            ],
            "alarm_description": "ECS ai-team cluster CPU utilization is high",
            "alarm_name": "ecs-ai-team-cpu-high",
            "arn": "arn:aws:cloudwatch:us-east-1:317805897534:alarm:ecs-ai-team-cpu-high",
            "comparison_operator": "GreaterThanThreshold",
            "datapoints_to_alarm": 0,
            "dimensions": {
              "ClusterName": "ai-team"
            },
            "evaluate_low_sample_count_percentiles": "",
            "evaluation_periods": 2,
            "extended_statistic": "",
            "id": "ecs-ai-team-cpu-high",
            "insufficient_data_actions": [],
            "metric_name": "CpuUtilized",
            "metric_query": [],
            "namespace": "ECS/ContainerInsights",
            "ok_actions": [],
            "period": 300,
            "region": "us-east-1",
            "statistic": "Average",
            "tags": {
              "Environment": "production",
              "ManagedBy": "terraform",
              "Name": "ecs-ai-team-cpu-alarm"
            },
            "tags_all": {
              "Environment": "production",
              "ManagedBy": "terraform",
              "Name": "ecs-ai-team-cpu-alarm"
            },
            "threshold": 70,
            "threshold_metric_id": "",
            "treat_missing_data": "missing",
            "unit": ""
          },
          "sensitive_attributes": [],
          "private": "eyJzY2hlbWFfdmVyc2lvbiI6IjEifQ==",
          "dependencies": [
            "aws_sns_topic.cost_alerts"
          ]
        }
      ]
    },
    {
      "mode": "managed",
      "type": "aws_cloudwatch_metric_alarm",
      "name": "ecs_cpu_high_huntaze_cluster",
      "provider": "provider[\"registry.terraform.io/hashicorp/aws\"]",
      "instances": [
        {
          "schema_version": 1,
          "attributes": {
            "actions_enabled": true,
            "alarm_actions": [
              "arn:aws:sns:us-east-1:317805897534:huntaze-cost-alerts"
            ],
            "alarm_description": "ECS huntaze-cluster CPU utilization is high",
            "alarm_name": "ecs-huntaze-cluster-cpu-high",
            "arn": "arn:aws:cloudwatch:us-east-1:317805897534:alarm:ecs-huntaze-cluster-cpu-high",
            "comparison_operator": "GreaterThanThreshold",
            "datapoints_to_alarm": 0,
            "dimensions": {
              "ClusterName": "huntaze-cluster"
            },
            "evaluate_low_sample_count_percentiles": "",
            "evaluation_periods": 2,
            "extended_statistic": "",
            "id": "ecs-huntaze-cluster-cpu-high",
            "insufficient_data_actions": [],
            "metric_name": "CpuUtilized",
            "metric_query": [],
            "namespace": "ECS/ContainerInsights",
            "ok_actions": [],
            "period": 300,
            "region": "us-east-1",
            "statistic": "Average",
            "tags": {
              "Environment": "production",
              "ManagedBy": "terraform",
              "Name": "ecs-huntaze-cluster-cpu-alarm"
            },
            "tags_all": {
              "Environment": "production",
              "ManagedBy": "terraform",
              "Name": "ecs-huntaze-cluster-cpu-alarm"
            },
            "threshold": 70,
            "threshold_metric_id": "",
            "treat_missing_data": "missing",
            "unit": ""
          },
          "sensitive_attributes": [],
          "private": "eyJzY2hlbWFfdmVyc2lvbiI6IjEifQ==",
          "dependencies": [
            "aws_sns_topic.cost_alerts"
          ]
        }
      ]
    },
    {
      "mode": "managed",
      "type": "aws_cloudwatch_metric_alarm",
      "name": "ecs_cpu_high_huntaze_of_fargate",
      "provider": "provider[\"registry.terraform.io/hashicorp/aws\"]",
      "instances": [
        {
          "schema_version": 1,
          "attributes": {
            "actions_enabled": true,
            "alarm_actions": [
              "arn:aws:sns:us-east-1:317805897534:huntaze-cost-alerts"
            ],
            "alarm_description": "ECS huntaze-of-fargate cluster CPU utilization is high",
            "alarm_name": "ecs-huntaze-of-fargate-cpu-high",
            "arn": "arn:aws:cloudwatch:us-east-1:317805897534:alarm:ecs-huntaze-of-fargate-cpu-high",
            "comparison_operator": "GreaterThanThreshold",
            "datapoints_to_alarm": 0,
            "dimensions": {
              "ClusterName": "huntaze-of-fargate"
            },
            "evaluate_low_sample_count_percentiles": "",
            "evaluation_periods": 2,
            "extended_statistic": "",
            "id": "ecs-huntaze-of-fargate-cpu-high",
            "insufficient_data_actions": [],
            "metric_name": "CpuUtilized",
            "metric_query": [],
            "namespace": "ECS/ContainerInsights",
            "ok_actions": [],
            "period": 300,
            "region": "us-east-1",
            "statistic": "Average",
            "tags": {
              "Environment": "production",
              "ManagedBy": "terraform",
              "Name": "ecs-huntaze-of-fargate-cpu-alarm"
            },
            "tags_all": {
              "Environment": "production",
              "ManagedBy": "terraform",
              "Name": "ecs-huntaze-of-fargate-cpu-alarm"
            },
            "threshold": 70,
            "threshold_metric_id": "",
            "treat_missing_data": "missing",
            "unit": ""
          },
          "sensitive_attributes": [],
          "private": "eyJzY2hlbWFfdmVyc2lvbiI6IjEifQ==",
          "dependencies": [
            "aws_sns_topic.cost_alerts"
          ]
        }
      ]
    },
    {
      "mode": "managed",
      "type": "aws_cloudwatch_metric_alarm",
      "name": "ecs_memory_high_ai_team",
      "provider": "provider[\"registry.terraform.io/hashicorp/aws\"]",
      "instances": [
        {
          "schema_version": 1,
          "attributes": {
            "actions_enabled": true,
            "alarm_actions": [
              "arn:aws:sns:us-east-1:317805897534:huntaze-cost-alerts"
            ],
            "alarm_description": "ECS ai-team cluster memory utilization is high",
            "alarm_name": "ecs-ai-team-memory-high",
            "arn": "arn:aws:cloudwatch:us-east-1:317805897534:alarm:ecs-ai-team-memory-high",
            "comparison_operator": "GreaterThanThreshold",
            "datapoints_to_alarm": 0,
            "dimensions": {
              "ClusterName": "ai-team"
            },
            "evaluate_low_sample_count_percentiles": "",
            "evaluation_periods": 2,
            "extended_statistic": "",
            "id": "ecs-ai-team-memory-high",
            "insufficient_data_actions": [],
            "metric_name": "MemoryUtilized",
            "metric_query": [],
            "namespace": "ECS/ContainerInsights",
            "ok_actions": [],
            "period": 300,
            "region": "us-east-1",
            "statistic": "Average",
            "tags": {
              "Environment": "production",
              "ManagedBy": "terraform",
              "Name": "ecs-ai-team-memory-alarm"
            },
            "tags_all": {
              "Environment": "production",
              "ManagedBy": "terraform",
              "Name": "ecs-ai-team-memory-alarm"
            },
            "threshold": 80,
            "threshold_metric_id": "",
            "treat_missing_data": "missing",
            "unit": ""
          },
          "sensitive_attributes": [],
          "private": "eyJzY2hlbWFfdmVyc2lvbiI6IjEifQ==",
          "dependencies": [
            "aws_sns_topic.cost_alerts"
          ]
        }
      ]
    },
    {
      "mode": "managed",
      "type": "aws_cloudwatch_metric_alarm",
      "name": "ecs_memory_high_huntaze_cluster",
      "provider": "provider[\"registry.terraform.io/hashicorp/aws\"]",
      "instances": [
        {
          "schema_version": 1,
          "attributes": {
            "actions_enabled": true,
            "alarm_actions": [
              "arn:aws:sns:us-east-1:317805897534:huntaze-cost-alerts"
            ],
            "alarm_description": "ECS huntaze-cluster memory utilization is high",
            "alarm_name": "ecs-huntaze-cluster-memory-high",
            "arn": "arn:aws:cloudwatch:us-east-1:317805897534:alarm:ecs-huntaze-cluster-memory-high",
            "comparison_operator": "GreaterThanThreshold",
            "datapoints_to_alarm": 0,
            "dimensions": {
              "ClusterName": "huntaze-cluster"
            },
            "evaluate_low_sample_count_percentiles": "",
            "evaluation_periods": 2,
            "extended_statistic": "",
            "id": "ecs-huntaze-cluster-memory-high",
            "insufficient_data_actions": [],
            "metric_name": "MemoryUtilized",
            "metric_query": [],
            "namespace": "ECS/ContainerInsights",
            "ok_actions": [],
            "period": 300,
            "region": "us-east-1",
            "statistic": "Average",
            "tags": {
              "Environment": "production",
              "ManagedBy": "terraform",
              "Name": "ecs-huntaze-cluster-memory-alarm"
            },
            "tags_all": {
              "Environment": "production",
              "ManagedBy": "terraform",
              "Name": "ecs-huntaze-cluster-memory-alarm"
            },
            "threshold": 80,
            "threshold_metric_id": "",
            "treat_missing_data": "missing",
            "unit": ""
          },
          "sensitive_attributes": [],
          "private": "eyJzY2hlbWFfdmVyc2lvbiI6IjEifQ==",
          "dependencies": [
            "aws_sns_topic.cost_alerts"
          ]
        }
      ]
    },
    {
      "mode": "managed",
      "type": "aws_cloudwatch_metric_alarm",
      "name": "ecs_memory_high_huntaze_of_fargate",
      "provider": "provider[\"registry.terraform.io/hashicorp/aws\"]",
      "instances": [
        {
          "schema_version": 1,
          "attributes": {
            "actions_enabled": true,
            "alarm_actions": [
              "arn:aws:sns:us-east-1:317805897534:huntaze-cost-alerts"
            ],
            "alarm_description": "ECS huntaze-of-fargate cluster memory utilization is high",
            "alarm_name": "ecs-huntaze-of-fargate-memory-high",
            "arn": "arn:aws:cloudwatch:us-east-1:317805897534:alarm:ecs-huntaze-of-fargate-memory-high",
            "comparison_operator": "GreaterThanThreshold",
            "datapoints_to_alarm": 0,
            "dimensions": {
              "ClusterName": "huntaze-of-fargate"
            },
            "evaluate_low_sample_count_percentiles": "",
            "evaluation_periods": 2,
            "extended_statistic": "",
            "id": "ecs-huntaze-of-fargate-memory-high",
            "insufficient_data_actions": [],
            "metric_name": "MemoryUtilized",
            "metric_query": [],
            "namespace": "ECS/ContainerInsights",
            "ok_actions": [],
            "period": 300,
            "region": "us-east-1",
            "statistic": "Average",
            "tags": {
              "Environment": "production",
              "ManagedBy": "terraform",
              "Name": "ecs-huntaze-of-fargate-memory-alarm"
            },
            "tags_all": {
              "Environment": "production",
              "ManagedBy": "terraform",
              "Name": "ecs-huntaze-of-fargate-memory-alarm"
            },
            "threshold": 80,
            "threshold_metric_id": "",
            "treat_missing_data": "missing",
            "unit": ""
          },
          "sensitive_attributes": [],
          "private": "eyJzY2hlbWFfdmVyc2lvbiI6IjEifQ==",
          "dependencies": [
            "aws_sns_topic.cost_alerts"
          ]
        }
      ]
    },
    {
      "mode": "managed",
      "type": "aws_cloudwatch_metric_alarm",
      "name": "ecs_restart_count_high",
      "provider": "provider[\"registry.terraform.io/hashicorp/aws\"]",
      "instances": [
        {
          "schema_version": 1,
          "attributes": {
            "actions_enabled": true,
            "alarm_actions": [
              "arn:aws:sns:us-east-1:317805897534:huntaze-cost-alerts"
            ],
            "alarm_description": "ECS huntaze-api service has high restart count",
            "alarm_name": "ecs-huntaze-api-restart-count-high",
            "arn": "arn:aws:cloudwatch:us-east-1:317805897534:alarm:ecs-huntaze-api-restart-count-high",
            "comparison_operator": "GreaterThanThreshold",
            "datapoints_to_alarm": 0,
            "dimensions": {
              "ClusterName": "huntaze-cluster",
              "ServiceName": "huntaze-api"
            },
            "evaluate_low_sample_count_percentiles": "",
            "evaluation_periods": 1,
            "extended_statistic": "",
            "id": "ecs-huntaze-api-restart-count-high",
            "insufficient_data_actions": [],
            "metric_name": "RestartCount",
            "metric_query": [],
            "namespace": "ECS/ContainerInsights",
            "ok_actions": [],
            "period": 300,
            "region": "us-east-1",
            "statistic": "Sum",
            "tags": {
              "Environment": "production",
              "ManagedBy": "terraform",
              "Name": "ecs-huntaze-api-restart-alarm"
            },
            "tags_all": {
              "Environment": "production",
              "ManagedBy": "terraform",
              "Name": "ecs-huntaze-api-restart-alarm"
            },
            "threshold": 5,
            "threshold_metric_id": "",
            "treat_missing_data": "missing",
            "unit": ""
          },
          "sensitive_attributes": [],
          "private": "eyJzY2hlbWFfdmVyc2lvbiI6IjEifQ==",
          "dependencies": [
            "aws_sns_topic.cost_alerts"
          ]
        }
      ]
    },
    {
      "mode": "managed",
      "type": "aws_cloudwatch_metric_alarm",
      "name": "ecs_service_cpu_high_api",
      "provider": "provider[\"registry.terraform.io/hashicorp/aws\"]",
      "instances": [
        {
          "schema_version": 1,
          "attributes": {
            "actions_enabled": true,
            "alarm_actions": [
              "arn:aws:sns:us-east-1:317805897534:huntaze-ops-alerts"
            ],
            "alarm_description": "ECS huntaze-api service CPU utilization \u003e 70%",
            "alarm_name": "ecs-huntaze-api-cpu-high",
            "arn": "arn:aws:cloudwatch:us-east-1:317805897534:alarm:ecs-huntaze-api-cpu-high",
            "comparison_operator": "GreaterThanThreshold",
            "datapoints_to_alarm": 0,
            "dimensions": {
              "ClusterName": "huntaze-cluster",
              "ServiceName": "huntaze-api"
            },
            "evaluate_low_sample_count_percentiles": "",
            "evaluation_periods": 2,
            "extended_statistic": "",
            "id": "ecs-huntaze-api-cpu-high",
            "insufficient_data_actions": [],
            "metric_name": "CPUUtilization",
            "metric_query": [],
            "namespace": "AWS/ECS",
            "ok_actions": [
              "arn:aws:sns:us-east-1:317805897534:huntaze-ops-alerts"
            ],
            "period": 300,
            "region": "us-east-1",
            "statistic": "Average",
            "tags": {
              "Environment": "production",
              "ManagedBy": "terraform",
              "Name": "ecs-huntaze-api-cpu-alarm",
              "Severity": "warning"
            },
            "tags_all": {
              "Environment": "production",
              "ManagedBy": "terraform",
              "Name": "ecs-huntaze-api-cpu-alarm",
              "Severity": "warning"
            },
            "threshold": 70,
            "threshold_metric_id": "",
            "treat_missing_data": "missing",
            "unit": ""
          },
          "sensitive_attributes": [],
          "private": "eyJzY2hlbWFfdmVyc2lvbiI6IjEifQ==",
          "dependencies": [
            "aws_kms_key.sns_encryption",
            "aws_sns_topic.ops_alerts"
          ]
        }
      ]
    },
    {
      "mode": "managed",
      "type": "aws_cloudwatch_metric_alarm",
      "name": "ecs_service_cpu_high_scraper",
      "provider": "provider[\"registry.terraform.io/hashicorp/aws\"]",
      "instances": [
        {
          "schema_version": 1,
          "attributes": {
            "actions_enabled": true,
            "alarm_actions": [
              "arn:aws:sns:us-east-1:317805897534:huntaze-ops-alerts"
            ],
            "alarm_description": "ECS onlyfans-scraper service CPU utilization \u003e 70%",
            "alarm_name": "ecs-onlyfans-scraper-cpu-high",
            "arn": "arn:aws:cloudwatch:us-east-1:317805897534:alarm:ecs-onlyfans-scraper-cpu-high",
            "comparison_operator": "GreaterThanThreshold",
            "datapoints_to_alarm": 0,
            "dimensions": {
              "ClusterName": "huntaze-of-fargate",
              "ServiceName": "huntaze-onlyfans-scraper"
            },
            "evaluate_low_sample_count_percentiles": "",
            "evaluation_periods": 2,
            "extended_statistic": "",
            "id": "ecs-onlyfans-scraper-cpu-high",
            "insufficient_data_actions": [],
            "metric_name": "CPUUtilization",
            "metric_query": [],
            "namespace": "AWS/ECS",
            "ok_actions": [
              "arn:aws:sns:us-east-1:317805897534:huntaze-ops-alerts"
            ],
            "period": 300,
            "region": "us-east-1",
            "statistic": "Average",
            "tags": {
              "Environment": "production",
              "ManagedBy": "terraform",
              "Name": "ecs-onlyfans-scraper-cpu-alarm",
              "Severity": "warning"
            },
            "tags_all": {
              "Environment": "production",
              "ManagedBy": "terraform",
              "Name": "ecs-onlyfans-scraper-cpu-alarm",
              "Severity": "warning"
            },
            "threshold": 70,
            "threshold_metric_id": "",
            "treat_missing_data": "missing",
            "unit": ""
          },
          "sensitive_attributes": [],
          "private": "eyJzY2hlbWFfdmVyc2lvbiI6IjEifQ==",
          "dependencies": [
            "aws_kms_key.sns_encryption",
            "aws_sns_topic.ops_alerts"
          ]
        }
      ]
    },
    {
      "mode": "managed",
      "type": "aws_cloudwatch_metric_alarm",
      "name": "ecs_service_memory_high_api",
      "provider": "provider[\"registry.terraform.io/hashicorp/aws\"]",
      "instances": [
        {
          "schema_version": 1,
          "attributes": {
            "actions_enabled": true,
            "alarm_actions": [
              "arn:aws:sns:us-east-1:317805897534:huntaze-ops-alerts"
            ],
            "alarm_description": "ECS huntaze-api service memory utilization \u003e 80%",
            "alarm_name": "ecs-huntaze-api-memory-high",
            "arn": "arn:aws:cloudwatch:us-east-1:317805897534:alarm:ecs-huntaze-api-memory-high",
            "comparison_operator": "GreaterThanThreshold",
            "datapoints_to_alarm": 0,
            "dimensions": {
              "ClusterName": "huntaze-cluster",
              "ServiceName": "huntaze-api"
            },
            "evaluate_low_sample_count_percentiles": "",
            "evaluation_periods": 2,
            "extended_statistic": "",
            "id": "ecs-huntaze-api-memory-high",
            "insufficient_data_actions": [],
            "metric_name": "MemoryUtilization",
            "metric_query": [],
            "namespace": "AWS/ECS",
            "ok_actions": [
              "arn:aws:sns:us-east-1:317805897534:huntaze-ops-alerts"
            ],
            "period": 300,
            "region": "us-east-1",
            "statistic": "Average",
            "tags": {
              "Environment": "production",
              "ManagedBy": "terraform",
              "Name": "ecs-huntaze-api-memory-alarm",
              "Severity": "warning"
            },
            "tags_all": {
              "Environment": "production",
              "ManagedBy": "terraform",
              "Name": "ecs-huntaze-api-memory-alarm",
              "Severity": "warning"
            },
            "threshold": 80,
            "threshold_metric_id": "",
            "treat_missing_data": "missing",
            "unit": ""
          },
          "sensitive_attributes": [],
          "private": "eyJzY2hlbWFfdmVyc2lvbiI6IjEifQ==",
          "dependencies": [
            "aws_kms_key.sns_encryption",
            "aws_sns_topic.ops_alerts"
          ]
        }
      ]
    },
    {
      "mode": "managed",
      "type": "aws_cloudwatch_metric_alarm",
      "name": "ecs_service_memory_high_scraper",
      "provider": "provider[\"registry.terraform.io/hashicorp/aws\"]",
      "instances": [
        {
          "schema_version": 1,
          "attributes": {
            "actions_enabled": true,
            "alarm_actions": [
              "arn:aws:sns:us-east-1:317805897534:huntaze-ops-alerts"
            ],
            "alarm_description": "ECS onlyfans-scraper service memory utilization \u003e 80%",
            "alarm_name": "ecs-onlyfans-scraper-memory-high",
            "arn": "arn:aws:cloudwatch:us-east-1:317805897534:alarm:ecs-onlyfans-scraper-memory-high",
            "comparison_operator": "GreaterThanThreshold",
            "datapoints_to_alarm": 0,
            "dimensions": {
              "ClusterName": "huntaze-of-fargate",
              "ServiceName": "huntaze-onlyfans-scraper"
            },
            "evaluate_low_sample_count_percentiles": "",
            "evaluation_periods": 2,
            "extended_statistic": "",
            "id": "ecs-onlyfans-scraper-memory-high",
            "insufficient_data_actions": [],
            "metric_name": "MemoryUtilization",
            "metric_query": [],
            "namespace": "AWS/ECS",
            "ok_actions": [
              "arn:aws:sns:us-east-1:317805897534:huntaze-ops-alerts"
            ],
            "period": 300,
            "region": "us-east-1",
            "statistic": "Average",
            "tags": {
              "Environment": "production",
              "ManagedBy": "terraform",
              "Name": "ecs-onlyfans-scraper-memory-alarm",
              "Severity": "warning"
            },
            "tags_all": {
              "Environment": "production",
              "ManagedBy": "terraform",
              "Name": "ecs-onlyfans-scraper-memory-alarm",
              "Severity": "warning"
            },
            "threshold": 80,
            "threshold_metric_id": "",
            "treat_missing_data": "missing",
            "unit": ""
          },
          "sensitive_attributes": [],
          "private": "eyJzY2hlbWFfdmVyc2lvbiI6IjEifQ==",
          "dependencies": [
            "aws_kms_key.sns_encryption",
            "aws_sns_topic.ops_alerts"
          ]
        }
      ]
    },
    {
      "mode": "managed",
      "type": "aws_cloudwatch_metric_alarm",
      "name": "ecs_service_task_count_low_api",
      "provider": "provider[\"registry.terraform.io/hashicorp/aws\"]",
      "instances": [
        {
          "schema_version": 1,
          "attributes": {
            "actions_enabled": true,
            "alarm_actions": [
              "arn:aws:sns:us-east-1:317805897534:huntaze-ops-alerts"
            ],
            "alarm_description": "ECS huntaze-api service has no running tasks (CRITICAL)",
            "alarm_name": "ecs-huntaze-api-no-running-tasks",
            "arn": "arn:aws:cloudwatch:us-east-1:317805897534:alarm:ecs-huntaze-api-no-running-tasks",
            "comparison_operator": "LessThanThreshold",
            "datapoints_to_alarm": 0,
            "dimensions": {
              "ClusterName": "huntaze-cluster",
              "ServiceName": "huntaze-api"
            },
            "evaluate_low_sample_count_percentiles": "",
            "evaluation_periods": 1,
            "extended_statistic": "",
            "id": "ecs-huntaze-api-no-running-tasks",
            "insufficient_data_actions": [],
            "metric_name": "RunningTaskCount",
            "metric_query": [],
            "namespace": "ECS/ContainerInsights",
            "ok_actions": [
              "arn:aws:sns:us-east-1:317805897534:huntaze-ops-alerts"
            ],
            "period": 60,
            "region": "us-east-1",
            "statistic": "Average",
            "tags": {
              "Environment": "production",
              "ManagedBy": "terraform",
              "Name": "ecs-huntaze-api-task-count-alarm",
              "Severity": "critical"
            },
            "tags_all": {
              "Environment": "production",
              "ManagedBy": "terraform",
              "Name": "ecs-huntaze-api-task-count-alarm",
              "Severity": "critical"
            },
            "threshold": 1,
            "threshold_metric_id": "",
            "treat_missing_data": "breaching",
            "unit": ""
          },
          "sensitive_attributes": [],
          "private": "eyJzY2hlbWFfdmVyc2lvbiI6IjEifQ==",
          "dependencies": [
            "aws_kms_key.sns_encryption",
            "aws_sns_topic.ops_alerts"
          ]
        }
      ]
    },
    {
      "mode": "managed",
      "type": "aws_cloudwatch_metric_alarm",
      "name": "ecs_service_task_count_low_scraper",
      "provider": "provider[\"registry.terraform.io/hashicorp/aws\"]",
      "instances": [
        {
          "schema_version": 1,
          "attributes": {
            "actions_enabled": true,
            "alarm_actions": [
              "arn:aws:sns:us-east-1:317805897534:huntaze-ops-alerts"
            ],
            "alarm_description": "ECS onlyfans-scraper service has no running tasks (CRITICAL)",
            "alarm_name": "ecs-onlyfans-scraper-no-running-tasks",
            "arn": "arn:aws:cloudwatch:us-east-1:317805897534:alarm:ecs-onlyfans-scraper-no-running-tasks",
            "comparison_operator": "LessThanThreshold",
            "datapoints_to_alarm": 0,
            "dimensions": {
              "ClusterName": "huntaze-of-fargate",
              "ServiceName": "huntaze-onlyfans-scraper"
            },
            "evaluate_low_sample_count_percentiles": "",
            "evaluation_periods": 1,
            "extended_statistic": "",
            "id": "ecs-onlyfans-scraper-no-running-tasks",
            "insufficient_data_actions": [],
            "metric_name": "RunningTaskCount",
            "metric_query": [],
            "namespace": "ECS/ContainerInsights",
            "ok_actions": [
              "arn:aws:sns:us-east-1:317805897534:huntaze-ops-alerts"
            ],
            "period": 60,
            "region": "us-east-1",
            "statistic": "Average",
            "tags": {
              "Environment": "production",
              "ManagedBy": "terraform",
              "Name": "ecs-onlyfans-scraper-task-count-alarm",
              "Severity": "critical"
            },
            "tags_all": {
              "Environment": "production",
              "ManagedBy": "terraform",
              "Name": "ecs-onlyfans-scraper-task-count-alarm",
              "Severity": "critical"
            },
            "threshold": 1,
            "threshold_metric_id": "",
            "treat_missing_data": "breaching",
            "unit": ""
          },
          "sensitive_attributes": [],
          "private": "eyJzY2hlbWFfdmVyc2lvbiI6IjEifQ==",
          "dependencies": [
            "aws_kms_key.sns_encryption",
            "aws_sns_topic.ops_alerts"
          ]
        }
      ]
    },
    {
      "mode": "managed",
      "type": "aws_cloudwatch_metric_alarm",
      "name": "ecs_task_count_low",
      "provider": "provider[\"registry.terraform.io/hashicorp/aws\"]",
      "instances": [
        {
          "schema_version": 1,
          "attributes": {
            "actions_enabled": true,
            "alarm_actions": [
              "arn:aws:sns:us-east-1:317805897534:huntaze-cost-alerts"
            ],
            "alarm_description": "ECS huntaze-api service has no running tasks",
            "alarm_name": "ecs-huntaze-api-task-count-low",
            "arn": "arn:aws:cloudwatch:us-east-1:317805897534:alarm:ecs-huntaze-api-task-count-low",
            "comparison_operator": "LessThanThreshold",
            "datapoints_to_alarm": 0,
            "dimensions": {
              "ClusterName": "huntaze-cluster",
              "ServiceName": "huntaze-api"
            },
            "evaluate_low_sample_count_percentiles": "",
            "evaluation_periods": 1,
            "extended_statistic": "",
            "id": "ecs-huntaze-api-task-count-low",
            "insufficient_data_actions": [],
            "metric_name": "RunningTaskCount",
            "metric_query": [],
            "namespace": "ECS/ContainerInsights",
            "ok_actions": [],
            "period": 60,
            "region": "us-east-1",
            "statistic": "Average",
            "tags": {
              "Environment": "production",
              "ManagedBy": "terraform",
              "Name": "ecs-huntaze-api-task-count-alarm"
            },
            "tags_all": {
              "Environment": "production",
              "ManagedBy": "terraform",
              "Name": "ecs-huntaze-api-task-count-alarm"
            },
            "threshold": 1,
            "threshold_metric_id": "",
            "treat_missing_data": "missing",
            "unit": ""
          },
          "sensitive_attributes": [],
          "private": "eyJzY2hlbWFfdmVyc2lvbiI6IjEifQ==",
          "dependencies": [
            "aws_sns_topic.cost_alerts"
          ]
        }
      ]
    },
    {
      "mode": "managed",
      "type": "aws_cloudwatch_metric_alarm",
      "name": "rate_limiter_duration",
      "provider": "provider[\"registry.terraform.io/hashicorp/aws\"]",
      "instances": []
    },
    {
      "mode": "managed",
      "type": "aws_cloudwatch_metric_alarm",
      "name": "rate_limiter_errors",
      "provider": "provider[\"registry.terraform.io/hashicorp/aws\"]",
      "instances": []
    },
    {
      "mode": "managed",
      "type": "aws_cloudwatch_metric_alarm",
      "name": "rate_limiter_throttles",
      "provider": "provider[\"registry.terraform.io/hashicorp/aws\"]",
      "instances": []
    },
    {
      "mode": "managed",
      "type": "aws_cloudwatch_metric_alarm",
      "name": "rds_connections_high",
      "provider": "provider[\"registry.terraform.io/hashicorp/aws\"]",
      "instances": [
        {
          "schema_version": 1,
          "attributes": {
            "actions_enabled": true,
            "alarm_actions": [
              "arn:aws:sns:us-east-1:317805897534:huntaze-cost-alerts"
            ],
            "alarm_description": "RDS connection count is too high",
            "alarm_name": "huntaze-rds-connections-high",
            "arn": "arn:aws:cloudwatch:us-east-1:317805897534:alarm:huntaze-rds-connections-high",
            "comparison_operator": "GreaterThanThreshold",
            "datapoints_to_alarm": 0,
            "dimensions": {
              "DBInstanceIdentifier": "huntaze-postgres-production"
            },
            "evaluate_low_sample_count_percentiles": "",
            "evaluation_periods": 2,
            "extended_statistic": "",
            "id": "huntaze-rds-connections-high",
            "insufficient_data_actions": [],
            "metric_name": "DatabaseConnections",
            "metric_query": [],
            "namespace": "AWS/RDS",
            "ok_actions": [],
            "period": 300,
            "region": "us-east-1",
            "statistic": "Average",
            "tags": {
              "Environment": "production",
              "ManagedBy": "terraform",
              "Name": "huntaze-rds-connections-alarm"
            },
            "tags_all": {
              "Environment": "production",
              "ManagedBy": "terraform",
              "Name": "huntaze-rds-connections-alarm"
            },
            "threshold": 80,
            "threshold_metric_id": "",
            "treat_missing_data": "missing",
            "unit": ""
          },
          "sensitive_attributes": [],
          "private": "eyJzY2hlbWFfdmVyc2lvbiI6IjEifQ==",
          "dependencies": [
            "aws_sns_topic.cost_alerts"
          ]
        }
      ]
    },
    {
      "mode": "managed",
      "type": "aws_cloudwatch_metric_alarm",
      "name": "rds_cpu_high",
      "provider": "provider[\"registry.terraform.io/hashicorp/aws\"]",
      "instances": [
        {
          "schema_version": 1,
          "attributes": {
            "actions_enabled": true,
            "alarm_actions": [
              "arn:aws:sns:us-east-1:317805897534:huntaze-cost-alerts"
            ],
            "alarm_description": "RDS CPU utilization is too high",
            "alarm_name": "huntaze-rds-cpu-high",
            "arn": "arn:aws:cloudwatch:us-east-1:317805897534:alarm:huntaze-rds-cpu-high",
            "comparison_operator": "GreaterThanThreshold",
            "datapoints_to_alarm": 0,
            "dimensions": {
              "DBInstanceIdentifier": "huntaze-postgres-production"
            },
            "evaluate_low_sample_count_percentiles": "",
            "evaluation_periods": 2,
            "extended_statistic": "",
            "id": "huntaze-rds-cpu-high",
            "insufficient_data_actions": [],
            "metric_name": "CPUUtilization",
            "metric_query": [],
            "namespace": "AWS/RDS",
            "ok_actions": [],
            "period": 300,
            "region": "us-east-1",
            "statistic": "Average",
            "tags": {
              "Environment": "production",
              "ManagedBy": "terraform",
              "Name": "huntaze-rds-cpu-alarm"
            },
            "tags_all": {
              "Environment": "production",
              "ManagedBy": "terraform",
              "Name": "huntaze-rds-cpu-alarm"
            },
            "threshold": 80,
            "threshold_metric_id": "",
            "treat_missing_data": "missing",
            "unit": ""
          },
          "sensitive_attributes": [],
          "private": "eyJzY2hlbWFfdmVyc2lvbiI6IjEifQ==",
          "dependencies": [
            "aws_sns_topic.cost_alerts"
          ]
        }
      ]
    },
    {
      "mode": "managed",
      "type": "aws_cloudwatch_metric_alarm",
      "name": "rds_db_load_high",
      "provider": "provider[\"registry.terraform.io/hashicorp/aws\"]",
      "instances": [
        {
          "schema_version": 1,
          "attributes": {
            "actions_enabled": true,
            "alarm_actions": [
              "arn:aws:sns:us-east-1:317805897534:huntaze-ops-alerts"
            ],
            "alarm_description": "Database load exceeds 0.8 average active sessions",
            "alarm_name": "rds-huntaze-postgres-production-db-load-high",
            "arn": "arn:aws:cloudwatch:us-east-1:317805897534:alarm:rds-huntaze-postgres-production-db-load-high",
            "comparison_operator": "GreaterThanThreshold",
            "datapoints_to_alarm": 0,
            "dimensions": {
              "DBInstanceIdentifier": "huntaze-postgres-production"
            },
            "evaluate_low_sample_count_percentiles": "",
            "evaluation_periods": 2,
            "extended_statistic": "",
            "id": "rds-huntaze-postgres-production-db-load-high",
            "insufficient_data_actions": [],
            "metric_name": "DBLoad",
            "metric_query": [],
            "namespace": "AWS/RDS",
            "ok_actions": [
              "arn:aws:sns:us-east-1:317805897534:huntaze-ops-alerts"
            ],
            "period": 300,
            "region": "us-east-1",
            "statistic": "Average",
            "tags": {
              "Environment": "production",
              "ManagedBy": "terraform",
              "Name": "rds-db-load-high-alarm",
              "Severity": "warning"
            },
            "tags_all": {
              "Environment": "production",
              "ManagedBy": "terraform",
              "Name": "rds-db-load-high-alarm",
              "Severity": "warning"
            },
            "threshold": 0.8,
            "threshold_metric_id": "",
            "treat_missing_data": "missing",
            "unit": ""
          },
          "sensitive_attributes": [],
          "private": "eyJzY2hlbWFfdmVyc2lvbiI6IjEifQ==",
          "dependencies": [
            "aws_kms_key.sns_encryption",
            "aws_sns_topic.ops_alerts"
          ]
        }
      ]
    },
    {
      "mode": "managed",
      "type": "aws_cloudwatch_metric_alarm",
      "name": "rds_disk_queue_depth_high",
      "provider": "provider[\"registry.terraform.io/hashicorp/aws\"]",
      "instances": [
        {
          "schema_version": 1,
          "attributes": {
            "actions_enabled": true,
            "alarm_actions": [
              "arn:aws:sns:us-east-1:317805897534:huntaze-ops-alerts"
            ],
            "alarm_description": "RDS disk queue depth \u003e 10 (I/O bottleneck)",
            "alarm_name": "rds-huntaze-postgres-disk-queue-depth-high",
            "arn": "arn:aws:cloudwatch:us-east-1:317805897534:alarm:rds-huntaze-postgres-disk-queue-depth-high",
            "comparison_operator": "GreaterThanThreshold",
            "datapoints_to_alarm": 0,
            "dimensions": {
              "DBInstanceIdentifier": "huntaze-postgres-production"
            },
            "evaluate_low_sample_count_percentiles": "",
            "evaluation_periods": 2,
            "extended_statistic": "",
            "id": "rds-huntaze-postgres-disk-queue-depth-high",
            "insufficient_data_actions": [],
            "metric_name": "DiskQueueDepth",
            "metric_query": [],
            "namespace": "AWS/RDS",
            "ok_actions": [],
            "period": 300,
            "region": "us-east-1",
            "statistic": "Average",
            "tags": {
              "Environment": "production",
              "ManagedBy": "terraform",
              "Name": "rds-disk-queue-depth-alarm",
              "Severity": "warning"
            },
            "tags_all": {
              "Environment": "production",
              "ManagedBy": "terraform",
              "Name": "rds-disk-queue-depth-alarm",
              "Severity": "warning"
            },
            "threshold": 10,
            "threshold_metric_id": "",
            "treat_missing_data": "missing",
            "unit": ""
          },
          "sensitive_attributes": [],
          "private": "eyJzY2hlbWFfdmVyc2lvbiI6IjEifQ==",
          "dependencies": [
            "aws_kms_key.sns_encryption",
            "aws_sns_topic.ops_alerts"
          ]
        }
      ]
    },
    {
      "mode": "managed",
      "type": "aws_cloudwatch_metric_alarm",
      "name": "rds_lock_waits_high",
      "provider": "provider[\"registry.terraform.io/hashicorp/aws\"]",
      "instances": [
        {
          "schema_version": 1,
          "attributes": {
            "actions_enabled": true,
            "alarm_actions": [
              "arn:aws:sns:us-east-1:317805897534:huntaze-ops-alerts"
            ],
            "alarm_description": "Database lock waits exceed 100ms",
            "alarm_name": "rds-huntaze-postgres-production-lock-waits-high",
            "arn": "arn:aws:cloudwatch:us-east-1:317805897534:alarm:rds-huntaze-postgres-production-lock-waits-high",
            "comparison_operator": "GreaterThanThreshold",
            "datapoints_to_alarm": 0,
            "dimensions": {
              "DBInstanceIdentifier": "huntaze-postgres-production",
              "WaitEvent": "Lock"
            },
            "evaluate_low_sample_count_percentiles": "",
            "evaluation_periods": 2,
            "extended_statistic": "",
            "id": "rds-huntaze-postgres-production-lock-waits-high",
            "insufficient_data_actions": [],
            "metric_name": "DBLoadByWaitEvent",
            "metric_query": [],
            "namespace": "AWS/RDS",
            "ok_actions": [],
            "period": 300,
            "region": "us-east-1",
            "statistic": "Average",
            "tags": {
              "Environment": "production",
              "ManagedBy": "terraform",
              "Name": "rds-lock-waits-high-alarm",
              "Severity": "warning"
            },
            "tags_all": {
              "Environment": "production",
              "ManagedBy": "terraform",
              "Name": "rds-lock-waits-high-alarm",
              "Severity": "warning"
            },
            "threshold": 100,
            "threshold_metric_id": "",
            "treat_missing_data": "missing",
            "unit": ""
          },
          "sensitive_attributes": [],
          "private": "eyJzY2hlbWFfdmVyc2lvbiI6IjEifQ==",
          "dependencies": [
            "aws_kms_key.sns_encryption",
            "aws_sns_topic.ops_alerts"
          ]
        }
      ]
    },
    {
      "mode": "managed",
      "type": "aws_cloudwatch_metric_alarm",
      "name": "rds_memory_low",
      "provider": "provider[\"registry.terraform.io/hashicorp/aws\"]",
      "instances": [
        {
          "schema_version": 1,
          "attributes": {
            "actions_enabled": true,
            "alarm_actions": [
              "arn:aws:sns:us-east-1:317805897534:huntaze-cost-alerts"
            ],
            "alarm_description": "RDS freeable memory is too low",
            "alarm_name": "huntaze-rds-memory-low",
            "arn": "arn:aws:cloudwatch:us-east-1:317805897534:alarm:huntaze-rds-memory-low",
            "comparison_operator": "LessThanThreshold",
            "datapoints_to_alarm": 0,
            "dimensions": {
              "DBInstanceIdentifier": "huntaze-postgres-production"
            },
            "evaluate_low_sample_count_percentiles": "",
            "evaluation_periods": 2,
            "extended_statistic": "",
            "id": "huntaze-rds-memory-low",
            "insufficient_data_actions": [],
            "metric_name": "FreeableMemory",
            "metric_query": [],
            "namespace": "AWS/RDS",
            "ok_actions": [],
            "period": 300,
            "region": "us-east-1",
            "statistic": "Average",
            "tags": {
              "Environment": "production",
              "ManagedBy": "terraform",
              "Name": "huntaze-rds-memory-alarm"
            },
            "tags_all": {
              "Environment": "production",
              "ManagedBy": "terraform",
              "Name": "huntaze-rds-memory-alarm"
            },
            "threshold": 1000000000,
            "threshold_metric_id": "",
            "treat_missing_data": "missing",
            "unit": ""
          },
          "sensitive_attributes": [],
          "private": "eyJzY2hlbWFfdmVyc2lvbiI6IjEifQ==",
          "dependencies": [
            "aws_sns_topic.cost_alerts"
          ]
        }
      ]
    },
    {
      "mode": "managed",
      "type": "aws_cloudwatch_metric_alarm",
      "name": "rds_read_latency_high",
      "provider": "provider[\"registry.terraform.io/hashicorp/aws\"]",
      "instances": [
        {
          "schema_version": 1,
          "attributes": {
            "actions_enabled": true,
            "alarm_actions": [
              "arn:aws:sns:us-east-1:317805897534:huntaze-ops-alerts"
            ],
            "alarm_description": "RDS read latency \u003e 100ms",
            "alarm_name": "rds-huntaze-postgres-read-latency-high",
            "arn": "arn:aws:cloudwatch:us-east-1:317805897534:alarm:rds-huntaze-postgres-read-latency-high",
            "comparison_operator": "GreaterThanThreshold",
            "datapoints_to_alarm": 0,
            "dimensions": {
              "DBInstanceIdentifier": "huntaze-postgres-production"
            },
            "evaluate_low_sample_count_percentiles": "",
            "evaluation_periods": 2,
            "extended_statistic": "",
            "id": "rds-huntaze-postgres-read-latency-high",
            "insufficient_data_actions": [],
            "metric_name": "ReadLatency",
            "metric_query": [],
            "namespace": "AWS/RDS",
            "ok_actions": [],
            "period": 300,
            "region": "us-east-1",
            "statistic": "Average",
            "tags": {
              "Environment": "production",
              "ManagedBy": "terraform",
              "Name": "rds-read-latency-alarm",
              "Severity": "warning"
            },
            "tags_all": {
              "Environment": "production",
              "ManagedBy": "terraform",
              "Name": "rds-read-latency-alarm",
              "Severity": "warning"
            },
            "threshold": 0.1,
            "threshold_metric_id": "",
            "treat_missing_data": "missing",
            "unit": ""
          },
          "sensitive_attributes": [],
          "private": "eyJzY2hlbWFfdmVyc2lvbiI6IjEifQ==",
          "dependencies": [
            "aws_kms_key.sns_encryption",
            "aws_sns_topic.ops_alerts"
          ]
        }
      ]
    },
    {
      "mode": "managed",
      "type": "aws_cloudwatch_metric_alarm",
      "name": "rds_storage_low",
      "provider": "provider[\"registry.terraform.io/hashicorp/aws\"]",
      "instances": [
        {
          "schema_version": 1,
          "attributes": {
            "actions_enabled": true,
            "alarm_actions": [
              "arn:aws:sns:us-east-1:317805897534:huntaze-cost-alerts"
            ],
            "alarm_description": "RDS free storage space is too low",
            "alarm_name": "huntaze-rds-storage-low",
            "arn": "arn:aws:cloudwatch:us-east-1:317805897534:alarm:huntaze-rds-storage-low",
            "comparison_operator": "LessThanThreshold",
            "datapoints_to_alarm": 0,
            "dimensions": {
              "DBInstanceIdentifier": "huntaze-postgres-production"
            },
            "evaluate_low_sample_count_percentiles": "",
            "evaluation_periods": 1,
            "extended_statistic": "",
            "id": "huntaze-rds-storage-low",
            "insufficient_data_actions": [],
            "metric_name": "FreeStorageSpace",
            "metric_query": [],
            "namespace": "AWS/RDS",
            "ok_actions": [],
            "period": 300,
            "region": "us-east-1",
            "statistic": "Average",
            "tags": {
              "Environment": "production",
              "ManagedBy": "terraform",
              "Name": "huntaze-rds-storage-alarm"
            },
            "tags_all": {
              "Environment": "production",
              "ManagedBy": "terraform",
              "Name": "huntaze-rds-storage-alarm"
            },
            "threshold": 10000000000,
            "threshold_metric_id": "",
            "treat_missing_data": "missing",
            "unit": ""
          },
          "sensitive_attributes": [],
          "private": "eyJzY2hlbWFfdmVyc2lvbiI6IjEifQ==",
          "dependencies": [
            "aws_sns_topic.cost_alerts"
          ]
        }
      ]
    },
    {
      "mode": "managed",
      "type": "aws_cloudwatch_metric_alarm",
      "name": "rds_write_latency_high",
      "provider": "provider[\"registry.terraform.io/hashicorp/aws\"]",
      "instances": [
        {
          "schema_version": 1,
          "attributes": {
            "actions_enabled": true,
            "alarm_actions": [
              "arn:aws:sns:us-east-1:317805897534:huntaze-ops-alerts"
            ],
            "alarm_description": "RDS write latency \u003e 100ms",
            "alarm_name": "rds-huntaze-postgres-write-latency-high",
            "arn": "arn:aws:cloudwatch:us-east-1:317805897534:alarm:rds-huntaze-postgres-write-latency-high",
            "comparison_operator": "GreaterThanThreshold",
            "datapoints_to_alarm": 0,
            "dimensions": {
              "DBInstanceIdentifier": "huntaze-postgres-production"
            },
            "evaluate_low_sample_count_percentiles": "",
            "evaluation_periods": 2,
            "extended_statistic": "",
            "id": "rds-huntaze-postgres-write-latency-high",
            "insufficient_data_actions": [],
            "metric_name": "WriteLatency",
            "metric_query": [],
            "namespace": "AWS/RDS",
            "ok_actions": [],
            "period": 300,
            "region": "us-east-1",
            "statistic": "Average",
            "tags": {
              "Environment": "production",
              "ManagedBy": "terraform",
              "Name": "rds-write-latency-alarm",
              "Severity": "warning"
            },
            "tags_all": {
              "Environment": "production",
              "ManagedBy": "terraform",
              "Name": "rds-write-latency-alarm",
              "Severity": "warning"
            },
            "threshold": 0.1,
            "threshold_metric_id": "",
            "treat_missing_data": "missing",
            "unit": ""
          },
          "sensitive_attributes": [],
          "private": "eyJzY2hlbWFfdmVyc2lvbiI6IjEifQ==",
          "dependencies": [
            "aws_kms_key.sns_encryption",
            "aws_sns_topic.ops_alerts"
          ]
        }
      ]
    },
    {
      "mode": "managed",
      "type": "aws_cloudwatch_metric_alarm",
      "name": "sqs_age_of_oldest_message_fifo",
      "provider": "provider[\"registry.terraform.io/hashicorp/aws\"]",
      "instances": [
        {
          "schema_version": 1,
          "attributes": {
            "actions_enabled": true,
            "alarm_actions": [
              "arn:aws:sns:us-east-1:317805897534:huntaze-ops-alerts"
            ],
            "alarm_description": "SQS workflows FIFO queue has messages older than 5 minutes",
            "alarm_name": "sqs-workflows-fifo-age-of-oldest-message-high",
            "arn": "arn:aws:cloudwatch:us-east-1:317805897534:alarm:sqs-workflows-fifo-age-of-oldest-message-high",
            "comparison_operator": "GreaterThanThreshold",
            "datapoints_to_alarm": 0,
            "dimensions": {
              "QueueName": "huntaze-hybrid-workflows.fifo"
            },
            "evaluate_low_sample_count_percentiles": "",
            "evaluation_periods": 1,
            "extended_statistic": "",
            "id": "sqs-workflows-fifo-age-of-oldest-message-high",
            "insufficient_data_actions": [],
            "metric_name": "ApproximateAgeOfOldestMessage",
            "metric_query": [],
            "namespace": "AWS/SQS",
            "ok_actions": [
              "arn:aws:sns:us-east-1:317805897534:huntaze-ops-alerts"
            ],
            "period": 300,
            "region": "us-east-1",
            "statistic": "Maximum",
            "tags": {
              "Environment": "production",
              "ManagedBy": "terraform",
              "Name": "sqs-workflows-fifo-age-alarm",
              "Severity": "warning"
            },
            "tags_all": {
              "Environment": "production",
              "ManagedBy": "terraform",
              "Name": "sqs-workflows-fifo-age-alarm",
              "Severity": "warning"
            },
            "threshold": 300,
            "threshold_metric_id": "",
            "treat_missing_data": "missing",
            "unit": ""
          },
          "sensitive_attributes": [],
          "private": "eyJzY2hlbWFfdmVyc2lvbiI6IjEifQ==",
          "dependencies": [
            "aws_kms_key.sns_encryption",
            "aws_sns_topic.ops_alerts",
            "data.aws_sqs_queue.hybrid_workflows_fifo"
          ]
        }
      ]
    },
    {
      "mode": "managed",
      "type": "aws_cloudwatch_metric_alarm",
      "name": "sqs_age_of_oldest_message_standard",
      "provider": "provider[\"registry.terraform.io/hashicorp/aws\"]",
      "instances": [
        {
          "schema_version": 1,
          "attributes": {
            "actions_enabled": true,
            "alarm_actions": [
              "arn:aws:sns:us-east-1:317805897534:huntaze-ops-alerts"
            ],
            "alarm_description": "SQS rate-limiter queue has messages older than 5 minutes",
            "alarm_name": "sqs-rate-limiter-age-of-oldest-message-high",
            "arn": "arn:aws:cloudwatch:us-east-1:317805897534:alarm:sqs-rate-limiter-age-of-oldest-message-high",
            "comparison_operator": "GreaterThanThreshold",
            "datapoints_to_alarm": 0,
            "dimensions": {
              "QueueName": "huntaze-rate-limiter-queue"
            },
            "evaluate_low_sample_count_percentiles": "",
            "evaluation_periods": 1,
            "extended_statistic": "",
            "id": "sqs-rate-limiter-age-of-oldest-message-high",
            "insufficient_data_actions": [],
            "metric_name": "ApproximateAgeOfOldestMessage",
            "metric_query": [],
            "namespace": "AWS/SQS",
            "ok_actions": [
              "arn:aws:sns:us-east-1:317805897534:huntaze-ops-alerts"
            ],
            "period": 300,
            "region": "us-east-1",
            "statistic": "Maximum",
            "tags": {
              "Environment": "production",
              "ManagedBy": "terraform",
              "Name": "sqs-rate-limiter-age-alarm",
              "Severity": "warning"
            },
            "tags_all": {
              "Environment": "production",
              "ManagedBy": "terraform",
              "Name": "sqs-rate-limiter-age-alarm",
              "Severity": "warning"
            },
            "threshold": 300,
            "threshold_metric_id": "",
            "treat_missing_data": "missing",
            "unit": ""
          },
          "sensitive_attributes": [],
          "private": "eyJzY2hlbWFfdmVyc2lvbiI6IjEifQ==",
          "dependencies": [
            "aws_kms_key.sns_encryption",
            "aws_sns_topic.ops_alerts",
            "data.aws_sqs_queue.rate_limiter_queue"
          ]
        }
      ]
    },
    {
      "mode": "managed",
      "type": "aws_cloudwatch_metric_alarm",
      "name": "sqs_dlq_depth_fifo",
      "provider": "provider[\"registry.terraform.io/hashicorp/aws\"]",
      "instances": [
        {
          "schema_version": 1,
          "attributes": {
            "actions_enabled": true,
            "alarm_actions": [
              "arn:aws:sns:us-east-1:317805897534:huntaze-ops-alerts"
            ],
            "alarm_description": "SQS workflows FIFO DLQ has \u003e 10 messages (CRITICAL - investigate failures)",
            "alarm_name": "sqs-workflows-fifo-dlq-depth-high",
            "arn": "arn:aws:cloudwatch:us-east-1:317805897534:alarm:sqs-workflows-fifo-dlq-depth-high",
            "comparison_operator": "GreaterThanThreshold",
            "datapoints_to_alarm": 0,
            "dimensions": {
              "QueueName": "huntaze-hybrid-workflows-dlq.fifo"
            },
            "evaluate_low_sample_count_percentiles": "",
            "evaluation_periods": 1,
            "extended_statistic": "",
            "id": "sqs-workflows-fifo-dlq-depth-high",
            "insufficient_data_actions": [],
            "metric_name": "ApproximateNumberOfMessagesVisible",
            "metric_query": [],
            "namespace": "AWS/SQS",
            "ok_actions": [
              "arn:aws:sns:us-east-1:317805897534:huntaze-ops-alerts"
            ],
            "period": 60,
            "region": "us-east-1",
            "statistic": "Sum",
            "tags": {
              "Environment": "production",
              "ManagedBy": "terraform",
              "Name": "sqs-workflows-fifo-dlq-alarm",
              "Severity": "critical"
            },
            "tags_all": {
              "Environment": "production",
              "ManagedBy": "terraform",
              "Name": "sqs-workflows-fifo-dlq-alarm",
              "Severity": "critical"
            },
            "threshold": 10,
            "threshold_metric_id": "",
            "treat_missing_data": "notBreaching",
            "unit": ""
          },
          "sensitive_attributes": [],
          "private": "eyJzY2hlbWFfdmVyc2lvbiI6IjEifQ==",
          "dependencies": [
            "aws_kms_key.sns_encryption",
            "aws_sns_topic.ops_alerts",
            "data.aws_sqs_queue.hybrid_workflows_dlq_fifo"
          ]
        }
      ]
    },
    {
      "mode": "managed",
      "type": "aws_cloudwatch_metric_alarm",
      "name": "sqs_dlq_depth_standard",
      "provider": "provider[\"registry.terraform.io/hashicorp/aws\"]",
      "instances": [
        {
          "schema_version": 1,
          "attributes": {
            "actions_enabled": true,
            "alarm_actions": [
              "arn:aws:sns:us-east-1:317805897534:huntaze-ops-alerts"
            ],
            "alarm_description": "SQS rate-limiter DLQ has \u003e 10 messages (CRITICAL - investigate failures)",
            "alarm_name": "sqs-rate-limiter-dlq-depth-high",
            "arn": "arn:aws:cloudwatch:us-east-1:317805897534:alarm:sqs-rate-limiter-dlq-depth-high",
            "comparison_operator": "GreaterThanThreshold",
            "datapoints_to_alarm": 0,
            "dimensions": {
              "QueueName": "huntaze-rate-limiter-queue-dlq"
            },
            "evaluate_low_sample_count_percentiles": "",
            "evaluation_periods": 1,
            "extended_statistic": "",
            "id": "sqs-rate-limiter-dlq-depth-high",
            "insufficient_data_actions": [],
            "metric_name": "ApproximateNumberOfMessagesVisible",
            "metric_query": [],
            "namespace": "AWS/SQS",
            "ok_actions": [
              "arn:aws:sns:us-east-1:317805897534:huntaze-ops-alerts"
            ],
            "period": 60,
            "region": "us-east-1",
            "statistic": "Sum",
            "tags": {
              "Environment": "production",
              "ManagedBy": "terraform",
              "Name": "sqs-rate-limiter-dlq-alarm",
              "Severity": "critical"
            },
            "tags_all": {
              "Environment": "production",
              "ManagedBy": "terraform",
              "Name": "sqs-rate-limiter-dlq-alarm",
              "Severity": "critical"
            },
            "threshold": 10,
            "threshold_metric_id": "",
            "treat_missing_data": "notBreaching",
            "unit": ""
          },
          "sensitive_attributes": [],
          "private": "eyJzY2hlbWFfdmVyc2lvbiI6IjEifQ==",
          "dependencies": [
            "aws_kms_key.sns_encryption",
            "aws_sns_topic.ops_alerts",
            "aws_sqs_queue.rate_limiter_dlq"
          ]
        }
      ]
    },
    {
      "mode": "managed",
      "type": "aws_cloudwatch_metric_alarm",
      "name": "sqs_messages_visible_fifo",
      "provider": "provider[\"registry.terraform.io/hashicorp/aws\"]",
      "instances": [
        {
          "schema_version": 1,
          "attributes": {
            "actions_enabled": true,
            "alarm_actions": [
              "arn:aws:sns:us-east-1:317805897534:huntaze-ops-alerts"
            ],
            "alarm_description": "SQS workflows FIFO queue has \u003e 1000 visible messages (backlog)",
            "alarm_name": "sqs-workflows-fifo-messages-visible-high",
            "arn": "arn:aws:cloudwatch:us-east-1:317805897534:alarm:sqs-workflows-fifo-messages-visible-high",
            "comparison_operator": "GreaterThanThreshold",
            "datapoints_to_alarm": 0,
            "dimensions": {
              "QueueName": "huntaze-hybrid-workflows.fifo"
            },
            "evaluate_low_sample_count_percentiles": "",
            "evaluation_periods": 2,
            "extended_statistic": "",
            "id": "sqs-workflows-fifo-messages-visible-high",
            "insufficient_data_actions": [],
            "metric_name": "ApproximateNumberOfMessagesVisible",
            "metric_query": [],
            "namespace": "AWS/SQS",
            "ok_actions": [
              "arn:aws:sns:us-east-1:317805897534:huntaze-ops-alerts"
            ],
            "period": 300,
            "region": "us-east-1",
            "statistic": "Average",
            "tags": {
              "Environment": "production",
              "ManagedBy": "terraform",
              "Name": "sqs-workflows-fifo-backlog-alarm",
              "Severity": "warning"
            },
            "tags_all": {
              "Environment": "production",
              "ManagedBy": "terraform",
              "Name": "sqs-workflows-fifo-backlog-alarm",
              "Severity": "warning"
            },
            "threshold": 1000,
            "threshold_metric_id": "",
            "treat_missing_data": "missing",
            "unit": ""
          },
          "sensitive_attributes": [],
          "private": "eyJzY2hlbWFfdmVyc2lvbiI6IjEifQ==",
          "dependencies": [
            "aws_kms_key.sns_encryption",
            "aws_sns_topic.ops_alerts",
            "data.aws_sqs_queue.hybrid_workflows_fifo"
          ]
        }
      ]
    },
    {
      "mode": "managed",
      "type": "aws_cloudwatch_metric_alarm",
      "name": "sqs_messages_visible_standard",
      "provider": "provider[\"registry.terraform.io/hashicorp/aws\"]",
      "instances": [
        {
          "schema_version": 1,
          "attributes": {
            "actions_enabled": true,
            "alarm_actions": [
              "arn:aws:sns:us-east-1:317805897534:huntaze-ops-alerts"
            ],
            "alarm_description": "SQS rate-limiter queue has \u003e 1000 visible messages (backlog)",
            "alarm_name": "sqs-rate-limiter-messages-visible-high",
            "arn": "arn:aws:cloudwatch:us-east-1:317805897534:alarm:sqs-rate-limiter-messages-visible-high",
            "comparison_operator": "GreaterThanThreshold",
            "datapoints_to_alarm": 0,
            "dimensions": {
              "QueueName": "huntaze-rate-limiter-queue"
            },
            "evaluate_low_sample_count_percentiles": "",
            "evaluation_periods": 2,
            "extended_statistic": "",
            "id": "sqs-rate-limiter-messages-visible-high",
            "insufficient_data_actions": [],
            "metric_name": "ApproximateNumberOfMessagesVisible",
            "metric_query": [],
            "namespace": "AWS/SQS",
            "ok_actions": [
              "arn:aws:sns:us-east-1:317805897534:huntaze-ops-alerts"
            ],
            "period": 300,
            "region": "us-east-1",
            "statistic": "Average",
            "tags": {
              "Environment": "production",
              "ManagedBy": "terraform",
              "Name": "sqs-rate-limiter-backlog-alarm",
              "Severity": "warning"
            },
            "tags_all": {
              "Environment": "production",
              "ManagedBy": "terraform",
              "Name": "sqs-rate-limiter-backlog-alarm",
              "Severity": "warning"
            },
            "threshold": 1000,
            "threshold_metric_id": "",
            "treat_missing_data": "missing",
            "unit": ""
          },
          "sensitive_attributes": [],
          "private": "eyJzY2hlbWFfdmVyc2lvbiI6IjEifQ==",
          "dependencies": [
            "aws_kms_key.sns_encryption",
            "aws_sns_topic.ops_alerts",
            "data.aws_sqs_queue.rate_limiter_queue"
          ]
        }
      ]
    },
    {
      "mode": "managed",
      "type": "aws_config_configuration_recorder_status",
      "name": "main",
      "provider": "provider[\"registry.terraform.io/hashicorp/aws\"]",
      "instances": []
    },
    {
      "mode": "managed",
      "type": "aws_config_delivery_channel",
      "name": "main",
      "provider": "provider[\"registry.terraform.io/hashicorp/aws\"]",
      "instances": []
    },
    {
      "mode": "managed",
      "type": "aws_db_parameter_group",
      "name": "postgres_tls",
      "provider": "provider[\"registry.terraform.io/hashicorp/aws\"]",
      "instances": [
        {
          "schema_version": 0,
          "attributes": {
            "arn": "arn:aws:rds:us-east-1:317805897534:pg:huntaze-postgres-tls-enforced",
            "description": "Force SSL/TLS for all PostgreSQL connections",
            "family": "postgres16",
            "id": "huntaze-postgres-tls-enforced",
            "name": "huntaze-postgres-tls-enforced",
            "name_prefix": "",
            "parameter": [
              {
                "apply_method": "immediate",
                "name": "log_connections",
                "value": "1"
              },
              {
                "apply_method": "immediate",
                "name": "log_disconnections",
                "value": "1"
              },
              {
                "apply_method": "immediate",
                "name": "log_min_duration_statement",
                "value": "1000"
              },
              {
                "apply_method": "immediate",
                "name": "log_statement",
                "value": "ddl"
              },
              {
                "apply_method": "immediate",
                "name": "rds.force_ssl",
                "value": "1"
              }
            ],
            "region": "us-east-1",
            "skip_destroy": false,
            "tags": {
              "Environment": "production",
              "ManagedBy": "terraform",
              "Name": "huntaze-postgres-tls-enforced",
              "Purpose": "Force TLS and enhanced logging"
            },
            "tags_all": {
              "Environment": "production",
              "ManagedBy": "terraform",
              "Name": "huntaze-postgres-tls-enforced",
              "Purpose": "Force TLS and enhanced logging"
            }
          },
          "sensitive_attributes": [],
          "private": "bnVsbA=="
        }
      ]
    },
    {
      "mode": "managed",
      "type": "aws_dynamodb_table",
      "name": "ai_costs",
      "provider": "provider[\"registry.terraform.io/hashicorp/aws\"]",
      "instances": [
        {
          "schema_version": 1,
          "attributes": {
            "arn": "arn:aws:dynamodb:us-east-1:317805897534:table/huntaze-ai-costs-production",
            "attribute": [
              {
                "name": "pk",
                "type": "S"
              },
              {
                "name": "sk",
                "type": "S"
              }
            ],
            "billing_mode": "PAY_PER_REQUEST",
            "deletion_protection_enabled": false,
            "global_secondary_index": [],
            "hash_key": "pk",
            "id": "huntaze-ai-costs-production",
            "import_table": [],
            "local_secondary_index": [],
            "name": "huntaze-ai-costs-production",
            "on_demand_throughput": [],
            "point_in_time_recovery": [
              {
                "enabled": true,
                "recovery_period_in_days": 35
              }
            ],
            "range_key": "sk",
            "read_capacity": 0,
            "region": "us-east-1",
            "replica": [],
            "restore_date_time": null,
            "restore_source_name": null,
            "restore_source_table_arn": null,
            "restore_to_latest_time": null,
            "server_side_encryption": [
              {
                "enabled": true,
                "kms_key_arn": ""
              }
            ],
            "stream_arn": "",
            "stream_enabled": false,
            "stream_label": "",
            "stream_view_type": "",
            "table_class": "STANDARD",
            "tags": {
              "Environment": "production",
              "ManagedBy": "terraform",
              "Name": "huntaze-ai-costs-production",
              "Purpose": "AI cost tracking by provider/agent/date"
            },
            "tags_all": {
              "Environment": "production",
              "ManagedBy": "terraform",
              "Name": "huntaze-ai-costs-production",
              "Purpose": "AI cost tracking by provider/agent/date"
            },
            "timeouts": null,
            "ttl": [
              {
                "attribute_name": "ttl",
                "enabled": true
              }
            ],
            "warm_throughput": [],
            "write_capacity": 0
          },
          "sensitive_attributes": [],
          "private": "eyJlMmJmYjczMC1lY2FhLTExZTYtOGY4OC0zNDM2M2JjN2M0YzAiOnsiY3JlYXRlIjoxODAwMDAwMDAwMDAwLCJkZWxldGUiOjYwMDAwMDAwMDAwMCwidXBkYXRlIjozNjAwMDAwMDAwMDAwfSwic2NoZW1hX3ZlcnNpb24iOiIxIn0="
        }
      ]
    },
    {
      "mode": "managed",
      "type": "aws_dynamodb_table",
      "name": "cost_alerts",
      "provider": "provider[\"registry.terraform.io/hashicorp/aws\"]",
      "instances": [
        {
          "schema_version": 1,
          "attributes": {
            "arn": "arn:aws:dynamodb:us-east-1:317805897534:table/huntaze-cost-alerts-production",
            "attribute": [
              {
                "name": "pk",
                "type": "S"
              },
              {
                "name": "sk",
                "type": "S"
              }
            ],
            "billing_mode": "PAY_PER_REQUEST",
            "deletion_protection_enabled": false,
            "global_secondary_index": [],
            "hash_key": "pk",
            "id": "huntaze-cost-alerts-production",
            "import_table": [],
            "local_secondary_index": [],
            "name": "huntaze-cost-alerts-production",
            "on_demand_throughput": [],
            "point_in_time_recovery": [
              {
                "enabled": true,
                "recovery_period_in_days": 35
              }
            ],
            "range_key": "sk",
            "read_capacity": 0,
            "region": "us-east-1",
            "replica": [],
            "restore_date_time": null,
            "restore_source_name": null,
            "restore_source_table_arn": null,
            "restore_to_latest_time": null,
            "server_side_encryption": [
              {
                "enabled": true,
                "kms_key_arn": ""
              }
            ],
            "stream_arn": "",
            "stream_enabled": false,
            "stream_label": "",
            "stream_view_type": "",
            "table_class": "STANDARD",
            "tags": {
              "Environment": "production",
              "ManagedBy": "terraform",
              "Name": "huntaze-cost-alerts-production",
              "Purpose": "Cost alert history and webhooks"
            },
            "tags_all": {
              "Environment": "production",
              "ManagedBy": "terraform",
              "Name": "huntaze-cost-alerts-production",
              "Purpose": "Cost alert history and webhooks"
            },
            "timeouts": null,
            "ttl": [
              {
                "attribute_name": "ttl",
                "enabled": true
              }
            ],
            "warm_throughput": [],
            "write_capacity": 0
          },
          "sensitive_attributes": [],
          "private": "eyJlMmJmYjczMC1lY2FhLTExZTYtOGY4OC0zNDM2M2JjN2M0YzAiOnsiY3JlYXRlIjoxODAwMDAwMDAwMDAwLCJkZWxldGUiOjYwMDAwMDAwMDAwMCwidXBkYXRlIjozNjAwMDAwMDAwMDAwfSwic2NoZW1hX3ZlcnNpb24iOiIxIn0="
        }
      ]
    },
    {
      "mode": "managed",
      "type": "aws_iam_role",
      "name": "cloudtrail_cloudwatch",
      "provider": "provider[\"registry.terraform.io/hashicorp/aws\"]",
      "instances": [
        {
          "schema_version": 0,
          "attributes": {
            "arn": "arn:aws:iam::317805897534:role/huntaze-cloudtrail-cloudwatch-role",
            "assume_role_policy": "{\"Statement\":[{\"Action\":\"sts:AssumeRole\",\"Effect\":\"Allow\",\"Principal\":{\"Service\":\"cloudtrail.amazonaws.com\"}}],\"Version\":\"2012-10-17\"}",
            "create_date": "2025-10-29T16:26:44Z",
            "description": "",
            "force_detach_policies": false,
            "id": "huntaze-cloudtrail-cloudwatch-role",
            "inline_policy": [
              {
                "name": "huntaze-cloudtrail-cloudwatch-policy",
                "policy": "{\"Version\":\"2012-10-17\",\"Statement\":[{\"Action\":[\"logs:CreateLogStream\",\"logs:PutLogEvents\"],\"Effect\":\"Allow\",\"Resource\":\"arn:aws:logs:us-east-1:317805897534:log-group:/aws/cloudtrail/huntaze-production:*\"}]}"
              }
            ],
            "managed_policy_arns": [],
            "max_session_duration": 3600,
            "name": "huntaze-cloudtrail-cloudwatch-role",
            "name_prefix": "",
            "path": "/",
            "permissions_boundary": "",
            "tags": {
              "Environment": "production",
              "ManagedBy": "terraform",
              "Name": "huntaze-cloudtrail-cloudwatch-role"
            },
            "tags_all": {
              "Environment": "production",
              "ManagedBy": "terraform",
              "Name": "huntaze-cloudtrail-cloudwatch-role"
            },
            "unique_id": "AROAUT7VVE47KNUETDDG6"
          },
          "sensitive_attributes": [],
          "private": "bnVsbA=="
        }
      ]
    },
    {
      "mode": "managed",
      "type": "aws_iam_role",
      "name": "config_role",
      "provider": "provider[\"registry.terraform.io/hashicorp/aws\"]",
      "instances": [
        {
          "schema_version": 0,
          "attributes": {
            "arn": "arn:aws:iam::317805897534:role/huntaze-aws-config-role",
            "assume_role_policy": "{\"Statement\":[{\"Action\":\"sts:AssumeRole\",\"Effect\":\"Allow\",\"Principal\":{\"Service\":\"config.amazonaws.com\"}}],\"Version\":\"2012-10-17\"}",
            "create_date": "2025-10-29T16:26:45Z",
            "description": "",
            "force_detach_policies": false,
            "id": "huntaze-aws-config-role",
            "inline_policy": [
              {
                "name": "config-s3-policy",
                "policy": "{\"Version\":\"2012-10-17\",\"Statement\":[{\"Action\":[\"s3:GetBucketVersioning\",\"s3:PutObject\",\"s3:GetObject\"],\"Effect\":\"Allow\",\"Resource\":[\"arn:aws:s3:::huntaze-aws-config-317805897534\",\"arn:aws:s3:::huntaze-aws-config-317805897534/*\"]}]}"
              }
            ],
            "managed_policy_arns": [],
            "max_session_duration": 3600,
            "name": "huntaze-aws-config-role",
            "name_prefix": "",
            "path": "/",
            "permissions_boundary": "",
            "tags": {
              "Environment": "production",
              "ManagedBy": "terraform",
              "Name": "huntaze-aws-config-role"
            },
            "tags_all": {
              "Environment": "production",
              "ManagedBy": "terraform",
              "Name": "huntaze-aws-config-role"
            },
            "unique_id": "AROAUT7VVE47FHEVUCRNP"
          },
          "sensitive_attributes": [],
          "private": "bnVsbA=="
        }
      ]
    },
    {
      "mode": "managed",
      "type": "aws_iam_role",
      "name": "rate_limiter_lambda",
      "provider": "provider[\"registry.terraform.io/hashicorp/aws\"]",
      "instances": [
        {
          "schema_version": 0,
          "attributes": {
            "arn": "arn:aws:iam::317805897534:role/huntaze-rate-limiter-lambda-role",
            "assume_role_policy": "{\"Statement\":[{\"Action\":\"sts:AssumeRole\",\"Effect\":\"Allow\",\"Principal\":{\"Service\":\"lambda.amazonaws.com\"}}],\"Version\":\"2012-10-17\"}",
            "create_date": "2025-10-29T16:26:52Z",
            "description": "",
            "force_detach_policies": false,
            "id": "huntaze-rate-limiter-lambda-role",
            "inline_policy": [
              {
                "name": "huntaze-rate-limiter-lambda-policy",
                "policy": "{\"Version\":\"2012-10-17\",\"Statement\":[{\"Action\":[\"logs:PutLogEvents\",\"logs:CreateLogStream\",\"logs:CreateLogGroup\"],\"Effect\":\"Allow\",\"Resource\":\"arn:aws:logs:us-east-1:317805897534:log-group:/aws/lambda/huntaze-rate-limiter:*\",\"Sid\":\"AllowCloudWatchLogs\"},{\"Action\":[\"sqs:ReceiveMessage\",\"sqs:GetQueueAttributes\",\"sqs:DeleteMessage\",\"sqs:ChangeMessageVisibility\"],\"Effect\":\"Allow\",\"Resource\":\"arn:aws:sqs:us-east-1:317805897534:huntaze-rate-limiter-queue\",\"Sid\":\"AllowSQSOperations\"},{\"Action\":[\"ec2:UnassignPrivateIpAddresses\",\"ec2:DescribeNetworkInterfaces\",\"ec2:DeleteNetworkInterface\",\"ec2:CreateNetworkInterface\",\"ec2:AssignPrivateIpAddresses\"],\"Effect\":\"Allow\",\"Resource\":\"*\",\"Sid\":\"AllowVPCOperations\"}]}"
              }
            ],
            "managed_policy_arns": [],
            "max_session_duration": 3600,
            "name": "huntaze-rate-limiter-lambda-role",
            "name_prefix": "",
            "path": "/",
            "permissions_boundary": "",
            "tags": {
              "Environment": "production",
              "ManagedBy": "terraform",
              "Name": "huntaze-rate-limiter-lambda-role",
              "Purpose": "Rate limiter Lambda execution role"
            },
            "tags_all": {
              "Environment": "production",
              "ManagedBy": "terraform",
              "Name": "huntaze-rate-limiter-lambda-role",
              "Purpose": "Rate limiter Lambda execution role"
            },
            "unique_id": "AROAUT7VVE47GPHU2NUHM"
          },
          "sensitive_attributes": [],
          "private": "bnVsbA==",
          "dependencies": [
            "data.aws_iam_policy_document.lambda_assume_role"
          ]
        }
      ]
    },
    {
      "mode": "managed",
      "type": "aws_iam_role",
      "name": "rds_enhanced_monitoring",
      "provider": "provider[\"registry.terraform.io/hashicorp/aws\"]",
      "instances": [
        {
          "schema_version": 0,
          "attributes": {
            "arn": "arn:aws:iam::317805897534:role/huntaze-rds-enhanced-monitoring-role",
            "assume_role_policy": "{\"Statement\":[{\"Action\":\"sts:AssumeRole\",\"Effect\":\"Allow\",\"Principal\":{\"Service\":\"monitoring.rds.amazonaws.com\"}}],\"Version\":\"2012-10-17\"}",
            "create_date": "2025-10-29T16:26:45Z",
            "description": "",
            "force_detach_policies": false,
            "id": "huntaze-rds-enhanced-monitoring-role",
            "inline_policy": [],
            "managed_policy_arns": [
              "arn:aws:iam::aws:policy/service-role/AmazonRDSEnhancedMonitoringRole"
            ],
            "max_session_duration": 3600,
            "name": "huntaze-rds-enhanced-monitoring-role",
            "name_prefix": "",
            "path": "/",
            "permissions_boundary": "",
            "tags": {
              "Environment": "production",
              "ManagedBy": "terraform",
              "Name": "huntaze-rds-enhanced-monitoring-role",
              "Purpose": "RDS Enhanced Monitoring"
            },
            "tags_all": {
              "Environment": "production",
              "ManagedBy": "terraform",
              "Name": "huntaze-rds-enhanced-monitoring-role",
              "Purpose": "RDS Enhanced Monitoring"
            },
            "unique_id": "AROAUT7VVE47F3N6QSPUA"
          },
          "sensitive_attributes": [],
          "private": "bnVsbA=="
        }
      ]
    },
    {
      "mode": "managed",
      "type": "aws_iam_role_policy",
      "name": "cloudtrail_cloudwatch",
      "provider": "provider[\"registry.terraform.io/hashicorp/aws\"]",
      "instances": [
        {
          "schema_version": 0,
          "attributes": {
            "id": "huntaze-cloudtrail-cloudwatch-role:huntaze-cloudtrail-cloudwatch-policy",
            "name": "huntaze-cloudtrail-cloudwatch-policy",
            "name_prefix": "",
            "policy": "{\"Version\":\"2012-10-17\",\"Statement\":[{\"Action\":[\"logs:CreateLogStream\",\"logs:PutLogEvents\"],\"Effect\":\"Allow\",\"Resource\":\"arn:aws:logs:us-east-1:317805897534:log-group:/aws/cloudtrail/huntaze-production:*\"}]}",
            "role": "huntaze-cloudtrail-cloudwatch-role"
          },
          "sensitive_attributes": [],
          "private": "bnVsbA==",
          "dependencies": [
            "aws_cloudwatch_log_group.cloudtrail",
            "aws_iam_role.cloudtrail_cloudwatch"
          ]
        }
      ]
    },
    {
      "mode": "managed",
      "type": "aws_iam_role_policy",
      "name": "config_s3_policy",
      "provider": "provider[\"registry.terraform.io/hashicorp/aws\"]",
      "instances": [
        {
          "schema_version": 0,
          "attributes": {
            "id": "huntaze-aws-config-role:config-s3-policy",
            "name": "config-s3-policy",
            "name_prefix": "",
            "policy": "{\"Version\":\"2012-10-17\",\"Statement\":[{\"Action\":[\"s3:GetBucketVersioning\",\"s3:PutObject\",\"s3:GetObject\"],\"Effect\":\"Allow\",\"Resource\":[\"arn:aws:s3:::huntaze-aws-config-317805897534\",\"arn:aws:s3:::huntaze-aws-config-317805897534/*\"]}]}",
            "role": "huntaze-aws-config-role"
          },
          "sensitive_attributes": [],
          "private": "bnVsbA==",
          "dependencies": [
            "aws_iam_role.config_role",
            "aws_s3_bucket.config_bucket"
          ]
        }
      ]
    },
    {
      "mode": "managed",
      "type": "aws_iam_role_policy",
      "name": "rate_limiter_lambda",
      "provider": "provider[\"registry.terraform.io/hashicorp/aws\"]",
      "instances": [
        {
          "schema_version": 0,
          "attributes": {
            "id": "huntaze-rate-limiter-lambda-role:huntaze-rate-limiter-lambda-policy",
            "name": "huntaze-rate-limiter-lambda-policy",
            "name_prefix": "",
            "policy": "{\"Version\":\"2012-10-17\",\"Statement\":[{\"Action\":[\"logs:PutLogEvents\",\"logs:CreateLogStream\",\"logs:CreateLogGroup\"],\"Effect\":\"Allow\",\"Resource\":\"arn:aws:logs:us-east-1:317805897534:log-group:/aws/lambda/huntaze-rate-limiter:*\",\"Sid\":\"AllowCloudWatchLogs\"},{\"Action\":[\"sqs:ReceiveMessage\",\"sqs:GetQueueAttributes\",\"sqs:DeleteMessage\",\"sqs:ChangeMessageVisibility\"],\"Effect\":\"Allow\",\"Resource\":\"arn:aws:sqs:us-east-1:317805897534:huntaze-rate-limiter-queue\",\"Sid\":\"AllowSQSOperations\"},{\"Action\":[\"ec2:UnassignPrivateIpAddresses\",\"ec2:DescribeNetworkInterfaces\",\"ec2:DeleteNetworkInterface\",\"ec2:CreateNetworkInterface\",\"ec2:AssignPrivateIpAddresses\"],\"Effect\":\"Allow\",\"Resource\":\"*\",\"Sid\":\"AllowVPCOperations\"}]}",
            "role": "huntaze-rate-limiter-lambda-role"
          },
          "sensitive_attributes": [],
          "private": "bnVsbA==",
          "dependencies": [
            "aws_iam_role.rate_limiter_lambda",
            "data.aws_iam_policy_document.lambda_assume_role",
            "data.aws_iam_policy_document.rate_limiter_lambda_policy",
            "data.aws_sqs_queue.rate_limiter_queue"
          ]
        }
      ]
    },
    {
      "mode": "managed",
      "type": "aws_iam_role_policy_attachment",
      "name": "rds_enhanced_monitoring",
      "provider": "provider[\"registry.terraform.io/hashicorp/aws\"]",
      "instances": [
        {
          "schema_version": 0,
          "attributes": {
            "id": "huntaze-rds-enhanced-monitoring-role/arn:aws:iam::aws:policy/service-role/AmazonRDSEnhancedMonitoringRole",
            "policy_arn": "arn:aws:iam::aws:policy/service-role/AmazonRDSEnhancedMonitoringRole",
            "role": "huntaze-rds-enhanced-monitoring-role"
          },
          "sensitive_attributes": [],
          "private": "bnVsbA==",
          "dependencies": [
            "aws_iam_role.rds_enhanced_monitoring"
          ]
        }
      ]
    },
    {
      "mode": "managed",
      "type": "aws_kms_alias",
      "name": "cloudtrail_encryption",
      "provider": "provider[\"registry.terraform.io/hashicorp/aws\"]",
      "instances": [
        {
          "schema_version": 0,
          "attributes": {
            "arn": "arn:aws:kms:us-east-1:317805897534:alias/huntaze-cloudtrail",
            "id": "alias/huntaze-cloudtrail",
            "name": "alias/huntaze-cloudtrail",
            "name_prefix": "",
            "region": "us-east-1",
            "target_key_arn": "arn:aws:kms:us-east-1:317805897534:key/e13e392c-51a1-4366-86e8-bda938f1e91a",
            "target_key_id": "e13e392c-51a1-4366-86e8-bda938f1e91a"
          },
          "sensitive_attributes": [],
          "private": "bnVsbA==",
          "dependencies": [
            "aws_kms_key.cloudtrail_encryption"
          ]
        }
      ]
    },
    {
      "mode": "managed",
      "type": "aws_kms_alias",
      "name": "rds_encryption",
      "provider": "provider[\"registry.terraform.io/hashicorp/aws\"]",
      "instances": [
        {
          "schema_version": 0,
          "attributes": {
            "arn": "arn:aws:kms:us-east-1:317805897534:alias/huntaze-rds-encryption",
            "id": "alias/huntaze-rds-encryption",
            "name": "alias/huntaze-rds-encryption",
            "name_prefix": "",
            "region": "us-east-1",
            "target_key_arn": "arn:aws:kms:us-east-1:317805897534:key/260cfe04-4e98-4167-8feb-6ac7826d5fad",
            "target_key_id": "260cfe04-4e98-4167-8feb-6ac7826d5fad"
          },
          "sensitive_attributes": [],
          "private": "bnVsbA==",
          "dependencies": [
            "aws_kms_key.rds_encryption"
          ]
        }
      ]
    },
    {
      "mode": "managed",
      "type": "aws_kms_alias",
      "name": "s3_encryption",
      "provider": "provider[\"registry.terraform.io/hashicorp/aws\"]",
      "instances": [
        {
          "schema_version": 0,
          "attributes": {
            "arn": "arn:aws:kms:us-east-1:317805897534:alias/huntaze-s3-encryption",
            "id": "alias/huntaze-s3-encryption",
            "name": "alias/huntaze-s3-encryption",
            "name_prefix": "",
            "region": "us-east-1",
            "target_key_arn": "arn:aws:kms:us-east-1:317805897534:key/c9280f2e-f579-41b1-b5e9-81ba0d3e67ad",
            "target_key_id": "c9280f2e-f579-41b1-b5e9-81ba0d3e67ad"
          },
          "sensitive_attributes": [],
          "private": "bnVsbA==",
          "dependencies": [
            "aws_kms_key.s3_encryption"
          ]
        }
      ]
    },
    {
      "mode": "managed",
      "type": "aws_kms_alias",
      "name": "sns_encryption",
      "provider": "provider[\"registry.terraform.io/hashicorp/aws\"]",
      "instances": [
        {
          "schema_version": 0,
          "attributes": {
            "arn": "arn:aws:kms:us-east-1:317805897534:alias/huntaze-sns-security-alerts",
            "id": "alias/huntaze-sns-security-alerts",
            "name": "alias/huntaze-sns-security-alerts",
            "name_prefix": "",
            "region": "us-east-1",
            "target_key_arn": "arn:aws:kms:us-east-1:317805897534:key/e18b4e29-fb6f-4ee6-b93b-080094a937c1",
            "target_key_id": "e18b4e29-fb6f-4ee6-b93b-080094a937c1"
          },
          "sensitive_attributes": [],
          "private": "bnVsbA==",
          "dependencies": [
            "aws_kms_key.sns_encryption"
          ]
        }
      ]
    },
    {
      "mode": "managed",
      "type": "aws_kms_key",
      "name": "cloudtrail_encryption",
      "provider": "provider[\"registry.terraform.io/hashicorp/aws\"]",
      "instances": [
        {
          "schema_version": 0,
          "attributes": {
            "arn": "arn:aws:kms:us-east-1:317805897534:key/e13e392c-51a1-4366-86e8-bda938f1e91a",
            "bypass_policy_lockout_safety_check": false,
            "custom_key_store_id": "",
            "customer_master_key_spec": "SYMMETRIC_DEFAULT",
            "deletion_window_in_days": 7,
            "description": "Huntaze CloudTrail encryption key",
            "enable_key_rotation": true,
            "id": "e13e392c-51a1-4366-86e8-bda938f1e91a",
            "is_enabled": true,
            "key_id": "e13e392c-51a1-4366-86e8-bda938f1e91a",
            "key_usage": "ENCRYPT_DECRYPT",
            "multi_region": false,
            "policy": "{\"Statement\":[{\"Action\":\"kms:*\",\"Effect\":\"Allow\",\"Principal\":{\"AWS\":\"arn:aws:iam::317805897534:root\"},\"Resource\":\"*\",\"Sid\":\"Enable IAM User Permissions\"},{\"Action\":[\"kms:GenerateDataKey*\",\"kms:DecryptDataKey\"],\"Condition\":{\"StringLike\":{\"kms:EncryptionContext:aws:cloudtrail:arn\":\"arn:aws:cloudtrail:*:317805897534:trail/*\"}},\"Effect\":\"Allow\",\"Principal\":{\"Service\":\"cloudtrail.amazonaws.com\"},\"Resource\":\"*\",\"Sid\":\"Allow CloudTrail to encrypt logs\"},{\"Action\":\"kms:DescribeKey\",\"Effect\":\"Allow\",\"Principal\":{\"Service\":\"cloudtrail.amazonaws.com\"},\"Resource\":\"*\",\"Sid\":\"Allow CloudTrail to describe key\"}],\"Version\":\"2012-10-17\"}",
            "region": "us-east-1",
            "rotation_period_in_days": 365,
            "tags": {
              "Environment": "production",
              "ManagedBy": "terraform",
              "Name": "huntaze-cloudtrail-encryption",
              "Purpose": "CloudTrail log encryption"
            },
            "tags_all": {
              "Environment": "production",
              "ManagedBy": "terraform",
              "Name": "huntaze-cloudtrail-encryption",
              "Purpose": "CloudTrail log encryption"
            },
            "timeouts": null,
            "xks_key_id": ""
          },
          "sensitive_attributes": [],
          "private": "eyJlMmJmYjczMC1lY2FhLTExZTYtOGY4OC0zNDM2M2JjN2M0YzAiOnsiY3JlYXRlIjoxMjAwMDAwMDAwMDB9fQ=="
        }
      ]
    },
    {
      "mode": "managed",
      "type": "aws_kms_key",
      "name": "rds_encryption",
      "provider": "provider[\"registry.terraform.io/hashicorp/aws\"]",
      "instances": [
        {
          "schema_version": 0,
          "attributes": {
            "arn": "arn:aws:kms:us-east-1:317805897534:key/260cfe04-4e98-4167-8feb-6ac7826d5fad",
            "bypass_policy_lockout_safety_check": false,
            "custom_key_store_id": "",
            "customer_master_key_spec": "SYMMETRIC_DEFAULT",
            "deletion_window_in_days": 7,
            "description": "Huntaze RDS PostgreSQL encryption key",
            "enable_key_rotation": true,
            "id": "260cfe04-4e98-4167-8feb-6ac7826d5fad",
            "is_enabled": true,
            "key_id": "260cfe04-4e98-4167-8feb-6ac7826d5fad",
            "key_usage": "ENCRYPT_DECRYPT",
            "multi_region": false,
            "policy": "{\"Statement\":[{\"Action\":\"kms:*\",\"Effect\":\"Allow\",\"Principal\":{\"AWS\":\"arn:aws:iam::317805897534:root\"},\"Resource\":\"*\",\"Sid\":\"Enable IAM User Permissions\"},{\"Action\":[\"kms:Decrypt\",\"kms:GenerateDataKey\",\"kms:CreateGrant\"],\"Condition\":{\"StringEquals\":{\"kms:ViaService\":\"rds.us-east-1.amazonaws.com\"}},\"Effect\":\"Allow\",\"Principal\":{\"Service\":\"rds.amazonaws.com\"},\"Resource\":\"*\",\"Sid\":\"Allow RDS to use the key\"}],\"Version\":\"2012-10-17\"}",
            "region": "us-east-1",
            "rotation_period_in_days": 365,
            "tags": {
              "Environment": "production",
              "ManagedBy": "terraform",
              "Name": "huntaze-rds-encryption",
              "Purpose": "RDS encryption at rest"
            },
            "tags_all": {
              "Environment": "production",
              "ManagedBy": "terraform",
              "Name": "huntaze-rds-encryption",
              "Purpose": "RDS encryption at rest"
            },
            "timeouts": null,
            "xks_key_id": ""
          },
          "sensitive_attributes": [],
          "private": "eyJlMmJmYjczMC1lY2FhLTExZTYtOGY4OC0zNDM2M2JjN2M0YzAiOnsiY3JlYXRlIjoxMjAwMDAwMDAwMDB9fQ=="
        }
      ]
    },
    {
      "mode": "managed",
      "type": "aws_kms_key",
      "name": "s3_encryption",
      "provider": "provider[\"registry.terraform.io/hashicorp/aws\"]",
      "instances": [
        {
          "schema_version": 0,
          "attributes": {
            "arn": "arn:aws:kms:us-east-1:317805897534:key/c9280f2e-f579-41b1-b5e9-81ba0d3e67ad",
            "bypass_policy_lockout_safety_check": false,
            "custom_key_store_id": "",
            "customer_master_key_spec": "SYMMETRIC_DEFAULT",
            "deletion_window_in_days": 7,
            "description": "Huntaze S3 bucket encryption key",
            "enable_key_rotation": true,
            "id": "c9280f2e-f579-41b1-b5e9-81ba0d3e67ad",
            "is_enabled": true,
            "key_id": "c9280f2e-f579-41b1-b5e9-81ba0d3e67ad",
            "key_usage": "ENCRYPT_DECRYPT",
            "multi_region": false,
            "policy": "{\"Statement\":[{\"Action\":\"kms:*\",\"Effect\":\"Allow\",\"Principal\":{\"AWS\":\"arn:aws:iam::317805897534:root\"},\"Resource\":\"*\",\"Sid\":\"Enable IAM User Permissions\"},{\"Action\":[\"kms:Decrypt\",\"kms:GenerateDataKey\"],\"Effect\":\"Allow\",\"Principal\":{\"Service\":\"s3.amazonaws.com\"},\"Resource\":\"*\",\"Sid\":\"Allow S3 to use the key\"},{\"Action\":[\"kms:Decrypt\",\"kms:GenerateDataKey\"],\"Effect\":\"Allow\",\"Principal\":{\"Service\":\"cloudtrail.amazonaws.com\"},\"Resource\":\"*\",\"Sid\":\"Allow CloudTrail to use the key for S3 data events\"}],\"Version\":\"2012-10-17\"}",
            "region": "us-east-1",
            "rotation_period_in_days": 365,
            "tags": {
              "Environment": "production",
              "ManagedBy": "terraform",
              "Name": "huntaze-s3-encryption",
              "Purpose": "S3 bucket encryption"
            },
            "tags_all": {
              "Environment": "production",
              "ManagedBy": "terraform",
              "Name": "huntaze-s3-encryption",
              "Purpose": "S3 bucket encryption"
            },
            "timeouts": null,
            "xks_key_id": ""
          },
          "sensitive_attributes": [],
          "private": "eyJlMmJmYjczMC1lY2FhLTExZTYtOGY4OC0zNDM2M2JjN2M0YzAiOnsiY3JlYXRlIjoxMjAwMDAwMDAwMDB9fQ=="
        }
      ]
    },
    {
      "mode": "managed",
      "type": "aws_kms_key",
      "name": "sns_encryption",
      "provider": "provider[\"registry.terraform.io/hashicorp/aws\"]",
      "instances": [
        {
          "schema_version": 0,
          "attributes": {
            "arn": "arn:aws:kms:us-east-1:317805897534:key/e18b4e29-fb6f-4ee6-b93b-080094a937c1",
            "bypass_policy_lockout_safety_check": false,
            "custom_key_store_id": "",
            "customer_master_key_spec": "SYMMETRIC_DEFAULT",
            "deletion_window_in_days": 7,
            "description": "Huntaze SNS encryption key for security alerts",
            "enable_key_rotation": true,
            "id": "e18b4e29-fb6f-4ee6-b93b-080094a937c1",
            "is_enabled": true,
            "key_id": "e18b4e29-fb6f-4ee6-b93b-080094a937c1",
            "key_usage": "ENCRYPT_DECRYPT",
            "multi_region": false,
            "policy": "{\"Statement\":[{\"Action\":\"kms:*\",\"Effect\":\"Allow\",\"Principal\":{\"AWS\":\"arn:aws:iam::317805897534:root\"},\"Resource\":\"*\",\"Sid\":\"Enable IAM User Permissions\"},{\"Action\":[\"kms:Decrypt\",\"kms:GenerateDataKey\"],\"Effect\":\"Allow\",\"Principal\":{\"Service\":\"events.amazonaws.com\"},\"Resource\":\"*\",\"Sid\":\"Allow EventBridge to use the key\"},{\"Action\":[\"kms:Decrypt\",\"kms:GenerateDataKey\"],\"Effect\":\"Allow\",\"Principal\":{\"Service\":\"sns.amazonaws.com\"},\"Resource\":\"*\",\"Sid\":\"Allow SNS to use the key\"}],\"Version\":\"2012-10-17\"}",
            "region": "us-east-1",
            "rotation_period_in_days": 365,
            "tags": {
              "Environment": "production",
              "ManagedBy": "terraform",
              "Name": "huntaze-sns-security-alerts-encryption",
              "Purpose": "SNS encryption for security alerts"
            },
            "tags_all": {
              "Environment": "production",
              "ManagedBy": "terraform",
              "Name": "huntaze-sns-security-alerts-encryption",
              "Purpose": "SNS encryption for security alerts"
            },
            "timeouts": null,
            "xks_key_id": ""
          },
          "sensitive_attributes": [],
          "private": "eyJlMmJmYjczMC1lY2FhLTExZTYtOGY4OC0zNDM2M2JjN2M0YzAiOnsiY3JlYXRlIjoxMjAwMDAwMDAwMDB9fQ=="
        }
      ]
    },
    {
      "mode": "managed",
      "type": "aws_lambda_event_source_mapping",
      "name": "rate_limiter_sqs",
      "provider": "provider[\"registry.terraform.io/hashicorp/aws\"]",
      "instances": []
    },
    {
      "mode": "managed",
      "type": "aws_lambda_function",
      "name": "rate_limiter",
      "provider": "provider[\"registry.terraform.io/hashicorp/aws\"]",
      "instances": [
        {
          "status": "tainted",
          "schema_version": 0,
          "attributes": {
            "architectures": null,
            "arn": null,
            "code_sha256": null,
            "code_signing_config_arn": null,
            "dead_letter_config": [],
            "description": null,
            "environment": [
              {
                "variables": {
                  "BUCKET_CAPACITY": "10",
                  "QUEUE_URL": "https://sqs.us-east-1.amazonaws.com/317805897534/huntaze-rate-limiter-queue",
                  "REDIS_HOST": "",
                  "REDIS_PORT": "6379",
                  "REGION": "us-east-1",
                  "TOKENS_PER_WINDOW": "10",
                  "WINDOW_SECONDS": "60"
                }
              }
            ],
            "ephemeral_storage": null,
            "file_system_config": [],
            "filename": "./../../../dist/rate-limiter.zip",
            "function_name": "huntaze-rate-limiter",
            "handler": "index.handler",
            "id": "huntaze-rate-limiter",
            "image_config": [],
            "image_uri": null,
            "invoke_arn": null,
            "kms_key_arn": null,
            "last_modified": null,
            "layers": null,
            "logging_config": null,
            "memory_size": 256,
            "package_type": "Zip",
            "publish": false,
            "qualified_arn": null,
            "qualified_invoke_arn": null,
            "region": "us-east-1",
            "replace_security_groups_on_destroy": null,
            "replacement_security_group_ids": null,
            "reserved_concurrent_executions": 1,
            "role": "arn:aws:iam::317805897534:role/huntaze-rate-limiter-lambda-role",
            "runtime": "nodejs20.x",
            "s3_bucket": null,
            "s3_key": null,
            "s3_object_version": null,
            "signing_job_arn": null,
            "signing_profile_version_arn": null,
            "skip_destroy": false,
            "snap_start": [],
            "source_code_hash": "AdyPV16FpqWsnHhiyglaTcfv28laJdWxr7uzfu4xOd0=",
            "source_code_size": null,
            "source_kms_key_arn": null,
            "tags": {
              "Environment": "production",
              "ManagedBy": "terraform",
              "Name": "huntaze-rate-limiter",
              "Purpose": "OnlyFans rate limiting"
            },
            "tags_all": {
              "Environment": "production",
              "ManagedBy": "terraform",
              "Name": "huntaze-rate-limiter",
              "Purpose": "OnlyFans rate limiting"
            },
            "timeout": 30,
            "timeouts": null,
            "tracing_config": null,
            "version": null,
            "vpc_config": []
          },
          "sensitive_attributes": [],
          "private": "eyJlMmJmYjczMC1lY2FhLTExZTYtOGY4OC0zNDM2M2JjN2M0YzAiOnsiY3JlYXRlIjo2MDAwMDAwMDAwMDAsImRlbGV0ZSI6NjAwMDAwMDAwMDAwLCJ1cGRhdGUiOjYwMDAwMDAwMDAwMH19",
          "dependencies": [
            "aws_cloudwatch_log_group.rate_limiter_lambda",
            "aws_iam_role.rate_limiter_lambda",
            "aws_iam_role_policy.rate_limiter_lambda",
            "data.aws_sqs_queue.rate_limiter_queue"
          ]
        }
      ]
    },
    {
      "mode": "managed",
      "type": "aws_s3_account_public_access_block",
      "name": "account_level",
      "provider": "provider[\"registry.terraform.io/hashicorp/aws\"]",
      "instances": [
        {
          "schema_version": 0,
          "attributes": {
            "account_id": "317805897534",
            "block_public_acls": true,
            "block_public_policy": true,
            "id": "317805897534",
            "ignore_public_acls": true,
            "restrict_public_buckets": true
          },
          "sensitive_attributes": [],
          "private": "bnVsbA=="
        }
      ]
    },
    {
      "mode": "managed",
      "type": "aws_s3_bucket",
      "name": "cloudtrail_logs",
      "provider": "provider[\"registry.terraform.io/hashicorp/aws\"]",
      "instances": [
        {
          "schema_version": 0,
          "attributes": {
            "acceleration_status": "",
            "acl": null,
            "arn": "arn:aws:s3:::huntaze-cloudtrail-logs-317805897534",
            "bucket": "huntaze-cloudtrail-logs-317805897534",
            "bucket_domain_name": "huntaze-cloudtrail-logs-317805897534.s3.amazonaws.com",
            "bucket_prefix": "",
            "bucket_region": "us-east-1",
            "bucket_regional_domain_name": "huntaze-cloudtrail-logs-317805897534.s3.us-east-1.amazonaws.com",
            "cors_rule": [],
            "force_destroy": false,
            "grant": [
              {
                "id": "612a5b3ea83e95d09a9ff48f39bd65e92d943784e0d30beb1c6508511f8c76cd",
                "permissions": [
                  "FULL_CONTROL"
                ],
                "type": "CanonicalUser",
                "uri": ""
              }
            ],
            "hosted_zone_id": "Z3AQBSTGFYJSTF",
            "id": "huntaze-cloudtrail-logs-317805897534",
            "lifecycle_rule": [
              {
                "abort_incomplete_multipart_upload_days": 0,
                "enabled": true,
                "expiration": [
                  {
                    "date": "",
                    "days": 2555,
                    "expired_object_delete_marker": false
                  }
                ],
                "id": "archive-old-logs",
                "noncurrent_version_expiration": [],
                "noncurrent_version_transition": [],
                "prefix": "",
                "tags": {},
                "transition": [
                  {
                    "date": "",
                    "days": 180,
                    "storage_class": "DEEP_ARCHIVE"
                  },
                  {
                    "date": "",
                    "days": 90,
                    "storage_class": "GLACIER"
                  }
                ]
              }
            ],
            "logging": [],
            "object_lock_configuration": [],
            "object_lock_enabled": false,
            "policy": "{\"Statement\":[{\"Action\":\"s3:GetBucketAcl\",\"Effect\":\"Allow\",\"Principal\":{\"Service\":\"cloudtrail.amazonaws.com\"},\"Resource\":\"arn:aws:s3:::huntaze-cloudtrail-logs-317805897534\",\"Sid\":\"AWSCloudTrailAclCheck\"},{\"Action\":\"s3:PutObject\",\"Condition\":{\"StringEquals\":{\"s3:x-amz-acl\":\"bucket-owner-full-control\"}},\"Effect\":\"Allow\",\"Principal\":{\"Service\":\"cloudtrail.amazonaws.com\"},\"Resource\":\"arn:aws:s3:::huntaze-cloudtrail-logs-317805897534/*\",\"Sid\":\"AWSCloudTrailWrite\"}],\"Version\":\"2012-10-17\"}",
            "region": "us-east-1",
            "replication_configuration": [],
            "request_payer": "BucketOwner",
            "server_side_encryption_configuration": [
              {
                "rule": [
                  {
                    "apply_server_side_encryption_by_default": [
                      {
                        "kms_master_key_id": "arn:aws:kms:us-east-1:317805897534:key/e13e392c-51a1-4366-86e8-bda938f1e91a",
                        "sse_algorithm": "aws:kms"
                      }
                    ],
                    "bucket_key_enabled": true
                  }
                ]
              }
            ],
            "tags": {
              "Environment": "production",
              "ManagedBy": "terraform",
              "Name": "huntaze-cloudtrail-logs",
              "Purpose": "CloudTrail audit logs"
            },
            "tags_all": {
              "Environment": "production",
              "ManagedBy": "terraform",
              "Name": "huntaze-cloudtrail-logs",
              "Purpose": "CloudTrail audit logs"
            },
            "timeouts": null,
            "versioning": [
              {
                "enabled": true,
                "mfa_delete": false
              }
            ],
            "website": [],
            "website_domain": null,
            "website_endpoint": null
          },
          "sensitive_attributes": [],
          "private": "eyJlMmJmYjczMC1lY2FhLTExZTYtOGY4OC0zNDM2M2JjN2M0YzAiOnsiY3JlYXRlIjoxMjAwMDAwMDAwMDAwLCJkZWxldGUiOjM2MDAwMDAwMDAwMDAsInJlYWQiOjEyMDAwMDAwMDAwMDAsInVwZGF0ZSI6MTIwMDAwMDAwMDAwMH19"
        }
      ]
    },
    {
      "mode": "managed",
      "type": "aws_s3_bucket",
      "name": "config_bucket",
      "provider": "provider[\"registry.terraform.io/hashicorp/aws\"]",
      "instances": [
        {
          "schema_version": 0,
          "attributes": {
            "acceleration_status": "",
            "acl": null,
            "arn": "arn:aws:s3:::huntaze-aws-config-317805897534",
            "bucket": "huntaze-aws-config-317805897534",
            "bucket_domain_name": "huntaze-aws-config-317805897534.s3.amazonaws.com",
            "bucket_prefix": "",
            "bucket_region": "us-east-1",
            "bucket_regional_domain_name": "huntaze-aws-config-317805897534.s3.us-east-1.amazonaws.com",
            "cors_rule": [],
            "force_destroy": false,
            "grant": [
              {
                "id": "612a5b3ea83e95d09a9ff48f39bd65e92d943784e0d30beb1c6508511f8c76cd",
                "permissions": [
                  "FULL_CONTROL"
                ],
                "type": "CanonicalUser",
                "uri": ""
              }
            ],
            "hosted_zone_id": "Z3AQBSTGFYJSTF",
            "id": "huntaze-aws-config-317805897534",
            "lifecycle_rule": [],
            "logging": [],
            "object_lock_configuration": [],
            "object_lock_enabled": false,
            "policy": "{\"Statement\":[{\"Action\":\"s3:GetBucketAcl\",\"Effect\":\"Allow\",\"Principal\":{\"Service\":\"config.amazonaws.com\"},\"Resource\":\"arn:aws:s3:::huntaze-aws-config-317805897534\",\"Sid\":\"AWSConfigBucketPermissionsCheck\"},{\"Action\":\"s3:ListBucket\",\"Effect\":\"Allow\",\"Principal\":{\"Service\":\"config.amazonaws.com\"},\"Resource\":\"arn:aws:s3:::huntaze-aws-config-317805897534\",\"Sid\":\"AWSConfigBucketExistenceCheck\"},{\"Action\":\"s3:PutObject\",\"Condition\":{\"StringEquals\":{\"s3:x-amz-acl\":\"bucket-owner-full-control\"}},\"Effect\":\"Allow\",\"Principal\":{\"Service\":\"config.amazonaws.com\"},\"Resource\":\"arn:aws:s3:::huntaze-aws-config-317805897534/*\",\"Sid\":\"AWSConfigBucketPutObject\"}],\"Version\":\"2012-10-17\"}",
            "region": "us-east-1",
            "replication_configuration": [],
            "request_payer": "BucketOwner",
            "server_side_encryption_configuration": [
              {
                "rule": [
                  {
                    "apply_server_side_encryption_by_default": [
                      {
                        "kms_master_key_id": "",
                        "sse_algorithm": "AES256"
                      }
                    ],
                    "bucket_key_enabled": false
                  }
                ]
              }
            ],
            "tags": {
              "Environment": "production",
              "ManagedBy": "terraform",
              "Name": "huntaze-aws-config",
              "Purpose": "AWS Config delivery"
            },
            "tags_all": {
              "Environment": "production",
              "ManagedBy": "terraform",
              "Name": "huntaze-aws-config",
              "Purpose": "AWS Config delivery"
            },
            "timeouts": null,
            "versioning": [
              {
                "enabled": true,
                "mfa_delete": false
              }
            ],
            "website": [],
            "website_domain": null,
            "website_endpoint": null
          },
          "sensitive_attributes": [],
          "private": "eyJlMmJmYjczMC1lY2FhLTExZTYtOGY4OC0zNDM2M2JjN2M0YzAiOnsiY3JlYXRlIjoxMjAwMDAwMDAwMDAwLCJkZWxldGUiOjM2MDAwMDAwMDAwMDAsInJlYWQiOjEyMDAwMDAwMDAwMDAsInVwZGF0ZSI6MTIwMDAwMDAwMDAwMH19"
        }
      ]
    },
    {
      "mode": "managed",
      "type": "aws_s3_bucket_intelligent_tiering_configuration",
      "name": "this",
      "provider": "provider[\"registry.terraform.io/hashicorp/aws\"]",
      "instances": [
        {
          "index_key": "huntaze-of-traces-317805897534-us-east-1",
          "schema_version": 0,
          "attributes": {
            "bucket": "huntaze-of-traces-317805897534-us-east-1",
            "filter": [],
            "id": "huntaze-of-traces-317805897534-us-east-1:EntireBucket",
            "name": "EntireBucket",
            "region": "us-east-1",
            "status": "Enabled",
            "tiering": [
              {
                "access_tier": "ARCHIVE_ACCESS",
                "days": 90
              },
              {
                "access_tier": "DEEP_ARCHIVE_ACCESS",
                "days": 180
              }
            ]
          },
          "sensitive_attributes": [],
          "private": "bnVsbA=="
        },
        {
          "index_key": "huntaze-playwright-artifacts-317805897534-us-east-1",
          "schema_version": 0,
          "attributes": {
            "bucket": "huntaze-playwright-artifacts-317805897534-us-east-1",
            "filter": [],
            "id": "huntaze-playwright-artifacts-317805897534-us-east-1:EntireBucket",
            "name": "EntireBucket",
            "region": "us-east-1",
            "status": "Enabled",
            "tiering": [
              {
                "access_tier": "ARCHIVE_ACCESS",
                "days": 90
              },
              {
                "access_tier": "DEEP_ARCHIVE_ACCESS",
                "days": 180
              }
            ]
          },
          "sensitive_attributes": [],
          "private": "bnVsbA=="
        },
        {
          "index_key": "huntaze-synthetics-artifacts-317805897534",
          "schema_version": 0,
          "attributes": {
            "bucket": "huntaze-synthetics-artifacts-317805897534",
            "filter": [],
            "id": "huntaze-synthetics-artifacts-317805897534:EntireBucket",
            "name": "EntireBucket",
            "region": "us-east-1",
            "status": "Enabled",
            "tiering": [
              {
                "access_tier": "ARCHIVE_ACCESS",
                "days": 90
              },
              {
                "access_tier": "DEEP_ARCHIVE_ACCESS",
                "days": 180
              }
            ]
          },
          "sensitive_attributes": [],
          "private": "bnVsbA=="
        }
      ]
    },
    {
      "mode": "managed",
      "type": "aws_s3_bucket_lifecycle_configuration",
      "name": "cloudtrail_logs",
      "provider": "provider[\"registry.terraform.io/hashicorp/aws\"]",
      "instances": [
        {
          "schema_version": 1,
          "attributes": {
            "bucket": "huntaze-cloudtrail-logs-317805897534",
            "expected_bucket_owner": "",
            "id": "huntaze-cloudtrail-logs-317805897534",
            "region": "us-east-1",
            "rule": [
              {
                "abort_incomplete_multipart_upload": [],
                "expiration": [
                  {
                    "date": null,
                    "days": 2555,
                    "expired_object_delete_marker": false
                  }
                ],
                "filter": [],
                "id": "archive-old-logs",
                "noncurrent_version_expiration": [],
                "noncurrent_version_transition": [],
                "prefix": "",
                "status": "Enabled",
                "transition": [
                  {
                    "date": null,
                    "days": 180,
                    "storage_class": "DEEP_ARCHIVE"
                  },
                  {
                    "date": null,
                    "days": 90,
                    "storage_class": "GLACIER"
                  }
                ]
              }
            ],
            "timeouts": null,
            "transition_default_minimum_object_size": "all_storage_classes_128K"
          },
          "sensitive_attributes": [],
          "dependencies": [
            "aws_s3_bucket.cloudtrail_logs"
          ]
        }
      ]
    },
    {
      "mode": "managed",
      "type": "aws_s3_bucket_lifecycle_configuration",
      "name": "intelligent_tiering",
      "provider": "provider[\"registry.terraform.io/hashicorp/aws\"]",
      "instances": [
        {
          "index_key": "huntaze-of-traces-317805897534-us-east-1",
          "schema_version": 1,
          "attributes": {
            "bucket": "huntaze-of-traces-317805897534-us-east-1",
            "expected_bucket_owner": "",
            "id": "huntaze-of-traces-317805897534-us-east-1",
            "region": "us-east-1",
            "rule": [
              {
                "abort_incomplete_multipart_upload": [
                  {
                    "days_after_initiation": 7
                  }
                ],
                "expiration": [],
                "filter": [],
                "id": "intelligent-tiering-transition",
                "noncurrent_version_expiration": [
                  {
                    "newer_noncurrent_versions": null,
                    "noncurrent_days": 90
                  }
                ],
                "noncurrent_version_transition": [],
                "prefix": "",
                "status": "Enabled",
                "transition": [
                  {
                    "date": null,
                    "days": 0,
                    "storage_class": "INTELLIGENT_TIERING"
                  }
                ]
              },
              {
                "abort_incomplete_multipart_upload": [],
                "expiration": [
                  {
                    "date": null,
                    "days": 90,
                    "expired_object_delete_marker": false
                  }
                ],
                "filter": [
                  {
                    "and": [],
                    "object_size_greater_than": null,
                    "object_size_less_than": null,
                    "prefix": "logs/",
                    "tag": []
                  }
                ],
                "id": "expire-old-logs",
                "noncurrent_version_expiration": [],
                "noncurrent_version_transition": [],
                "prefix": "",
                "status": "Enabled",
                "transition": []
              }
            ],
            "timeouts": null,
            "transition_default_minimum_object_size": "all_storage_classes_128K"
          },
          "sensitive_attributes": []
        },
        {
          "index_key": "huntaze-playwright-artifacts-317805897534-us-east-1",
          "schema_version": 1,
          "attributes": {
            "bucket": "huntaze-playwright-artifacts-317805897534-us-east-1",
            "expected_bucket_owner": "",
            "id": "huntaze-playwright-artifacts-317805897534-us-east-1",
            "region": "us-east-1",
            "rule": [
              {
                "abort_incomplete_multipart_upload": [
                  {
                    "days_after_initiation": 7
                  }
                ],
                "expiration": [],
                "filter": [],
                "id": "intelligent-tiering-transition",
                "noncurrent_version_expiration": [
                  {
                    "newer_noncurrent_versions": null,
                    "noncurrent_days": 90
                  }
                ],
                "noncurrent_version_transition": [],
                "prefix": "",
                "status": "Enabled",
                "transition": [
                  {
                    "date": null,
                    "days": 0,
                    "storage_class": "INTELLIGENT_TIERING"
                  }
                ]
              },
              {
                "abort_incomplete_multipart_upload": [],
                "expiration": [
                  {
                    "date": null,
                    "days": 90,
                    "expired_object_delete_marker": false
                  }
                ],
                "filter": [
                  {
                    "and": [],
                    "object_size_greater_than": null,
                    "object_size_less_than": null,
                    "prefix": "logs/",
                    "tag": []
                  }
                ],
                "id": "expire-old-logs",
                "noncurrent_version_expiration": [],
                "noncurrent_version_transition": [],
                "prefix": "",
                "status": "Enabled",
                "transition": []
              }
            ],
            "timeouts": null,
            "transition_default_minimum_object_size": "all_storage_classes_128K"
          },
          "sensitive_attributes": []
        },
        {
          "index_key": "huntaze-synthetics-artifacts-317805897534",
          "schema_version": 1,
          "attributes": {
            "bucket": "huntaze-synthetics-artifacts-317805897534",
            "expected_bucket_owner": "",
            "id": "huntaze-synthetics-artifacts-317805897534",
            "region": "us-east-1",
            "rule": [
              {
                "abort_incomplete_multipart_upload": [
                  {
                    "days_after_initiation": 7
                  }
                ],
                "expiration": [],
                "filter": [],
                "id": "intelligent-tiering-transition",
                "noncurrent_version_expiration": [
                  {
                    "newer_noncurrent_versions": null,
                    "noncurrent_days": 90
                  }
                ],
                "noncurrent_version_transition": [],
                "prefix": "",
                "status": "Enabled",
                "transition": [
                  {
                    "date": null,
                    "days": 0,
                    "storage_class": "INTELLIGENT_TIERING"
                  }
                ]
              },
              {
                "abort_incomplete_multipart_upload": [],
                "expiration": [
                  {
                    "date": null,
                    "days": 90,
                    "expired_object_delete_marker": false
                  }
                ],
                "filter": [
                  {
                    "and": [],
                    "object_size_greater_than": null,
                    "object_size_less_than": null,
                    "prefix": "logs/",
                    "tag": []
                  }
                ],
                "id": "expire-old-logs",
                "noncurrent_version_expiration": [],
                "noncurrent_version_transition": [],
                "prefix": "",
                "status": "Enabled",
                "transition": []
              }
            ],
            "timeouts": null,
            "transition_default_minimum_object_size": "all_storage_classes_128K"
          },
          "sensitive_attributes": []
        }
      ]
    },
    {
      "mode": "managed",
      "type": "aws_s3_bucket_policy",
      "name": "cloudtrail_logs",
      "provider": "provider[\"registry.terraform.io/hashicorp/aws\"]",
      "instances": [
        {
          "schema_version": 0,
          "attributes": {
            "bucket": "huntaze-cloudtrail-logs-317805897534",
            "id": "huntaze-cloudtrail-logs-317805897534",
            "policy": "{\"Statement\":[{\"Action\":\"s3:GetBucketAcl\",\"Effect\":\"Allow\",\"Principal\":{\"Service\":\"cloudtrail.amazonaws.com\"},\"Resource\":\"arn:aws:s3:::huntaze-cloudtrail-logs-317805897534\",\"Sid\":\"AWSCloudTrailAclCheck\"},{\"Action\":\"s3:PutObject\",\"Condition\":{\"StringEquals\":{\"s3:x-amz-acl\":\"bucket-owner-full-control\"}},\"Effect\":\"Allow\",\"Principal\":{\"Service\":\"cloudtrail.amazonaws.com\"},\"Resource\":\"arn:aws:s3:::huntaze-cloudtrail-logs-317805897534/*\",\"Sid\":\"AWSCloudTrailWrite\"}],\"Version\":\"2012-10-17\"}",
            "region": "us-east-1"
          },
          "sensitive_attributes": [],
          "private": "bnVsbA==",
          "dependencies": [
            "aws_s3_bucket.cloudtrail_logs"
          ]
        }
      ]
    },
    {
      "mode": "managed",
      "type": "aws_s3_bucket_policy",
      "name": "config_bucket",
      "provider": "provider[\"registry.terraform.io/hashicorp/aws\"]",
      "instances": [
        {
          "schema_version": 0,
          "attributes": {
            "bucket": "huntaze-aws-config-317805897534",
            "id": "huntaze-aws-config-317805897534",
            "policy": "{\"Statement\":[{\"Action\":\"s3:GetBucketAcl\",\"Effect\":\"Allow\",\"Principal\":{\"Service\":\"config.amazonaws.com\"},\"Resource\":\"arn:aws:s3:::huntaze-aws-config-317805897534\",\"Sid\":\"AWSConfigBucketPermissionsCheck\"},{\"Action\":\"s3:ListBucket\",\"Effect\":\"Allow\",\"Principal\":{\"Service\":\"config.amazonaws.com\"},\"Resource\":\"arn:aws:s3:::huntaze-aws-config-317805897534\",\"Sid\":\"AWSConfigBucketExistenceCheck\"},{\"Action\":\"s3:PutObject\",\"Condition\":{\"StringEquals\":{\"s3:x-amz-acl\":\"bucket-owner-full-control\"}},\"Effect\":\"Allow\",\"Principal\":{\"Service\":\"config.amazonaws.com\"},\"Resource\":\"arn:aws:s3:::huntaze-aws-config-317805897534/*\",\"Sid\":\"AWSConfigBucketPutObject\"}],\"Version\":\"2012-10-17\"}",
            "region": "us-east-1"
          },
          "sensitive_attributes": [],
          "private": "bnVsbA==",
          "dependencies": [
            "aws_s3_bucket.config_bucket"
          ]
        }
      ]
    },
    {
      "mode": "managed",
      "type": "aws_s3_bucket_public_access_block",
      "name": "cloudtrail_logs",
      "provider": "provider[\"registry.terraform.io/hashicorp/aws\"]",
      "instances": [
        {
          "schema_version": 0,
          "attributes": {
            "block_public_acls": true,
            "block_public_policy": true,
            "bucket": "huntaze-cloudtrail-logs-317805897534",
            "id": "huntaze-cloudtrail-logs-317805897534",
            "ignore_public_acls": true,
            "region": "us-east-1",
            "restrict_public_buckets": true,
            "skip_destroy": null
          },
          "sensitive_attributes": [],
          "private": "bnVsbA==",
          "dependencies": [
            "aws_s3_bucket.cloudtrail_logs"
          ]
        }
      ]
    },
    {
      "mode": "managed",
      "type": "aws_s3_bucket_public_access_block",
      "name": "config_bucket",
      "provider": "provider[\"registry.terraform.io/hashicorp/aws\"]",
      "instances": [
        {
          "schema_version": 0,
          "attributes": {
            "block_public_acls": true,
            "block_public_policy": true,
            "bucket": "huntaze-aws-config-317805897534",
            "id": "huntaze-aws-config-317805897534",
            "ignore_public_acls": true,
            "region": "us-east-1",
            "restrict_public_buckets": true,
            "skip_destroy": null
          },
          "sensitive_attributes": [],
          "private": "bnVsbA==",
          "dependencies": [
            "aws_s3_bucket.config_bucket"
          ]
        }
      ]
    },
    {
      "mode": "managed",
      "type": "aws_s3_bucket_server_side_encryption_configuration",
      "name": "cloudtrail_logs",
      "provider": "provider[\"registry.terraform.io/hashicorp/aws\"]",
      "instances": [
        {
          "schema_version": 0,
          "attributes": {
            "bucket": "huntaze-cloudtrail-logs-317805897534",
            "expected_bucket_owner": "",
            "id": "huntaze-cloudtrail-logs-317805897534",
            "region": "us-east-1",
            "rule": [
              {
                "apply_server_side_encryption_by_default": [
                  {
                    "kms_master_key_id": "arn:aws:kms:us-east-1:317805897534:key/e13e392c-51a1-4366-86e8-bda938f1e91a",
                    "sse_algorithm": "aws:kms"
                  }
                ],
                "bucket_key_enabled": true
              }
            ]
          },
          "sensitive_attributes": [],
          "private": "bnVsbA==",
          "dependencies": [
            "aws_kms_key.cloudtrail_encryption",
            "aws_s3_bucket.cloudtrail_logs"
          ]
        }
      ]
    },
    {
      "mode": "managed",
      "type": "aws_s3_bucket_server_side_encryption_configuration",
      "name": "config_bucket",
      "provider": "provider[\"registry.terraform.io/hashicorp/aws\"]",
      "instances": [
        {
          "schema_version": 0,
          "attributes": {
            "bucket": "huntaze-aws-config-317805897534",
            "expected_bucket_owner": "",
            "id": "huntaze-aws-config-317805897534",
            "region": "us-east-1",
            "rule": [
              {
                "apply_server_side_encryption_by_default": [
                  {
                    "kms_master_key_id": "",
                    "sse_algorithm": "AES256"
                  }
                ],
                "bucket_key_enabled": false
              }
            ]
          },
          "sensitive_attributes": [],
          "private": "bnVsbA==",
          "dependencies": [
            "aws_s3_bucket.config_bucket"
          ]
        }
      ]
    },
    {
      "mode": "managed",
      "type": "aws_s3_bucket_versioning",
      "name": "cloudtrail_logs",
      "provider": "provider[\"registry.terraform.io/hashicorp/aws\"]",
      "instances": [
        {
          "schema_version": 0,
          "attributes": {
            "bucket": "huntaze-cloudtrail-logs-317805897534",
            "expected_bucket_owner": "",
            "id": "huntaze-cloudtrail-logs-317805897534",
            "mfa": null,
            "region": "us-east-1",
            "versioning_configuration": [
              {
                "mfa_delete": "",
                "status": "Enabled"
              }
            ]
          },
          "sensitive_attributes": [],
          "private": "bnVsbA==",
          "dependencies": [
            "aws_s3_bucket.cloudtrail_logs"
          ]
        }
      ]
    },
    {
      "mode": "managed",
      "type": "aws_s3_bucket_versioning",
      "name": "config_bucket",
      "provider": "provider[\"registry.terraform.io/hashicorp/aws\"]",
      "instances": [
        {
          "schema_version": 0,
          "attributes": {
            "bucket": "huntaze-aws-config-317805897534",
            "expected_bucket_owner": "",
            "id": "huntaze-aws-config-317805897534",
            "mfa": null,
            "region": "us-east-1",
            "versioning_configuration": [
              {
                "mfa_delete": "",
                "status": "Enabled"
              }
            ]
          },
          "sensitive_attributes": [],
          "private": "bnVsbA==",
          "dependencies": [
            "aws_s3_bucket.config_bucket"
          ]
        }
      ]
    },
    {
      "mode": "managed",
      "type": "aws_secretsmanager_secret",
      "name": "rds_credentials",
      "provider": "provider[\"registry.terraform.io/hashicorp/aws\"]",
      "instances": [
        {
          "schema_version": 0,
          "attributes": {
            "arn": "arn:aws:secretsmanager:us-east-1:317805897534:secret:huntaze/rds/postgres/master-credentials-2JSSNc",
            "description": "Master credentials for Huntaze PostgreSQL database",
            "force_overwrite_replica_secret": false,
            "id": "arn:aws:secretsmanager:us-east-1:317805897534:secret:huntaze/rds/postgres/master-credentials-2JSSNc",
            "kms_key_id": "260cfe04-4e98-4167-8feb-6ac7826d5fad",
            "name": "huntaze/rds/postgres/master-credentials",
            "name_prefix": "",
            "policy": "",
            "recovery_window_in_days": 30,
            "region": "us-east-1",
            "replica": [],
            "tags": {
              "Environment": "production",
              "ManagedBy": "terraform",
              "Name": "huntaze-rds-credentials",
              "Purpose": "RDS master credentials"
            },
            "tags_all": {
              "Environment": "production",
              "ManagedBy": "terraform",
              "Name": "huntaze-rds-credentials",
              "Purpose": "RDS master credentials"
            }
          },
          "sensitive_attributes": [],
          "private": "bnVsbA==",
          "dependencies": [
            "aws_kms_key.rds_encryption"
          ]
        }
      ]
    },
    {
      "mode": "managed",
      "type": "aws_security_group",
      "name": "rds_postgres",
      "provider": "provider[\"registry.terraform.io/hashicorp/aws\"]",
      "instances": [
        {
          "schema_version": 1,
          "attributes": {
            "arn": "arn:aws:ec2:us-east-1:317805897534:security-group/sg-01a71b1f4b2a1e834",
            "description": "Restrictive security group for RDS PostgreSQL",
            "egress": [
              {
                "cidr_blocks": [
                  "0.0.0.0/0"
                ],
                "description": "No outbound traffic",
                "from_port": 0,
                "ipv6_cidr_blocks": [],
                "prefix_list_ids": [],
                "protocol": "-1",
                "security_groups": [],
                "self": false,
                "to_port": 0
              }
            ],
            "id": "sg-01a71b1f4b2a1e834",
            "ingress": [
              {
                "cidr_blocks": [],
                "description": "PostgreSQL from ECS tasks",
                "from_port": 5432,
                "ipv6_cidr_blocks": [],
                "prefix_list_ids": [],
                "protocol": "tcp",
                "security_groups": [],
                "self": false,
                "to_port": 5432
              }
            ],
            "name": "huntaze-rds-postgres-secure",
            "name_prefix": "",
            "owner_id": "317805897534",
            "region": "us-east-1",
            "revoke_rules_on_delete": false,
            "tags": {
              "Environment": "production",
              "ManagedBy": "terraform",
              "Name": "huntaze-rds-postgres-secure",
              "Purpose": "RDS security group"
            },
            "tags_all": {
              "Environment": "production",
              "ManagedBy": "terraform",
              "Name": "huntaze-rds-postgres-secure",
              "Purpose": "RDS security group"
            },
            "timeouts": null,
            "vpc_id": "vpc-033be7e71ec9548d2"
          },
          "sensitive_attributes": [],
          "private": "eyJlMmJmYjczMC1lY2FhLTExZTYtOGY4OC0zNDM2M2JjN2M0YzAiOnsiY3JlYXRlIjo2MDAwMDAwMDAwMDAsImRlbGV0ZSI6OTAwMDAwMDAwMDAwfSwic2NoZW1hX3ZlcnNpb24iOiIxIn0=",
          "dependencies": [
            "data.aws_vpc.main"
          ]
        }
      ]
    },
    {
      "mode": "managed",
      "type": "aws_securityhub_standards_subscription",
      "name": "fsbp",
      "provider": "provider[\"registry.terraform.io/hashicorp/aws\"]",
      "instances": []
    },
    {
      "mode": "managed",
      "type": "aws_sns_topic",
      "name": "cost_alerts",
      "provider": "provider[\"registry.terraform.io/hashicorp/aws\"]",
      "instances": [
        {
          "schema_version": 0,
          "attributes": {
            "application_failure_feedback_role_arn": "",
            "application_success_feedback_role_arn": "",
            "application_success_feedback_sample_rate": 0,
            "archive_policy": "",
            "arn": "arn:aws:sns:us-east-1:317805897534:huntaze-cost-alerts",
            "beginning_archive_time": "",
            "content_based_deduplication": false,
            "delivery_policy": "",
            "display_name": "",
            "fifo_throughput_scope": "",
            "fifo_topic": false,
            "firehose_failure_feedback_role_arn": "",
            "firehose_success_feedback_role_arn": "",
            "firehose_success_feedback_sample_rate": 0,
            "http_failure_feedback_role_arn": "",
            "http_success_feedback_role_arn": "",
            "http_success_feedback_sample_rate": 0,
            "id": "arn:aws:sns:us-east-1:317805897534:huntaze-cost-alerts",
            "kms_master_key_id": "",
            "lambda_failure_feedback_role_arn": "",
            "lambda_success_feedback_role_arn": "",
            "lambda_success_feedback_sample_rate": 0,
            "name": "huntaze-cost-alerts",
            "name_prefix": "",
            "owner": "317805897534",
            "policy": "{\"Statement\":[{\"Action\":\"SNS:Publish\",\"Condition\":{\"StringEquals\":{\"AWS:SourceAccount\":\"317805897534\"}},\"Effect\":\"Allow\",\"Principal\":{\"Service\":\"budgets.amazonaws.com\"},\"Resource\":\"arn:aws:sns:us-east-1:317805897534:huntaze-cost-alerts\",\"Sid\":\"AllowBudgetsToPublish\"}],\"Version\":\"2012-10-17\"}",
            "region": "us-east-1",
            "signature_version": 0,
            "sqs_failure_feedback_role_arn": "",
            "sqs_success_feedback_role_arn": "",
            "sqs_success_feedback_sample_rate": 0,
            "tags": {
              "Environment": "production",
              "ManagedBy": "terraform",
              "Name": "huntaze-cost-alerts",
              "Purpose": "Budget and cost anomaly alerts"
            },
            "tags_all": {
              "Environment": "production",
              "ManagedBy": "terraform",
              "Name": "huntaze-cost-alerts",
              "Purpose": "Budget and cost anomaly alerts"
            },
            "tracing_config": ""
          },
          "sensitive_attributes": [],
          "private": "bnVsbA=="
        }
      ]
    },
    {
      "mode": "managed",
      "type": "aws_sns_topic",
      "name": "guardduty_findings",
      "provider": "provider[\"registry.terraform.io/hashicorp/aws\"]",
      "instances": [
        {
          "schema_version": 0,
          "attributes": {
            "application_failure_feedback_role_arn": "",
            "application_success_feedback_role_arn": "",
            "application_success_feedback_sample_rate": 0,
            "archive_policy": "",
            "arn": "arn:aws:sns:us-east-1:317805897534:huntaze-guardduty-findings",
            "beginning_archive_time": "",
            "content_based_deduplication": false,
            "delivery_policy": "",
            "display_name": "Huntaze GuardDuty Findings",
            "fifo_throughput_scope": "",
            "fifo_topic": false,
            "firehose_failure_feedback_role_arn": "",
            "firehose_success_feedback_role_arn": "",
            "firehose_success_feedback_sample_rate": 0,
            "http_failure_feedback_role_arn": "",
            "http_success_feedback_role_arn": "",
            "http_success_feedback_sample_rate": 0,
            "id": "arn:aws:sns:us-east-1:317805897534:huntaze-guardduty-findings",
            "kms_master_key_id": "e18b4e29-fb6f-4ee6-b93b-080094a937c1",
            "lambda_failure_feedback_role_arn": "",
            "lambda_success_feedback_role_arn": "",
            "lambda_success_feedback_sample_rate": 0,
            "name": "huntaze-guardduty-findings",
            "name_prefix": "",
            "owner": "317805897534",
            "policy": "{\"Statement\":[{\"Action\":\"SNS:Publish\",\"Effect\":\"Allow\",\"Principal\":{\"Service\":\"events.amazonaws.com\"},\"Resource\":\"arn:aws:sns:us-east-1:317805897534:huntaze-guardduty-findings\",\"Sid\":\"AllowEventBridgePublish\"}],\"Version\":\"2012-10-17\"}",
            "region": "us-east-1",
            "signature_version": 0,
            "sqs_failure_feedback_role_arn": "",
            "sqs_success_feedback_role_arn": "",
            "sqs_success_feedback_sample_rate": 0,
            "tags": {
              "Environment": "production",
              "ManagedBy": "terraform",
              "Name": "huntaze-guardduty-findings",
              "Purpose": "GuardDuty alerts"
            },
            "tags_all": {
              "Environment": "production",
              "ManagedBy": "terraform",
              "Name": "huntaze-guardduty-findings",
              "Purpose": "GuardDuty alerts"
            },
            "tracing_config": ""
          },
          "sensitive_attributes": [],
          "private": "bnVsbA==",
          "dependencies": [
            "aws_kms_key.sns_encryption"
          ]
        }
      ]
    },
    {
      "mode": "managed",
      "type": "aws_sns_topic",
      "name": "ops_alerts",
      "provider": "provider[\"registry.terraform.io/hashicorp/aws\"]",
      "instances": [
        {
          "schema_version": 0,
          "attributes": {
            "application_failure_feedback_role_arn": "",
            "application_success_feedback_role_arn": "",
            "application_success_feedback_sample_rate": 0,
            "archive_policy": "",
            "arn": "arn:aws:sns:us-east-1:317805897534:huntaze-ops-alerts",
            "beginning_archive_time": "",
            "content_based_deduplication": false,
            "delivery_policy": "",
            "display_name": "Huntaze Operational Alerts",
            "fifo_throughput_scope": "",
            "fifo_topic": false,
            "firehose_failure_feedback_role_arn": "",
            "firehose_success_feedback_role_arn": "",
            "firehose_success_feedback_sample_rate": 0,
            "http_failure_feedback_role_arn": "",
            "http_success_feedback_role_arn": "",
            "http_success_feedback_sample_rate": 0,
            "id": "arn:aws:sns:us-east-1:317805897534:huntaze-ops-alerts",
            "kms_master_key_id": "e18b4e29-fb6f-4ee6-b93b-080094a937c1",
            "lambda_failure_feedback_role_arn": "",
            "lambda_success_feedback_role_arn": "",
            "lambda_success_feedback_sample_rate": 0,
            "name": "huntaze-ops-alerts",
            "name_prefix": "",
            "owner": "317805897534",
            "policy": "{\"Statement\":[{\"Action\":\"SNS:Publish\",\"Effect\":\"Allow\",\"Principal\":{\"Service\":\"cloudwatch.amazonaws.com\"},\"Resource\":\"arn:aws:sns:us-east-1:317805897534:huntaze-ops-alerts\",\"Sid\":\"AllowCloudWatchPublish\"}],\"Version\":\"2012-10-17\"}",
            "region": "us-east-1",
            "signature_version": 0,
            "sqs_failure_feedback_role_arn": "",
            "sqs_success_feedback_role_arn": "",
            "sqs_success_feedback_sample_rate": 0,
            "tags": {
              "Environment": "production",
              "ManagedBy": "terraform",
              "Name": "huntaze-ops-alerts",
              "Purpose": "Operational alerts"
            },
            "tags_all": {
              "Environment": "production",
              "ManagedBy": "terraform",
              "Name": "huntaze-ops-alerts",
              "Purpose": "Operational alerts"
            },
            "tracing_config": ""
          },
          "sensitive_attributes": [],
          "private": "bnVsbA==",
          "dependencies": [
            "aws_kms_key.sns_encryption"
          ]
        }
      ]
    },
    {
      "mode": "managed",
      "type": "aws_sns_topic",
      "name": "securityhub_findings",
      "provider": "provider[\"registry.terraform.io/hashicorp/aws\"]",
      "instances": [
        {
          "schema_version": 0,
          "attributes": {
            "application_failure_feedback_role_arn": "",
            "application_success_feedback_role_arn": "",
            "application_success_feedback_sample_rate": 0,
            "archive_policy": "",
            "arn": "arn:aws:sns:us-east-1:317805897534:huntaze-securityhub-findings",
            "beginning_archive_time": "",
            "content_based_deduplication": false,
            "delivery_policy": "",
            "display_name": "Huntaze Security Hub Findings",
            "fifo_throughput_scope": "",
            "fifo_topic": false,
            "firehose_failure_feedback_role_arn": "",
            "firehose_success_feedback_role_arn": "",
            "firehose_success_feedback_sample_rate": 0,
            "http_failure_feedback_role_arn": "",
            "http_success_feedback_role_arn": "",
            "http_success_feedback_sample_rate": 0,
            "id": "arn:aws:sns:us-east-1:317805897534:huntaze-securityhub-findings",
            "kms_master_key_id": "e18b4e29-fb6f-4ee6-b93b-080094a937c1",
            "lambda_failure_feedback_role_arn": "",
            "lambda_success_feedback_role_arn": "",
            "lambda_success_feedback_sample_rate": 0,
            "name": "huntaze-securityhub-findings",
            "name_prefix": "",
            "owner": "317805897534",
            "policy": "{\"Statement\":[{\"Action\":\"SNS:Publish\",\"Effect\":\"Allow\",\"Principal\":{\"Service\":\"events.amazonaws.com\"},\"Resource\":\"arn:aws:sns:us-east-1:317805897534:huntaze-securityhub-findings\",\"Sid\":\"AllowEventBridgePublish\"}],\"Version\":\"2012-10-17\"}",
            "region": "us-east-1",
            "signature_version": 0,
            "sqs_failure_feedback_role_arn": "",
            "sqs_success_feedback_role_arn": "",
            "sqs_success_feedback_sample_rate": 0,
            "tags": {
              "Environment": "production",
              "ManagedBy": "terraform",
              "Name": "huntaze-securityhub-findings",
              "Purpose": "Security Hub compliance alerts"
            },
            "tags_all": {
              "Environment": "production",
              "ManagedBy": "terraform",
              "Name": "huntaze-securityhub-findings",
              "Purpose": "Security Hub compliance alerts"
            },
            "tracing_config": ""
          },
          "sensitive_attributes": [],
          "private": "bnVsbA==",
          "dependencies": [
            "aws_kms_key.sns_encryption"
          ]
        }
      ]
    },
    {
      "mode": "managed",
      "type": "aws_sns_topic_policy",
      "name": "cost_alerts_policy",
      "provider": "provider[\"registry.terraform.io/hashicorp/aws\"]",
      "instances": [
        {
          "schema_version": 0,
          "attributes": {
            "arn": "arn:aws:sns:us-east-1:317805897534:huntaze-cost-alerts",
            "id": "arn:aws:sns:us-east-1:317805897534:huntaze-cost-alerts",
            "owner": "317805897534",
            "policy": "{\"Statement\":[{\"Action\":\"SNS:Publish\",\"Condition\":{\"StringEquals\":{\"AWS:SourceAccount\":\"317805897534\"}},\"Effect\":\"Allow\",\"Principal\":{\"Service\":\"budgets.amazonaws.com\"},\"Resource\":\"arn:aws:sns:us-east-1:317805897534:huntaze-cost-alerts\",\"Sid\":\"AllowBudgetsToPublish\"}],\"Version\":\"2012-10-17\"}",
            "region": "us-east-1"
          },
          "sensitive_attributes": [],
          "private": "bnVsbA==",
          "dependencies": [
            "aws_sns_topic.cost_alerts",
            "data.aws_caller_identity.current"
          ]
        }
      ]
    },
    {
      "mode": "managed",
      "type": "aws_sns_topic_policy",
      "name": "guardduty_findings",
      "provider": "provider[\"registry.terraform.io/hashicorp/aws\"]",
      "instances": [
        {
          "schema_version": 0,
          "attributes": {
            "arn": "arn:aws:sns:us-east-1:317805897534:huntaze-guardduty-findings",
            "id": "arn:aws:sns:us-east-1:317805897534:huntaze-guardduty-findings",
            "owner": "317805897534",
            "policy": "{\"Statement\":[{\"Action\":\"SNS:Publish\",\"Effect\":\"Allow\",\"Principal\":{\"Service\":\"events.amazonaws.com\"},\"Resource\":\"arn:aws:sns:us-east-1:317805897534:huntaze-guardduty-findings\",\"Sid\":\"AllowEventBridgePublish\"}],\"Version\":\"2012-10-17\"}",
            "region": "us-east-1"
          },
          "sensitive_attributes": [],
          "private": "bnVsbA==",
          "dependencies": [
            "aws_kms_key.sns_encryption",
            "aws_sns_topic.guardduty_findings"
          ]
        }
      ]
    },
    {
      "mode": "managed",
      "type": "aws_sns_topic_policy",
      "name": "ops_alerts",
      "provider": "provider[\"registry.terraform.io/hashicorp/aws\"]",
      "instances": [
        {
          "schema_version": 0,
          "attributes": {
            "arn": "arn:aws:sns:us-east-1:317805897534:huntaze-ops-alerts",
            "id": "arn:aws:sns:us-east-1:317805897534:huntaze-ops-alerts",
            "owner": "317805897534",
            "policy": "{\"Statement\":[{\"Action\":\"SNS:Publish\",\"Effect\":\"Allow\",\"Principal\":{\"Service\":\"cloudwatch.amazonaws.com\"},\"Resource\":\"arn:aws:sns:us-east-1:317805897534:huntaze-ops-alerts\",\"Sid\":\"AllowCloudWatchPublish\"}],\"Version\":\"2012-10-17\"}",
            "region": "us-east-1"
          },
          "sensitive_attributes": [],
          "private": "bnVsbA==",
          "dependencies": [
            "aws_kms_key.sns_encryption",
            "aws_sns_topic.ops_alerts"
          ]
        }
      ]
    },
    {
      "mode": "managed",
      "type": "aws_sns_topic_policy",
      "name": "securityhub_findings",
      "provider": "provider[\"registry.terraform.io/hashicorp/aws\"]",
      "instances": [
        {
          "schema_version": 0,
          "attributes": {
            "arn": "arn:aws:sns:us-east-1:317805897534:huntaze-securityhub-findings",
            "id": "arn:aws:sns:us-east-1:317805897534:huntaze-securityhub-findings",
            "owner": "317805897534",
            "policy": "{\"Statement\":[{\"Action\":\"SNS:Publish\",\"Effect\":\"Allow\",\"Principal\":{\"Service\":\"events.amazonaws.com\"},\"Resource\":\"arn:aws:sns:us-east-1:317805897534:huntaze-securityhub-findings\",\"Sid\":\"AllowEventBridgePublish\"}],\"Version\":\"2012-10-17\"}",
            "region": "us-east-1"
          },
          "sensitive_attributes": [],
          "private": "bnVsbA==",
          "dependencies": [
            "aws_kms_key.sns_encryption",
            "aws_sns_topic.securityhub_findings"
          ]
        }
      ]
    },
    {
      "mode": "managed",
      "type": "aws_sns_topic_subscription",
      "name": "guardduty_email",
      "provider": "provider[\"registry.terraform.io/hashicorp/aws\"]",
      "instances": [
        {
          "schema_version": 0,
          "attributes": {
            "arn": "arn:aws:sns:us-east-1:317805897534:huntaze-guardduty-findings:91979012-fa13-45a3-a392-7084d6738655",
            "confirmation_timeout_in_minutes": 1,
            "confirmation_was_authenticated": false,
            "delivery_policy": "",
            "endpoint": "security@huntaze.com",
            "endpoint_auto_confirms": false,
            "filter_policy": "",
            "filter_policy_scope": "",
            "id": "arn:aws:sns:us-east-1:317805897534:huntaze-guardduty-findings:91979012-fa13-45a3-a392-7084d6738655",
            "owner_id": "317805897534",
            "pending_confirmation": true,
            "protocol": "email",
            "raw_message_delivery": false,
            "redrive_policy": "",
            "region": "us-east-1",
            "replay_policy": "",
            "subscription_role_arn": "",
            "topic_arn": "arn:aws:sns:us-east-1:317805897534:huntaze-guardduty-findings"
          },
          "sensitive_attributes": [],
          "private": "bnVsbA==",
          "dependencies": [
            "aws_kms_key.sns_encryption",
            "aws_sns_topic.guardduty_findings"
          ]
        }
      ]
    },
    {
      "mode": "managed",
      "type": "aws_sns_topic_subscription",
      "name": "ops_alerts_email",
      "provider": "provider[\"registry.terraform.io/hashicorp/aws\"]",
      "instances": [
        {
          "schema_version": 0,
          "attributes": {
            "arn": "arn:aws:sns:us-east-1:317805897534:huntaze-ops-alerts:cefd3c6d-df80-464b-ab56-38376bcd9266",
            "confirmation_timeout_in_minutes": 1,
            "confirmation_was_authenticated": false,
            "delivery_policy": "",
            "endpoint": "ops@huntaze.com",
            "endpoint_auto_confirms": false,
            "filter_policy": "",
            "filter_policy_scope": "",
            "id": "arn:aws:sns:us-east-1:317805897534:huntaze-ops-alerts:cefd3c6d-df80-464b-ab56-38376bcd9266",
            "owner_id": "317805897534",
            "pending_confirmation": true,
            "protocol": "email",
            "raw_message_delivery": false,
            "redrive_policy": "",
            "region": "us-east-1",
            "replay_policy": "",
            "subscription_role_arn": "",
            "topic_arn": "arn:aws:sns:us-east-1:317805897534:huntaze-ops-alerts"
          },
          "sensitive_attributes": [],
          "private": "bnVsbA==",
          "dependencies": [
            "aws_kms_key.sns_encryption",
            "aws_sns_topic.ops_alerts"
          ]
        }
      ]
    },
    {
      "mode": "managed",
      "type": "aws_sns_topic_subscription",
      "name": "securityhub_email",
      "provider": "provider[\"registry.terraform.io/hashicorp/aws\"]",
      "instances": [
        {
          "schema_version": 0,
          "attributes": {
            "arn": "arn:aws:sns:us-east-1:317805897534:huntaze-securityhub-findings:ce4f0ff0-ab95-4389-822b-7e0c57775340",
            "confirmation_timeout_in_minutes": 1,
            "confirmation_was_authenticated": false,
            "delivery_policy": "",
            "endpoint": "security@huntaze.com",
            "endpoint_auto_confirms": false,
            "filter_policy": "",
            "filter_policy_scope": "",
            "id": "arn:aws:sns:us-east-1:317805897534:huntaze-securityhub-findings:ce4f0ff0-ab95-4389-822b-7e0c57775340",
            "owner_id": "317805897534",
            "pending_confirmation": true,
            "protocol": "email",
            "raw_message_delivery": false,
            "redrive_policy": "",
            "region": "us-east-1",
            "replay_policy": "",
            "subscription_role_arn": "",
            "topic_arn": "arn:aws:sns:us-east-1:317805897534:huntaze-securityhub-findings"
          },
          "sensitive_attributes": [],
          "private": "bnVsbA==",
          "dependencies": [
            "aws_kms_key.sns_encryption",
            "aws_sns_topic.securityhub_findings"
          ]
        }
      ]
    },
    {
      "mode": "managed",
      "type": "aws_sqs_queue",
      "name": "hybrid_workflows",
      "provider": "provider[\"registry.terraform.io/hashicorp/aws\"]",
      "instances": [
        {
          "schema_version": 0,
          "attributes": {
            "arn": "arn:aws:sqs:us-east-1:317805897534:huntaze-hybrid-workflows.fifo",
            "content_based_deduplication": true,
            "deduplication_scope": "messageGroup",
            "delay_seconds": 0,
            "fifo_queue": true,
            "fifo_throughput_limit": "perMessageGroupId",
            "id": "https://sqs.us-east-1.amazonaws.com/317805897534/huntaze-hybrid-workflows.fifo",
            "kms_data_key_reuse_period_seconds": 300,
            "kms_master_key_id": "",
            "max_message_size": 262144,
            "message_retention_seconds": 345600,
            "name": "huntaze-hybrid-workflows.fifo",
            "name_prefix": "",
            "policy": "",
            "receive_wait_time_seconds": 20,
            "redrive_allow_policy": "",
            "redrive_policy": "{\"deadLetterTargetArn\":\"arn:aws:sqs:us-east-1:317805897534:huntaze-hybrid-workflows-dlq.fifo\",\"maxReceiveCount\":5}",
            "region": "us-east-1",
            "sqs_managed_sse_enabled": true,
            "tags": {
              "Environment": "production",
              "ManagedBy": "terraform",
              "Name": "huntaze-hybrid-workflows",
              "Purpose": "Multi-agent workflow orchestration"
            },
            "tags_all": {
              "Environment": "production",
              "ManagedBy": "terraform",
              "Name": "huntaze-hybrid-workflows",
              "Purpose": "Multi-agent workflow orchestration"
            },
            "timeouts": null,
            "url": "https://sqs.us-east-1.amazonaws.com/317805897534/huntaze-hybrid-workflows.fifo",
            "visibility_timeout_seconds": 120
          },
          "sensitive_attributes": [],
          "private": "eyJlMmJmYjczMC1lY2FhLTExZTYtOGY4OC0zNDM2M2JjN2M0YzAiOnsiY3JlYXRlIjoxODAwMDAwMDAwMDAsImRlbGV0ZSI6MTgwMDAwMDAwMDAwLCJ1cGRhdGUiOjE4MDAwMDAwMDAwMH19",
          "dependencies": [
            "aws_sqs_queue.hybrid_workflows_dlq"
          ]
        }
      ]
    },
    {
      "mode": "managed",
      "type": "aws_sqs_queue",
      "name": "hybrid_workflows_dlq",
      "provider": "provider[\"registry.terraform.io/hashicorp/aws\"]",
      "instances": [
        {
          "schema_version": 0,
          "attributes": {
            "arn": "arn:aws:sqs:us-east-1:317805897534:huntaze-hybrid-workflows-dlq.fifo",
            "content_based_deduplication": true,
            "deduplication_scope": "queue",
            "delay_seconds": 0,
            "fifo_queue": true,
            "fifo_throughput_limit": "perQueue",
            "id": "https://sqs.us-east-1.amazonaws.com/317805897534/huntaze-hybrid-workflows-dlq.fifo",
            "kms_data_key_reuse_period_seconds": 300,
            "kms_master_key_id": "",
            "max_message_size": 262144,
            "message_retention_seconds": 1209600,
            "name": "huntaze-hybrid-workflows-dlq.fifo",
            "name_prefix": "",
            "policy": "",
            "receive_wait_time_seconds": 0,
            "redrive_allow_policy": "",
            "redrive_policy": "",
            "region": "us-east-1",
            "sqs_managed_sse_enabled": true,
            "tags": {
              "Environment": "production",
              "ManagedBy": "terraform",
              "Name": "huntaze-hybrid-workflows-dlq",
              "Purpose": "DLQ for hybrid orchestrator workflows"
            },
            "tags_all": {
              "Environment": "production",
              "ManagedBy": "terraform",
              "Name": "huntaze-hybrid-workflows-dlq",
              "Purpose": "DLQ for hybrid orchestrator workflows"
            },
            "timeouts": null,
            "url": "https://sqs.us-east-1.amazonaws.com/317805897534/huntaze-hybrid-workflows-dlq.fifo",
            "visibility_timeout_seconds": 30
          },
          "sensitive_attributes": [],
          "private": "eyJlMmJmYjczMC1lY2FhLTExZTYtOGY4OC0zNDM2M2JjN2M0YzAiOnsiY3JlYXRlIjoxODAwMDAwMDAwMDAsImRlbGV0ZSI6MTgwMDAwMDAwMDAwLCJ1cGRhdGUiOjE4MDAwMDAwMDAwMH19"
        }
      ]
    },
    {
      "mode": "managed",
      "type": "aws_sqs_queue",
      "name": "rate_limiter",
      "provider": "provider[\"registry.terraform.io/hashicorp/aws\"]",
      "instances": [
        {
          "schema_version": 0,
          "attributes": {
            "arn": "arn:aws:sqs:us-east-1:317805897534:huntaze-rate-limiter-queue",
            "content_based_deduplication": false,
            "deduplication_scope": "",
            "delay_seconds": 0,
            "fifo_queue": false,
            "fifo_throughput_limit": "",
            "id": "https://sqs.us-east-1.amazonaws.com/317805897534/huntaze-rate-limiter-queue",
            "kms_data_key_reuse_period_seconds": 300,
            "kms_master_key_id": "",
            "max_message_size": 262144,
            "message_retention_seconds": 345600,
            "name": "huntaze-rate-limiter-queue",
            "name_prefix": "",
            "policy": "",
            "receive_wait_time_seconds": 20,
            "redrive_allow_policy": "",
            "redrive_policy": "{\"deadLetterTargetArn\":\"arn:aws:sqs:us-east-1:317805897534:huntaze-rate-limiter-queue-dlq\",\"maxReceiveCount\":5}",
            "region": "us-east-1",
            "sqs_managed_sse_enabled": true,
            "tags": {
              "Environment": "production",
              "ManagedBy": "terraform",
              "Name": "huntaze-rate-limiter",
              "Purpose": "OnlyFans 10 msg/min rate limiting"
            },
            "tags_all": {
              "Environment": "production",
              "ManagedBy": "terraform",
              "Name": "huntaze-rate-limiter",
              "Purpose": "OnlyFans 10 msg/min rate limiting"
            },
            "timeouts": null,
            "url": "https://sqs.us-east-1.amazonaws.com/317805897534/huntaze-rate-limiter-queue",
            "visibility_timeout_seconds": 90
          },
          "sensitive_attributes": [],
          "private": "eyJlMmJmYjczMC1lY2FhLTExZTYtOGY4OC0zNDM2M2JjN2M0YzAiOnsiY3JlYXRlIjoxODAwMDAwMDAwMDAsImRlbGV0ZSI6MTgwMDAwMDAwMDAwLCJ1cGRhdGUiOjE4MDAwMDAwMDAwMH19",
          "dependencies": [
            "aws_sqs_queue.rate_limiter_dlq"
          ]
        }
      ]
    },
    {
      "mode": "managed",
      "type": "aws_sqs_queue",
      "name": "rate_limiter_dlq",
      "provider": "provider[\"registry.terraform.io/hashicorp/aws\"]",
      "instances": [
        {
          "schema_version": 0,
          "attributes": {
            "arn": "arn:aws:sqs:us-east-1:317805897534:huntaze-rate-limiter-queue-dlq",
            "content_based_deduplication": false,
            "deduplication_scope": "",
            "delay_seconds": 0,
            "fifo_queue": false,
            "fifo_throughput_limit": "",
            "id": "https://sqs.us-east-1.amazonaws.com/317805897534/huntaze-rate-limiter-queue-dlq",
            "kms_data_key_reuse_period_seconds": 300,
            "kms_master_key_id": "",
            "max_message_size": 262144,
            "message_retention_seconds": 1209600,
            "name": "huntaze-rate-limiter-queue-dlq",
            "name_prefix": "",
            "policy": "",
            "receive_wait_time_seconds": 0,
            "redrive_allow_policy": "",
            "redrive_policy": "",
            "region": "us-east-1",
            "sqs_managed_sse_enabled": true,
            "tags": {
              "Environment": "production",
              "ManagedBy": "terraform",
              "Name": "huntaze-rate-limiter-dlq",
              "Purpose": "DLQ for OnlyFans rate limiter"
            },
            "tags_all": {
              "Environment": "production",
              "ManagedBy": "terraform",
              "Name": "huntaze-rate-limiter-dlq",
              "Purpose": "DLQ for OnlyFans rate limiter"
            },
            "timeouts": null,
            "url": "https://sqs.us-east-1.amazonaws.com/317805897534/huntaze-rate-limiter-queue-dlq",
            "visibility_timeout_seconds": 30
          },
          "sensitive_attributes": [],
          "private": "eyJlMmJmYjczMC1lY2FhLTExZTYtOGY4OC0zNDM2M2JjN2M0YzAiOnsiY3JlYXRlIjoxODAwMDAwMDAwMDAsImRlbGV0ZSI6MTgwMDAwMDAwMDAwLCJ1cGRhdGUiOjE4MDAwMDAwMDAwMH19"
        }
      ]
    },
    {
      "mode": "managed",
      "type": "aws_vpc_endpoint",
      "name": "s3",
      "provider": "provider[\"registry.terraform.io/hashicorp/aws\"]",
      "instances": [
        {
          "schema_version": 0,
          "attributes": {
            "arn": "arn:aws:ec2:us-east-1:317805897534:vpc-endpoint/vpce-0a5540c716e3d4a13",
            "auto_accept": null,
            "cidr_blocks": [
              "16.15.176.0/20",
              "16.182.0.0/16",
              "18.34.0.0/19",
              "52.216.0.0/15",
              "54.231.0.0/16",
              "3.5.0.0/19",
              "18.34.232.0/21",
              "16.15.192.0/18"
            ],
            "dns_entry": [],
            "dns_options": [
              {
                "dns_record_ip_type": "service-defined",
                "private_dns_only_for_inbound_resolver_endpoint": false
              }
            ],
            "id": "vpce-0a5540c716e3d4a13",
            "ip_address_type": "ipv4",
            "network_interface_ids": [],
            "owner_id": "317805897534",
            "policy": "{\"Statement\":[{\"Action\":[\"s3:GetObject\",\"s3:PutObject\",\"s3:ListBucket\"],\"Effect\":\"Allow\",\"Principal\":{\"AWS\":\"*\"},\"Resource\":[]}],\"Version\":\"2012-10-17\"}",
            "prefix_list_id": "pl-63a5400a",
            "private_dns_enabled": false,
            "region": "us-east-1",
            "requester_managed": false,
            "resource_configuration_arn": "",
            "route_table_ids": [],
            "security_group_ids": [],
            "service_name": "com.amazonaws.us-east-1.s3",
            "service_network_arn": "",
            "service_region": "us-east-1",
            "state": "available",
            "subnet_configuration": [],
            "subnet_ids": [],
            "tags": {
              "Environment": "production",
              "ManagedBy": "terraform",
              "Name": "huntaze-s3-vpc-endpoint",
              "Purpose": "Private S3 access"
            },
            "tags_all": {
              "Environment": "production",
              "ManagedBy": "terraform",
              "Name": "huntaze-s3-vpc-endpoint",
              "Purpose": "Private S3 access"
            },
            "timeouts": null,
            "vpc_endpoint_type": "Gateway",
            "vpc_id": "vpc-033be7e71ec9548d2"
          },
          "sensitive_attributes": [],
          "private": "eyJlMmJmYjczMC1lY2FhLTExZTYtOGY4OC0zNDM2M2JjN2M0YzAiOnsiY3JlYXRlIjo2MDAwMDAwMDAwMDAsImRlbGV0ZSI6NjAwMDAwMDAwMDAwLCJ1cGRhdGUiOjYwMDAwMDAwMDAwMH19",
          "dependencies": [
            "data.aws_route_tables.private",
            "data.aws_vpc.main"
          ]
        }
      ]
    },
    {
      "mode": "managed",
      "type": "aws_vpc_endpoint_policy",
      "name": "dynamodb",
      "provider": "provider[\"registry.terraform.io/hashicorp/aws\"]",
      "instances": []
    },
    {
      "mode": "managed",
      "type": "aws_vpc_endpoint_policy",
      "name": "s3",
      "provider": "provider[\"registry.terraform.io/hashicorp/aws\"]",
      "instances": [
        {
          "schema_version": 0,
          "attributes": {
            "id": "vpce-0a5540c716e3d4a13",
            "policy": "{\"Statement\":[{\"Action\":[\"s3:GetObject\",\"s3:PutObject\",\"s3:ListBucket\",\"s3:DeleteObject\"],\"Effect\":\"Allow\",\"Principal\":\"*\",\"Resource\":[\"arn:aws:s3:::huntaze-*\",\"arn:aws:s3:::huntaze-*/*\"]}],\"Version\":\"2012-10-17\"}",
            "region": "us-east-1",
            "timeouts": null,
            "vpc_endpoint_id": "vpce-0a5540c716e3d4a13"
          },
          "sensitive_attributes": [],
          "private": "eyJlMmJmYjczMC1lY2FhLTExZTYtOGY4OC0zNDM2M2JjN2M0YzAiOnsiY3JlYXRlIjo2MDAwMDAwMDAwMDAsImRlbGV0ZSI6NjAwMDAwMDAwMDAwfX0=",
          "dependencies": [
            "aws_vpc_endpoint.s3"
          ]
        }
      ]
    },
    {
      "mode": "managed",
      "type": "null_resource",
      "name": "enable_container_insights_account_default",
      "provider": "provider[\"registry.terraform.io/hashicorp/null\"]",
      "instances": [
        {
          "schema_version": 0,
          "attributes": {
            "id": "8295025634236591085",
            "triggers": {
              "always_run": "2025-10-29T17:08:30Z"
            }
          },
          "sensitive_attributes": []
        }
      ]
    },
    {
      "mode": "managed",
      "type": "null_resource",
      "name": "enable_container_insights_ai_team",
      "provider": "provider[\"registry.terraform.io/hashicorp/null\"]",
      "instances": [
        {
          "schema_version": 0,
          "attributes": {
            "id": "5203325712433797207",
            "triggers": {
              "cluster_arn": "arn:aws:ecs:us-east-1:317805897534:cluster/ai-team"
            }
          },
          "sensitive_attributes": [],
          "dependencies": [
            "data.aws_ecs_cluster.ai_team"
          ]
        }
      ]
    },
    {
      "mode": "managed",
      "type": "null_resource",
      "name": "enable_container_insights_huntaze_cluster",
      "provider": "provider[\"registry.terraform.io/hashicorp/null\"]",
      "instances": [
        {
          "schema_version": 0,
          "attributes": {
            "id": "7335554963677892048",
            "triggers": {
              "cluster_arn": "arn:aws:ecs:us-east-1:317805897534:cluster/huntaze-cluster"
            }
          },
          "sensitive_attributes": [],
          "dependencies": [
            "data.aws_ecs_cluster.huntaze_cluster"
          ]
        }
      ]
    },
    {
      "mode": "managed",
      "type": "null_resource",
      "name": "enable_container_insights_huntaze_of_fargate",
      "provider": "provider[\"registry.terraform.io/hashicorp/null\"]",
      "instances": [
        {
          "schema_version": 0,
          "attributes": {
            "id": "6579835552048082799",
            "triggers": {
              "cluster_arn": "arn:aws:ecs:us-east-1:317805897534:cluster/huntaze-of-fargate"
            }
          },
          "sensitive_attributes": [],
          "dependencies": [
            "data.aws_ecs_cluster.huntaze_of_fargate"
          ]
        }
      ]
    }
  ],
  "check_results": null
}
