{
  "version": 4,
  "terraform_version": "1.5.7",
  "serial": 37,
  "lineage": "b62de4d9-e39a-ebe2-9b4b-11c71599299a",
  "outputs": {},
  "resources": [
    {
      "mode": "data",
      "type": "aws_iam_policy_document",
      "name": "events_assume",
      "provider": "provider[\"registry.terraform.io/hashicorp/aws\"]",
      "instances": [
        {
          "schema_version": 0,
          "attributes": {
            "id": "4002480605",
            "json": "{\n  \"Version\": \"2012-10-17\",\n  \"Statement\": [\n    {\n      \"Effect\": \"Allow\",\n      \"Action\": \"sts:AssumeRole\",\n      \"Principal\": {\n        \"Service\": [\n          \"scheduler.amazonaws.com\",\n          \"events.amazonaws.com\"\n        ]\n      }\n    }\n  ]\n}",
            "minified_json": "{\"Version\":\"2012-10-17\",\"Statement\":[{\"Effect\":\"Allow\",\"Action\":\"sts:AssumeRole\",\"Principal\":{\"Service\":[\"scheduler.amazonaws.com\",\"events.amazonaws.com\"]}}]}",
            "override_json": null,
            "override_policy_documents": null,
            "policy_id": null,
            "source_json": null,
            "source_policy_documents": null,
            "statement": [
              {
                "actions": [
                  "sts:AssumeRole"
                ],
                "condition": [],
                "effect": "Allow",
                "not_actions": [],
                "not_principals": [],
                "not_resources": [],
                "principals": [
                  {
                    "identifiers": [
                      "events.amazonaws.com",
                      "scheduler.amazonaws.com"
                    ],
                    "type": "Service"
                  }
                ],
                "resources": [],
                "sid": ""
              }
            ],
            "version": "2012-10-17"
          },
          "sensitive_attributes": []
        }
      ]
    },
    {
      "mode": "data",
      "type": "aws_secretsmanager_secret",
      "name": "azure_openai",
      "provider": "provider[\"registry.terraform.io/hashicorp/aws\"]",
      "instances": [
        {
          "schema_version": 0,
          "attributes": {
            "arn": "arn:aws:secretsmanager:eu-west-1:317805897534:secret:ai-team/azure-openai-pHoIgW",
            "created_date": "2025-10-17T17:19:09Z",
            "description": "",
            "id": "arn:aws:secretsmanager:eu-west-1:317805897534:secret:ai-team/azure-openai-pHoIgW",
            "kms_key_id": "",
            "last_changed_date": "2025-10-17T17:19:09Z",
            "name": "ai-team/azure-openai",
            "policy": "",
            "region": "eu-west-1",
            "tags": {}
          },
          "sensitive_attributes": []
        }
      ]
    },
    {
      "mode": "data",
      "type": "aws_secretsmanager_secret",
      "name": "database_url",
      "provider": "provider[\"registry.terraform.io/hashicorp/aws\"]",
      "instances": [
        {
          "schema_version": 0,
          "attributes": {
            "arn": "arn:aws:secretsmanager:eu-west-1:317805897534:secret:ai-team/database-url-eg9TDp",
            "created_date": "2025-10-17T17:08:46Z",
            "description": "",
            "id": "arn:aws:secretsmanager:eu-west-1:317805897534:secret:ai-team/database-url-eg9TDp",
            "kms_key_id": "",
            "last_changed_date": "2025-10-17T17:17:51Z",
            "name": "ai-team/database-url",
            "policy": "",
            "region": "eu-west-1",
            "tags": {}
          },
          "sensitive_attributes": []
        }
      ]
    },
    {
      "mode": "managed",
      "type": "aws_cloudwatch_event_rule",
      "name": "ai_insights_ready",
      "provider": "provider[\"registry.terraform.io/hashicorp/aws\"]",
      "instances": [
        {
          "schema_version": 1,
          "attributes": {
            "arn": "arn:aws:events:eu-west-1:317805897534:rule/ai-insights-ready",
            "description": "Run summarizer on AI_INSIGHTS_READY or CONTENT_READY",
            "event_bus_name": "default",
            "event_pattern": "{\"detail-type\":[\"AI_INSIGHTS_READY\",\"CONTENT_READY\"],\"source\":[\"app.ai-team\"]}",
            "force_destroy": false,
            "id": "ai-insights-ready",
            "is_enabled": true,
            "name": "ai-insights-ready",
            "name_prefix": "",
            "region": "eu-west-1",
            "role_arn": "",
            "schedule_expression": "",
            "state": "ENABLED",
            "tags": {},
            "tags_all": {}
          },
          "sensitive_attributes": [],
          "private": "eyJzY2hlbWFfdmVyc2lvbiI6IjEifQ=="
        }
      ]
    },
    {
      "mode": "managed",
      "type": "aws_cloudwatch_event_target",
      "name": "summarizer_target",
      "provider": "provider[\"registry.terraform.io/hashicorp/aws\"]",
      "instances": [
        {
          "schema_version": 1,
          "attributes": {
            "appsync_target": [],
            "arn": "arn:aws:ecs:eu-west-1:317805897534:cluster/ai-team",
            "batch_target": [],
            "dead_letter_config": [
              {
                "arn": "arn:aws:sqs:eu-west-1:317805897534:ai-team-eventbridge-dlq"
              }
            ],
            "ecs_target": [
              {
                "capacity_provider_strategy": [],
                "enable_ecs_managed_tags": false,
                "enable_execute_command": false,
                "group": "",
                "launch_type": "FARGATE",
                "network_configuration": [
                  {
                    "assign_public_ip": true,
                    "security_groups": [
                      "sg-01655f4a9e0f01658"
                    ],
                    "subnets": [
                      "subnet-062238269911cdbff",
                      "subnet-0640dd789dd9f24e5",
                      "subnet-0f6f92586aa08cf92"
                    ]
                  }
                ],
                "ordered_placement_strategy": [],
                "placement_constraint": [],
                "platform_version": "LATEST",
                "propagate_tags": "",
                "tags": {},
                "task_count": 1,
                "task_definition_arn": "arn:aws:ecs:eu-west-1:317805897534:task-definition/ai-summarizer:4"
              }
            ],
            "event_bus_name": "default",
            "force_destroy": false,
            "http_target": [],
            "id": "ai-insights-ready-ecs-run-summarizer",
            "input": "",
            "input_path": "",
            "input_transformer": [],
            "kinesis_target": [],
            "redshift_target": [],
            "region": "eu-west-1",
            "retry_policy": [
              {
                "maximum_event_age_in_seconds": 3600,
                "maximum_retry_attempts": 3
              }
            ],
            "role_arn": "arn:aws:iam::317805897534:role/events-to-ecs-role",
            "rule": "ai-insights-ready",
            "run_command_targets": [],
            "sagemaker_pipeline_target": [],
            "sqs_target": [],
            "target_id": "ecs-run-summarizer"
          },
          "sensitive_attributes": [],
          "private": "eyJzY2hlbWFfdmVyc2lvbiI6IjEifQ==",
          "dependencies": [
            "aws_cloudwatch_event_rule.ai_insights_ready",
            "aws_cloudwatch_log_group.summarizer",
            "aws_ecs_cluster.ai",
            "aws_ecs_task_definition.summarizer",
            "aws_iam_role.events_to_ecs",
            "aws_iam_role.task_execution",
            "aws_iam_role.task_role",
            "aws_sqs_queue.eb_dlq",
            "data.aws_iam_policy_document.events_assume",
            "data.aws_secretsmanager_secret.azure_openai",
            "data.aws_secretsmanager_secret.database_url"
          ]
        }
      ]
    },
    {
      "mode": "managed",
      "type": "aws_cloudwatch_log_group",
      "name": "summarizer",
      "provider": "provider[\"registry.terraform.io/hashicorp/aws\"]",
      "instances": [
        {
          "schema_version": 0,
          "attributes": {
            "arn": "arn:aws:logs:eu-west-1:317805897534:log-group:/ecs/ai-summarizer",
            "id": "/ecs/ai-summarizer",
            "kms_key_id": "",
            "log_group_class": "STANDARD",
            "name": "/ecs/ai-summarizer",
            "name_prefix": "",
            "region": "eu-west-1",
            "retention_in_days": 14,
            "skip_destroy": false,
            "tags": {},
            "tags_all": {}
          },
          "sensitive_attributes": [],
          "private": "bnVsbA=="
        }
      ]
    },
    {
      "mode": "managed",
      "type": "aws_ecs_cluster",
      "name": "ai",
      "provider": "provider[\"registry.terraform.io/hashicorp/aws\"]",
      "instances": [
        {
          "schema_version": 0,
          "attributes": {
            "arn": "arn:aws:ecs:eu-west-1:317805897534:cluster/ai-team",
            "configuration": [],
            "id": "arn:aws:ecs:eu-west-1:317805897534:cluster/ai-team",
            "name": "ai-team",
            "region": "eu-west-1",
            "service_connect_defaults": [],
            "setting": [
              {
                "name": "containerInsights",
                "value": "disabled"
              }
            ],
            "tags": {},
            "tags_all": {}
          },
          "sensitive_attributes": [],
          "private": "bnVsbA=="
        }
      ]
    },
    {
      "mode": "managed",
      "type": "aws_ecs_task_definition",
      "name": "summarizer",
      "provider": "provider[\"registry.terraform.io/hashicorp/aws\"]",
      "instances": [
        {
          "schema_version": 1,
          "attributes": {
            "arn": "arn:aws:ecs:eu-west-1:317805897534:task-definition/ai-summarizer:4",
            "arn_without_revision": "arn:aws:ecs:eu-west-1:317805897534:task-definition/ai-summarizer",
            "container_definitions": "[{\"command\":[\"node\",\"dist/run-summarizer.js\"],\"environment\":[{\"name\":\"LLM_PROVIDER\",\"value\":\"azure\"}],\"essential\":true,\"image\":\"317805897534.dkr.ecr.eu-west-1.amazonaws.com/ai-team/summarizer:732b016d4\",\"logConfiguration\":{\"logDriver\":\"awslogs\",\"options\":{\"awslogs-group\":\"/ecs/ai-summarizer\",\"awslogs-region\":\"eu-west-1\",\"awslogs-stream-prefix\":\"ecs\"}},\"mountPoints\":[],\"name\":\"summarizer\",\"portMappings\":[],\"secrets\":[{\"name\":\"AZURE_OPENAI_API_KEY\",\"valueFrom\":\"arn:aws:secretsmanager:eu-west-1:317805897534:secret:ai-team/azure-openai-pHoIgW:AZURE_OPENAI_API_KEY::\"},{\"name\":\"AZURE_OPENAI_API_VERSION\",\"valueFrom\":\"arn:aws:secretsmanager:eu-west-1:317805897534:secret:ai-team/azure-openai-pHoIgW:AZURE_OPENAI_API_VERSION::\"},{\"name\":\"AZURE_OPENAI_DEPLOYMENT\",\"valueFrom\":\"arn:aws:secretsmanager:eu-west-1:317805897534:secret:ai-team/azure-openai-pHoIgW:AZURE_OPENAI_DEPLOYMENT::\"},{\"name\":\"AZURE_OPENAI_ENDPOINT\",\"valueFrom\":\"arn:aws:secretsmanager:eu-west-1:317805897534:secret:ai-team/azure-openai-pHoIgW:AZURE_OPENAI_ENDPOINT::\"},{\"name\":\"DATABASE_URL\",\"valueFrom\":\"arn:aws:secretsmanager:eu-west-1:317805897534:secret:ai-team/database-url-eg9TDp\"}],\"systemControls\":[],\"volumesFrom\":[]}]",
            "cpu": "512",
            "enable_fault_injection": false,
            "ephemeral_storage": [],
            "execution_role_arn": "arn:aws:iam::317805897534:role/ecsTaskExecutionRole-ai-summarizer",
            "family": "ai-summarizer",
            "id": "ai-summarizer",
            "ipc_mode": "",
            "memory": "1024",
            "network_mode": "awsvpc",
            "pid_mode": "",
            "placement_constraints": [],
            "proxy_configuration": [],
            "region": "eu-west-1",
            "requires_compatibilities": [
              "FARGATE"
            ],
            "revision": 4,
            "runtime_platform": [],
            "skip_destroy": false,
            "tags": {},
            "tags_all": {},
            "task_role_arn": "arn:aws:iam::317805897534:role/ecsTaskRole-ai-summarizer",
            "track_latest": false,
            "volume": []
          },
          "sensitive_attributes": [],
          "private": "eyJzY2hlbWFfdmVyc2lvbiI6IjEifQ==",
          "dependencies": [
            "aws_cloudwatch_log_group.summarizer",
            "aws_iam_role.task_execution",
            "aws_iam_role.task_role",
            "data.aws_secretsmanager_secret.azure_openai",
            "data.aws_secretsmanager_secret.database_url"
          ]
        }
      ]
    },
    {
      "mode": "managed",
      "type": "aws_iam_role",
      "name": "events_to_ecs",
      "provider": "provider[\"registry.terraform.io/hashicorp/aws\"]",
      "instances": [
        {
          "schema_version": 0,
          "attributes": {
            "arn": "arn:aws:iam::317805897534:role/events-to-ecs-role",
            "assume_role_policy": "{\"Statement\":[{\"Action\":\"sts:AssumeRole\",\"Effect\":\"Allow\",\"Principal\":{\"Service\":[\"scheduler.amazonaws.com\",\"events.amazonaws.com\"]}}],\"Version\":\"2012-10-17\"}",
            "create_date": "2025-10-17T16:12:29Z",
            "description": "",
            "force_detach_policies": false,
            "id": "events-to-ecs-role",
            "inline_policy": [
              {
                "name": "terraform-20251017161407414700000001",
                "policy": "{\"Version\":\"2012-10-17\",\"Statement\":[{\"Action\":[\"ecs:RunTask\"],\"Effect\":\"Allow\",\"Resource\":[\"arn:aws:ecs:eu-west-1:317805897534:task-definition/ai-summarizer:4\"]},{\"Action\":[\"iam:PassRole\"],\"Effect\":\"Allow\",\"Resource\":[\"arn:aws:iam::317805897534:role/ecsTaskExecutionRole-ai-summarizer\",\"arn:aws:iam::317805897534:role/ecsTaskRole-ai-summarizer\"]}]}"
              }
            ],
            "managed_policy_arns": [],
            "max_session_duration": 3600,
            "name": "events-to-ecs-role",
            "name_prefix": "",
            "path": "/",
            "permissions_boundary": "",
            "tags": {},
            "tags_all": {},
            "unique_id": "AROAUT7VVE47AOHWRPGUO"
          },
          "sensitive_attributes": [],
          "private": "bnVsbA==",
          "dependencies": [
            "data.aws_iam_policy_document.events_assume"
          ]
        }
      ]
    },
    {
      "mode": "managed",
      "type": "aws_iam_role",
      "name": "task_execution",
      "provider": "provider[\"registry.terraform.io/hashicorp/aws\"]",
      "instances": [
        {
          "schema_version": 0,
          "attributes": {
            "arn": "arn:aws:iam::317805897534:role/ecsTaskExecutionRole-ai-summarizer",
            "assume_role_policy": "{\"Statement\":[{\"Action\":\"sts:AssumeRole\",\"Effect\":\"Allow\",\"Principal\":{\"Service\":\"ecs-tasks.amazonaws.com\"}}],\"Version\":\"2012-10-17\"}",
            "create_date": "2025-10-17T16:14:05Z",
            "description": "",
            "force_detach_policies": false,
            "id": "ecsTaskExecutionRole-ai-summarizer",
            "inline_policy": [],
            "managed_policy_arns": [
              "arn:aws:iam::aws:policy/service-role/AmazonECSTaskExecutionRolePolicy"
            ],
            "max_session_duration": 3600,
            "name": "ecsTaskExecutionRole-ai-summarizer",
            "name_prefix": "",
            "path": "/",
            "permissions_boundary": "",
            "tags": {},
            "tags_all": {},
            "unique_id": "AROAUT7VVE47IHRKCKYLK"
          },
          "sensitive_attributes": [],
          "private": "bnVsbA=="
        }
      ]
    },
    {
      "mode": "managed",
      "type": "aws_iam_role",
      "name": "task_role",
      "provider": "provider[\"registry.terraform.io/hashicorp/aws\"]",
      "instances": [
        {
          "schema_version": 0,
          "attributes": {
            "arn": "arn:aws:iam::317805897534:role/ecsTaskRole-ai-summarizer",
            "assume_role_policy": "{\"Statement\":[{\"Action\":\"sts:AssumeRole\",\"Effect\":\"Allow\",\"Principal\":{\"Service\":\"ecs-tasks.amazonaws.com\"}}],\"Version\":\"2012-10-17\"}",
            "create_date": "2025-10-17T16:14:06Z",
            "description": "",
            "force_detach_policies": false,
            "id": "ecsTaskRole-ai-summarizer",
            "inline_policy": [],
            "managed_policy_arns": [],
            "max_session_duration": 3600,
            "name": "ecsTaskRole-ai-summarizer",
            "name_prefix": "",
            "path": "/",
            "permissions_boundary": "",
            "tags": {},
            "tags_all": {},
            "unique_id": "AROAUT7VVE47P2YZTSRQR"
          },
          "sensitive_attributes": [],
          "private": "bnVsbA==",
          "dependencies": [
            "aws_iam_role.task_execution"
          ]
        }
      ]
    },
    {
      "mode": "managed",
      "type": "aws_iam_role_policy",
      "name": "events_to_ecs_policy",
      "provider": "provider[\"registry.terraform.io/hashicorp/aws\"]",
      "instances": [
        {
          "schema_version": 0,
          "attributes": {
            "id": "events-to-ecs-role:terraform-20251017161407414700000001",
            "name": "terraform-20251017161407414700000001",
            "name_prefix": "terraform-",
            "policy": "{\"Version\":\"2012-10-17\",\"Statement\":[{\"Action\":[\"ecs:RunTask\"],\"Effect\":\"Allow\",\"Resource\":[\"arn:aws:ecs:eu-west-1:317805897534:task-definition/ai-summarizer:4\"]},{\"Action\":[\"iam:PassRole\"],\"Effect\":\"Allow\",\"Resource\":[\"arn:aws:iam::317805897534:role/ecsTaskExecutionRole-ai-summarizer\",\"arn:aws:iam::317805897534:role/ecsTaskRole-ai-summarizer\"]}]}",
            "role": "events-to-ecs-role"
          },
          "sensitive_attributes": [],
          "private": "bnVsbA==",
          "dependencies": [
            "aws_cloudwatch_log_group.summarizer",
            "aws_ecs_task_definition.summarizer",
            "aws_iam_role.events_to_ecs",
            "aws_iam_role.task_execution",
            "aws_iam_role.task_role",
            "data.aws_iam_policy_document.events_assume",
            "data.aws_secretsmanager_secret.azure_openai",
            "data.aws_secretsmanager_secret.database_url"
          ]
        }
      ]
    },
    {
      "mode": "managed",
      "type": "aws_iam_role_policy_attachment",
      "name": "exec_logs",
      "provider": "provider[\"registry.terraform.io/hashicorp/aws\"]",
      "instances": [
        {
          "schema_version": 0,
          "attributes": {
            "id": "ecsTaskExecutionRole-ai-summarizer/arn:aws:iam::aws:policy/service-role/AmazonECSTaskExecutionRolePolicy",
            "policy_arn": "arn:aws:iam::aws:policy/service-role/AmazonECSTaskExecutionRolePolicy",
            "role": "ecsTaskExecutionRole-ai-summarizer"
          },
          "sensitive_attributes": [],
          "private": "bnVsbA==",
          "dependencies": [
            "aws_iam_role.task_execution"
          ]
        }
      ]
    },
    {
      "mode": "managed",
      "type": "aws_scheduler_schedule",
      "name": "summarizer_cron",
      "provider": "provider[\"registry.terraform.io/hashicorp/aws\"]",
      "instances": [
        {
          "schema_version": 0,
          "attributes": {
            "action_after_completion": "NONE",
            "arn": "arn:aws:scheduler:eu-west-1:317805897534:schedule/default/ai-summarizer-every-15min",
            "description": "",
            "end_date": "",
            "flexible_time_window": [
              {
                "maximum_window_in_minutes": 0,
                "mode": "OFF"
              }
            ],
            "group_name": "default",
            "id": "default/ai-summarizer-every-15min",
            "kms_key_arn": "",
            "name": "ai-summarizer-every-15min",
            "name_prefix": "",
            "region": "eu-west-1",
            "schedule_expression": "cron(0/15 * * * ? *)",
            "schedule_expression_timezone": "Europe/Paris",
            "start_date": "",
            "state": "ENABLED",
            "target": [
              {
                "arn": "arn:aws:ecs:eu-west-1:317805897534:cluster/ai-team",
                "dead_letter_config": [
                  {
                    "arn": "arn:aws:sqs:eu-west-1:317805897534:ai-team-eventbridge-dlq"
                  }
                ],
                "ecs_parameters": [
                  {
                    "capacity_provider_strategy": [],
                    "enable_ecs_managed_tags": false,
                    "enable_execute_command": false,
                    "group": "",
                    "launch_type": "FARGATE",
                    "network_configuration": [
                      {
                        "assign_public_ip": true,
                        "security_groups": [
                          "sg-01655f4a9e0f01658"
                        ],
                        "subnets": [
                          "subnet-062238269911cdbff",
                          "subnet-0640dd789dd9f24e5",
                          "subnet-0f6f92586aa08cf92"
                        ]
                      }
                    ],
                    "placement_constraints": [],
                    "placement_strategy": [],
                    "platform_version": "LATEST",
                    "propagate_tags": "",
                    "reference_id": "",
                    "tags": {},
                    "task_count": 1,
                    "task_definition_arn": "arn:aws:ecs:eu-west-1:317805897534:task-definition/ai-summarizer:4"
                  }
                ],
                "eventbridge_parameters": [],
                "input": "",
                "kinesis_parameters": [],
                "retry_policy": [
                  {
                    "maximum_event_age_in_seconds": 3600,
                    "maximum_retry_attempts": 3
                  }
                ],
                "role_arn": "arn:aws:iam::317805897534:role/events-to-ecs-role",
                "sagemaker_pipeline_parameters": [],
                "sqs_parameters": []
              }
            ]
          },
          "sensitive_attributes": [],
          "private": "bnVsbA==",
          "dependencies": [
            "aws_cloudwatch_log_group.summarizer",
            "aws_ecs_cluster.ai",
            "aws_ecs_task_definition.summarizer",
            "aws_iam_role.events_to_ecs",
            "aws_iam_role.task_execution",
            "aws_iam_role.task_role",
            "aws_sqs_queue.eb_dlq",
            "data.aws_iam_policy_document.events_assume",
            "data.aws_secretsmanager_secret.azure_openai",
            "data.aws_secretsmanager_secret.database_url"
          ]
        }
      ]
    },
    {
      "mode": "managed",
      "type": "aws_sqs_queue",
      "name": "eb_dlq",
      "provider": "provider[\"registry.terraform.io/hashicorp/aws\"]",
      "instances": [
        {
          "schema_version": 0,
          "attributes": {
            "arn": "arn:aws:sqs:eu-west-1:317805897534:ai-team-eventbridge-dlq",
            "content_based_deduplication": false,
            "deduplication_scope": "",
            "delay_seconds": 0,
            "fifo_queue": false,
            "fifo_throughput_limit": "",
            "id": "https://sqs.eu-west-1.amazonaws.com/317805897534/ai-team-eventbridge-dlq",
            "kms_data_key_reuse_period_seconds": 300,
            "kms_master_key_id": "",
            "max_message_size": 262144,
            "message_retention_seconds": 1209600,
            "name": "ai-team-eventbridge-dlq",
            "name_prefix": "",
            "policy": "",
            "receive_wait_time_seconds": 0,
            "redrive_allow_policy": "",
            "redrive_policy": "",
            "region": "eu-west-1",
            "sqs_managed_sse_enabled": true,
            "tags": {},
            "tags_all": {},
            "timeouts": null,
            "url": "https://sqs.eu-west-1.amazonaws.com/317805897534/ai-team-eventbridge-dlq",
            "visibility_timeout_seconds": 30
          },
          "sensitive_attributes": [],
          "private": "eyJlMmJmYjczMC1lY2FhLTExZTYtOGY4OC0zNDM2M2JjN2M0YzAiOnsiY3JlYXRlIjoxODAwMDAwMDAwMDAsImRlbGV0ZSI6MTgwMDAwMDAwMDAwLCJ1cGRhdGUiOjE4MDAwMDAwMDAwMH19"
        }
      ]
    }
  ],
  "check_results": null
}
